Microsoft Visual Studio Solution File, Format Version 12.00
# Visual Studio 2013
Project("{8BC9CEB8-8B4A-11D0-8D11-00A0C91BC942}") = "TKService", "TKService.vcxproj", "{ED45F378-100B-09A7-1660-87B89B68D9D2}"
EndProject
Project("{8BC9CEB8-8B4A-11D0-8D11-00A0C91BC942}") = "TKV3d", "TKV3d.vcxproj", "{B4A9CD8F-08DD-183D-0AF2-9099453E9654}"
	ProjectSection(ProjectDependencies) = postProject
		{ED45F378-100B-09A7-1660-87B89B68D9D2} = {ED45F378-100B-09A7-1660-87B89B68D9D2}
	EndProjectSection
EndProject
Project("{8BC9CEB8-8B4A-11D0-8D11-00A0C91BC942}") = "TKOpenGl", "TKOpenGl.vcxproj", "{FF9001B4-1351-08C9-0538-532D6FCC0661}"
	ProjectSection(ProjectDependencies) = postProject
		{ED45F378-100B-09A7-1660-87B89B68D9D2} = {ED45F378-100B-09A7-1660-87B89B68D9D2}
		{B4A9CD8F-08DD-183D-0AF2-9099453E9654} = {B4A9CD8F-08DD-183D-0AF2-9099453E9654}
	EndProjectSection
EndProject
Project("{8BC9CEB8-8B4A-11D0-8D11-00A0C91BC942}") = "TKMeshVS", "TKMeshVS.vcxproj", "{B6E6E56F-129D-1821-0BBB-51341C342C61}"
	ProjectSection(ProjectDependencies) = postProject
		{B4A9CD8F-08DD-183D-0AF2-9099453E9654} = {B4A9CD8F-08DD-183D-0AF2-9099453E9654}
		{ED45F378-100B-09A7-1660-87B89B68D9D2} = {ED45F378-100B-09A7-1660-87B89B68D9D2}
	EndProjectSection
EndProject
Project("{8BC9CEB8-8B4A-11D0-8D11-00A0C91BC942}") = "TKIVtk", "TKIVtk.vcxproj", "{4DA8E5F8-1368-10E3-0534-A0D6A76C70D4}"
	ProjectSection(ProjectDependencies) = postProject
		{ED45F378-100B-09A7-1660-87B89B68D9D2} = {ED45F378-100B-09A7-1660-87B89B68D9D2}
		{B4A9CD8F-08DD-183D-0AF2-9099453E9654} = {B4A9CD8F-08DD-183D-0AF2-9099453E9654}
	EndProjectSection
EndProject
Project("{8BC9CEB8-8B4A-11D0-8D11-00A0C91BC942}") = "TKD3DHost", "TKD3DHost.vcxproj", "{636F8A32-02AE-0218-0F19-4C878855FB1A}"
	ProjectSection(ProjectDependencies) = postProject
		{ED45F378-100B-09A7-1660-87B89B68D9D2} = {ED45F378-100B-09A7-1660-87B89B68D9D2}
		{B4A9CD8F-08DD-183D-0AF2-9099453E9654} = {B4A9CD8F-08DD-183D-0AF2-9099453E9654}
		{FF9001B4-1351-08C9-0538-532D6FCC0661} = {FF9001B4-1351-08C9-0538-532D6FCC0661}
	EndProjectSection
EndProject
Global
	GlobalSection(SolutionConfigurationPlatforms) = preSolution
		Debug|Win32 = Debug|Win32
		Release|Win32 = Release|Win32
		Debug|x64 = Debug|x64
		Release|x64 = Release|x64
	EndGlobalSection
	GlobalSection(ProjectConfigurationPlatforms) = postSolution
		{ED45F378-100B-09A7-1660-87B89B68D9D2}.Debug|Win32.ActiveCfg = Debug|Win32
		{ED45F378-100B-09A7-1660-87B89B68D9D2}.Debug|Win32.Build.0 = Debug|Win32
		{ED45F378-100B-09A7-1660-87B89B68D9D2}.Release|Win32.ActiveCfg = Release|Win32
		{ED45F378-100B-09A7-1660-87B89B68D9D2}.Release|Win32.Build.0 = Release|Win32
		{ED45F378-100B-09A7-1660-87B89B68D9D2}.Debug|x64.ActiveCfg = Debug|x64
		{ED45F378-100B-09A7-1660-87B89B68D9D2}.Debug|x64.Build.0 = Debug|x64
		{ED45F378-100B-09A7-1660-87B89B68D9D2}.Release|x64.ActiveCfg = Release|x64
		{ED45F378-100B-09A7-1660-87B89B68D9D2}.Release|x64.Build.0 = Release|x64
		{B4A9CD8F-08DD-183D-0AF2-9099453E9654}.Debug|Win32.ActiveCfg = Debug|Win32
		{B4A9CD8F-08DD-183D-0AF2-9099453E9654}.Debug|Win32.Build.0 = Debug|Win32
		{B4A9CD8F-08DD-183D-0AF2-9099453E9654}.Release|Win32.ActiveCfg = Release|Win32
		{B4A9CD8F-08DD-183D-0AF2-9099453E9654}.Release|Win32.Build.0 = Release|Win32
		{B4A9CD8F-08DD-183D-0AF2-9099453E9654}.Debug|x64.ActiveCfg = Debug|x64
		{B4A9CD8F-08DD-183D-0AF2-9099453E9654}.Debug|x64.Build.0 = Debug|x64
		{B4A9CD8F-08DD-183D-0AF2-9099453E9654}.Release|x64.ActiveCfg = Release|x64
		{B4A9CD8F-08DD-183D-0AF2-9099453E9654}.Release|x64.Build.0 = Release|x64
		{FF9001B4-1351-08C9-0538-532D6FCC0661}.Debug|Win32.ActiveCfg = Debug|Win32
		{FF9001B4-1351-08C9-0538-532D6FCC0661}.Debug|Win32.Build.0 = Debug|Win32
		{FF9001B4-1351-08C9-0538-532D6FCC0661}.Release|Win32.ActiveCfg = Release|Win32
		{FF9001B4-1351-08C9-0538-532D6FCC0661}.Release|Win32.Build.0 = Release|Win32
		{FF9001B4-1351-08C9-0538-532D6FCC0661}.Debug|x64.ActiveCfg = Debug|x64
		{FF9001B4-1351-08C9-0538-532D6FCC0661}.Debug|x64.Build.0 = Debug|x64
		{FF9001B4-1351-08C9-0538-532D6FCC0661}.Release|x64.ActiveCfg = Release|x64
		{FF9001B4-1351-08C9-0538-532D6FCC0661}.Release|x64.Build.0 = Release|x64
		{B6E6E56F-129D-1821-0BBB-51341C342C61}.Debug|Win32.ActiveCfg = Debug|Win32
		{B6E6E56F-129D-1821-0BBB-51341C342C61}.Debug|Win32.Build.0 = Debug|Win32
		{B6E6E56F-129D-1821-0BBB-51341C342C61}.Release|Win32.ActiveCfg = Release|Win32
		{B6E6E56F-129D-1821-0BBB-51341C342C61}.Release|Win32.Build.0 = Release|Win32
		{B6E6E56F-129D-1821-0BBB-51341C342C61}.Debug|x64.ActiveCfg = Debug|x64
		{B6E6E56F-129D-1821-0BBB-51341C342C61}.Debug|x64.Build.0 = Debug|x64
		{B6E6E56F-129D-1821-0BBB-51341C342C61}.Release|x64.ActiveCfg = Release|x64
		{B6E6E56F-129D-1821-0BBB-51341C342C61}.Release|x64.Build.0 = Release|x64
		{4DA8E5F8-1368-10E3-0534-A0D6A76C70D4}.Debug|Win32.ActiveCfg = Debug|Win32
		{4DA8E5F8-1368-10E3-0534-A0D6A76C70D4}.Debug|Win32.Build.0 = Debug|Win32
		{4DA8E5F8-1368-10E3-0534-A0D6A76C70D4}.Release|Win32.ActiveCfg = Release|Win32
		{4DA8E5F8-1368-10E3-0534-A0D6A76C70D4}.Release|Win32.Build.0 = Release|Win32
		{4DA8E5F8-1368-10E3-0534-A0D6A76C70D4}.Debug|x64.ActiveCfg = Debug|x64
		{4DA8E5F8-1368-10E3-0534-A0D6A76C70D4}.Debug|x64.Build.0 = Debug|x64
		{4DA8E5F8-1368-10E3-0534-A0D6A76C70D4}.Release|x64.ActiveCfg = Release|x64
		{4DA8E5F8-1368-10E3-0534-A0D6A76C70D4}.Release|x64.Build.0 = Release|x64
		{636F8A32-02AE-0218-0F19-4C878855FB1A}.Debug|Win32.ActiveCfg = Debug|Win32
		{636F8A32-02AE-0218-0F19-4C878855FB1A}.Debug|Win32.Build.0 = Debug|Win32
		{636F8A32-02AE-0218-0F19-4C878855FB1A}.Release|Win32.ActiveCfg = Release|Win32
		{636F8A32-02AE-0218-0F19-4C878855FB1A}.Release|Win32.Build.0 = Release|Win32
		{636F8A32-02AE-0218-0F19-4C878855FB1A}.Debug|x64.ActiveCfg = Debug|x64
		{636F8A32-02AE-0218-0F19-4C878855FB1A}.Debug|x64.Build.0 = Debug|x64
		{636F8A32-02AE-0218-0F19-4C878855FB1A}.Release|x64.ActiveCfg = Release|x64
		{636F8A32-02AE-0218-0F19-4C878855FB1A}.Release|x64.Build.0 = Release|x64
	EndGlobalSection
	GlobalSection(SolutionProperties) = preSolution
		HideSolutionNode = FALSE
	EndGlobalSection
EndGlobal
