<?xml version="1.0" encoding="utf-8"?>
<Project ToolsVersion="4.0" xmlns="http://schemas.microsoft.com/developer/msbuild/2003">
  <ItemGroup>
    <Filter Include="Source files">
      <UniqueIdentifier>{DF2CA08E-0728-0222-0898-9D1FFF9FBA5C}</UniqueIdentifier>
    </Filter>
    <Filter Include="Source files\FWOSDriver">
      <UniqueIdentifier>{83F0E673-0FD2-0E7B-17E1-DF2DBD3400E0}</UniqueIdentifier>
    </Filter>
  </ItemGroup>
  <ItemGroup>
    <ClCompile Include="..\..\..\src\FWOSDriver\FWOSDriver.cxx">
      <Filter>Source files\FWOSDriver</Filter>
    </ClCompile>
    <ClCompile Include="..\..\..\src\FWOSDriver\FWOSDriver_DriverFactory.cxx">
      <Filter>Source files\FWOSDriver</Filter>
    </ClCompile>
  </ItemGroup>
  <ItemGroup>
    <ResourceCompile Include="FWOSPlugin.rc" />  </ItemGroup>
</Project>
