// !$*UTF8*$!
{
	archiveVersion = 1;
	classes = {
	};
	objectVersion = 46;
	objects = {

		1306109E19111334137D190A = {isa = PBXBuildFile; fileRef = 0F07116208E605FD116516EF ;};
		110008981183190A06BB0CA3 = {isa = PBXBuildFile; fileRef = 033D197D066903DA0BEF05E8 ;};
		10CB0A3D009F095802BF102D = {isa = PBXBuildFile; fileRef = 101C017C118D0FC7002C0642 ;};
		157D17E918E613B00C1A00BF = {isa = PBXBuildFile; fileRef = 0C7C05600DED0576039D197D ;};
		0B8A038F15190A3A0F580E4C = {isa = PBXBuildFile; fileRef = 10BB021F0ED60C2400F407F6 ;};
		01FF100909FA0764073903F0 = {isa = PBXBuildFile; fileRef = 06670035030612A102EE0EDD ;};
		04230A1A13F01075160D05C9 = {isa = PBXBuildFile; fileRef = 12180311121010CD098F08DE ;};
		0CE312A60CEF0A8A151A0652 = {isa = PBXBuildFile; fileRef = 10BB145513A01886186609A7 ;};
		04CC0C9700CC188413AE0A8A = {isa = PBXBuildFile; fileRef = 051607CB0BD510430A4A0FEA ;};
		0ED01607176A18430AF90BE9 = {isa = PBXBuildFile; fileRef = 183A073B0FBD1016027A015B ;};
		13B0192C03CD039710DD09D9 = {isa = PBXBuildFile; fileRef = 1837006716970A94071A04BB ;};
		17830326087A07D4056710FB = {isa = PBXBuildFile; fileRef = 08DE14160AF016DC07AE0CEE ;};
		16DE11E003680C9312CD10B6 = {isa = PBXBuildFile; fileRef = 046E080A015805E80214024B ;};
		001B152A10E011D207FA038E = {isa = PBXBuildFile; fileRef = 1901139B0797181209D20210 ;};
		02E9048F11FD03A303AD0062 = {isa = PBXBuildFile; fileRef = 078D18770C860EF10E82101D ;};
		148E060811F60C0B05470813 = {isa = PBXBuildFile; fileRef = 09ED02F00EF9036A06AE1048 ;};
		180E0576043B102F01DC0CAB = {isa = PBXBuildFile; fileRef = 164318620A04093C144B11C7 ;};
		016103C005140B83134C0450 = {isa = PBXBuildFile; fileRef = 073803BB0C76079E01050816 ;};
		091E03E409DA0DA5041E16BD = {isa = PBXBuildFile; fileRef = 189610311834071B014A056D ;};
		151215DB17860BD512A1175C = {isa = PBXBuildFile; fileRef = 020B089508F716E812290146 ;};
		053A110E022414DC0E2D191F = {isa = PBXBuildFile; fileRef = 16D516E403650AB0176703A0 ;};
		02890851179003920E870DEF = {isa = PBXBuildFile; fileRef = 0D4D14050567108901CC153B ;};
		07DC023613BF18DA0BB307C0 = {isa = PBXBuildFile; fileRef = 064608F60F25065F090C0D5B ;};
		018017EE18EC03950C450478 = {isa = PBXBuildFile; fileRef = 10A519531689186B03AA0AC5 ;};
		07630F1F08A808E20D050034 = {isa = PBXBuildFile; fileRef = 06160E84149E07750E16164B ;};
		121310F908B816761108141D = {isa = PBXBuildFile; fileRef = 0813026312650FD50286022A ;};
		04AF037F094900C10A7601E0 = {isa = PBXBuildFile; fileRef = 1962164C118E0CBB16C80056 ;};
		0702080C0BA8032506BA0096 = {isa = PBXBuildFile; fileRef = 0D52142F05E600860E15013B ;};
		051D0F260BFA022716AD12CB = {isa = PBXBuildFile; fileRef = 17A50108077601D40D1006AD ;};
		0D4A12DE133F12AD08101151 = {isa = PBXBuildFile; fileRef = 0B96150907230E88193E0B0E ;};
		17590EA80071129D155813AB = {isa = PBXBuildFile; fileRef = 036C184C06CA0CD30EDB15DD ;};
		09A40D9308980E86168616CE = {isa = PBXBuildFile; fileRef = 0A31088102BD188C18A010DE ;};
		09460ABE08EF0DBC0B371547 = {isa = PBXBuildFile; fileRef = 104F134305011419091A1496 ;};
		06530E0310570EAD099E034F = {isa = PBXBuildFile; fileRef = 113A0C9504200FCF13E514C7 ;};
		13B1175F000802890284184B = {isa = PBXBuildFile; fileRef = 00900EE7172C162605320835 ;};
		1742106E166D184E0FBB0D3F = {isa = PBXBuildFile; fileRef = 07610FB3190C0E3C1956042F ;};
		0B0001C906B016960D9B146D = {isa = PBXBuildFile; fileRef = 0CF40B950A5E0B4A046810E7 ;};
		04AD01D60343007D09700268 = {isa = PBXBuildFile; fileRef = 15E2090810CE17F510AB1536 ;};
		08E404B7081F153701211657 = {isa = PBXBuildFile; fileRef = 17B00EE4157D0D7408AD0B11 ;};
		0A18067D176906F005080702 = {isa = PBXBuildFile; fileRef = 143E0E7E090C018E0F491080 ;};
		087018C7144404790F240F4E = {isa = PBXBuildFile; fileRef = 15A5192E0C24009203EE0EE1 ;};
		0A1B01F00DE8028313AD0103 = {isa = PBXBuildFile; fileRef = 05271820003803F007D91143 ;};
		188504CA16A615DA024C09E8 = {isa = PBXBuildFile; fileRef = 0EBA1052004A06F505BE0550 ;};
		044900EA05E212EE02E80D9B = {isa = PBXBuildFile; fileRef = 149A11DD12C704CA08A9096D ;};
		038C0BB00A810B0005DD0615 = {isa = PBXBuildFile; fileRef = 18AC0FD210AE0FC70095055B ;};
		014D02A5185B125B06F30789 = {isa = PBXBuildFile; fileRef = 0C2810F80D7D166416890101 ;};
		0A35134D04C90BC80B820228 = {isa = PBXBuildFile; fileRef = 104F00BF005B02DF0A240A16 ;};
		13EE0C16078C09ED04AC0AC3 = {isa = PBXBuildFile; fileRef = 0BC70041033B163D11270E20 ;};
		022E0468028B11EB0B1F0714 = {isa = PBXBuildFile; fileRef = 096D16AB0C5F032117561275 ;};
		0D36109311E2128C0747079D = {isa = PBXBuildFile; fileRef = 171F022F0EC7158E0CA0118D ;};
		11E90E7C0F4907DC1511008C = {isa = PBXBuildFile; fileRef = 02E609FF0E3303910646164D ;};
		06B007B916000F14112C00B4 = {isa = PBXBuildFile; fileRef = 0D1808BE0C22005E047C13F7 ;};
		15970EE207FE0FF4111611F9 = {isa = PBXBuildFile; fileRef = 11C000DB100401F716BC0017 ;};
		012201AF1673065707120B90 = {isa = PBXBuildFile; fileRef = 056C050A039F15AA12450F95 ;};
		10BA099518FC12801183188E = {isa = PBXBuildFile; fileRef = 1073142E0727152B082F0C1E ;};
		159B066A08C614FA15E6123D = {isa = PBXBuildFile; fileRef = 15BC0FBF105311AA15D80883 ;};
		081403B806CB17D01083123A = {isa = PBXBuildFile; fileRef = 0A34113516F80F541258180E ;};
		13BC093B0BB512650508083F = {isa = PBXBuildFile; fileRef = 04FE0E6D0D71117D17A9070B ;};
		0FA517B718620CE20B9F133E = {isa = PBXBuildFile; fileRef = 04180A1502390C301657099C ;};
		132B01D315AB04340DF40AEF = {isa = PBXBuildFile; fileRef = 102B00E710A617DA19391346 ;};
		1517036A030E152114C802ED = {isa = PBXBuildFile; fileRef = 0E6F020B130A110401621905 ;};
		05A2146914B006420A8E0195 = {isa = PBXBuildFile; fileRef = 0318052004F903DD0C6D0B90 ;};
		081809AD19170F9F110D04AA = {isa = PBXBuildFile; fileRef = 0CDD02E608A514BE04B40102 ;};
		0CDF0782032D0F600E89179F = {isa = PBXBuildFile; fileRef = 05E20E851008004D09051103 ;};
		16EC0A18085B151204BA08E5 = {isa = PBXBuildFile; fileRef = 048F16991585133210C218C5 ;};
		11190AA5020611EC0ACA173D = {isa = PBXBuildFile; fileRef = 192A0CF704070FCA07711917 ;};
		0DC1021D141D14CE08930879 = {isa = PBXBuildFile; fileRef = 0B6C045203D919390F35042D ;};
		01FA115D13FC0B8011021232 = {isa = PBXBuildFile; fileRef = 1733180700AC137B17EB1837 ;};
		13E2017301AC00E1147F1588 = {isa = PBXBuildFile; fileRef = 192909D90B42039601A30DAE ;};
		0BAF0C56073418270C3007D8 = {isa = PBXBuildFile; fileRef = 113715A50F8510B00CFD04EB ;};
		14DD0DDC16630B70076F093E = {isa = PBXBuildFile; fileRef = 195B189A090602B410FC1794 ;};
		12F70B1C070D05F204B50367 = {isa = PBXBuildFile; fileRef = 0A0101FE0D510C8A037710E7 ;};
		0B910B2E12A109C7107906D5 = {isa = PBXBuildFile; fileRef = 067613E814C70484071A0E2C ;};
		175C025102740596052D12F2 = {isa = PBXBuildFile; fileRef = 0FB703880642065301A712C1 ;};
		163B047F1678141A072D0039 = {isa = PBXBuildFile; fileRef = 0F6B041E0432074F0BD8193B ;};
		003B0BCA167A04E708430A8F = {isa = PBXBuildFile; fileRef = 13240B1317540B6A0C321443 ;};
		098B000A07FC0A8B1304020C = {isa = PBXBuildFile; fileRef = 14A703F0131809F417801645 ;};
		0C9006C301EA0E0404F30720 = {isa = PBXBuildFile; fileRef = 00840D8B165B0D2E06B60329 ;};
		080B10E6057E0B7215E70A2C = {isa = PBXBuildFile; fileRef = 04C90A2B18C9090402AD0345 ;};
		155F163918CD1086147916BD = {isa = PBXBuildFile; fileRef = 03CD0214159209610A3D18DD ;};
		1178180D0ACC0589088403F8 = {isa = PBXBuildFile; fileRef = 0EE104C20F7C0C6B10E70EFC ;};
		122D0DC60A4D05F40DD51317 = {isa = PBXBuildFile; fileRef = 18330D541805099018970921 ;};
		10C006370C1F1005000904E1 = {isa = PBXBuildFile; fileRef = 13C111A201CF166915FB0F7D ;};
		17B802CD194109160F280D1C = {isa = PBXBuildFile; fileRef = 01FD0D320FA515D306C6068B ;};
		17710B3817020F030AC012A2 = {isa = PBXBuildFile; fileRef = 0908094D1115078318C0117C ;};
		05E7122515A0157410D20F6E = {isa = PBXBuildFile; fileRef = 0E17190A0E040FFA003507A6 ;};
		0042157614A31972042B046E = {isa = PBXBuildFile; fileRef = 07130851138E0527183B1930 ;};
		037A07E502C30B68057F011A = {isa = PBXBuildFile; fileRef = 062B08D90A7F172312330A4F ;};
		123B00A606A106B80055142F = {isa = PBXBuildFile; fileRef = 158C0C2D162C146715F80193 ;};
		02E205B811620466131C16FF = {isa = PBXBuildFile; fileRef = 016D0C4615490EFC04AF01A0 ;};
		15B209C71032139A0E4512E0 = {isa = PBXBuildFile; fileRef = 08581807084B0395130E11DA ;};
		10A700EB0DAB109A169813A4 = {isa = PBXBuildFile; fileRef = 075F001913FE15EF07C80AB9 ;};
		13E80322075F0EB601970E70 = {isa = PBXBuildFile; fileRef = 0F4E0AA9145E150F0AA90716 ;};
		11C9135303F212A3079D15A9 = {isa = PBXBuildFile; fileRef = 02910351125B1005144E0A42 ;};
		144615460B180613121910F1 = {isa = PBXBuildFile; fileRef = 0BE908DA13AC18B507FA06B3 ;};
		03170C5E0D9C102D094D0BFA = {isa = PBXBuildFile; fileRef = 02381823170311D3125A1316 ;};
		0A00089D174A036D1271151B = {isa = PBXBuildFile; fileRef = 0EFC15DD067716FC13210E33 ;};
		0F940ECC020C0BFD0DE51824 = {isa = PBXBuildFile; fileRef = 15FE0F530EE20F13004D02A5 ;};
		086F0418161A0D940B781286 = {isa = PBXBuildFile; fileRef = 04C10E28083D00BD080F0F77 ;};
		0793062B12EE0DE9061E072E = {isa = PBXBuildFile; fileRef = 13BC186D147E0A9C05231313 ;};
		0DBF0E2D085507DD095A0C12 = {isa = PBXBuildFile; fileRef = 176B0DFD0F990A61115A17A4 ;};
		0C5D008609700F79184A0FFE = {isa = PBXBuildFile; fileRef = 0E470D6608F90FE90FDA0D5C ;};
		187C096E0FC7074717190020 = {isa = PBXBuildFile; fileRef = 1419047500E2094C18E10BFB ;};
		144415790A4C05DE10A911B9 = {isa = PBXBuildFile; fileRef = 011500BE175D173506E70015 ;};
		09E70E270A4B005B169704A3 = {isa = PBXBuildFile; fileRef = 06C513B71661091000790D82 ;};
		0D7503B40327030C0FDD147F = {isa = PBXBuildFile; fileRef = 096717CA082A0A9C06350A16 ;};
		08120DE4093406F409D003DC = {isa = PBXBuildFile; fileRef = 172F11D100CE177D041C0349 ;};
		166C0FF1124E1594173611E1 = {isa = PBXBuildFile; fileRef = 00CF0E750CBF18CD0DB5072B ;};
		0FB30A8D033A0E600C99028C = {isa = PBXBuildFile; fileRef = 13180B4905C01240007E0E4D ;};
		13F1188414301331181C0AC2 = {isa = PBXBuildFile; fileRef = 05CE0A660EDE0747048915EF ;};
		0CC7137D041B119D0BEE041A = {isa = PBXBuildFile; fileRef = 0DC10D330CE0146006420697 ;};
		07BD05390E6E0900092115EE = {isa = PBXBuildFile; fileRef = 0DD200240F8406C40E901242 ;};
		046A0ED104DA0E9C14D7037F = {isa = PBXBuildFile; fileRef = 0D6A072700E418E509370F23 ;};
		154410C314C017A8036C1103 = {isa = PBXBuildFile; fileRef = 0ABB046E026B16D7015E0677 ;};
		08DF116B0BD80504024D0A3F = {isa = PBXBuildFile; fileRef = 05C414581232140301B61771 ;};
		10900E6611C70B0A06B005CF = {isa = PBXBuildFile; fileRef = 029B02FE073D191F0FA61523 ;};
		0E890361038004F013FE0944 = {isa = PBXBuildFile; fileRef = 0F460EB602E416610F1105DE ;};
		02DF065C114F118917650F84 = {isa = PBXBuildFile; fileRef = 133A03551689174F03780C36 ;};
		170312F615390DE810071279 = {isa = PBXBuildFile; fileRef = 112B09B0068518C40408092B ;};
		17A712580CCB0462119E0C37 = {isa = PBXBuildFile; fileRef = 0AE10B32157B11E812E607AA ;};
		032D02910613026713DA0D57 = {isa = PBXBuildFile; fileRef = 15CF0EC001A316150BF216BA ;};
		04350DE20E680D3915670839 = {isa = PBXBuildFile; fileRef = 00A212FB155709F2178B0CE3 ;};
		0FE809AB0FA413C7070906D0 = {isa = PBXBuildFile; fileRef = 0BF90797066D114A157D0278 ;};
		029C01EE13C0104609E30974 = {isa = PBXBuildFile; fileRef = 010709EE0D7E0F8C0F2E09ED ;};
		06FB008707A81709108918B1 = {isa = PBXBuildFile; fileRef = 0C26108B004F120D04691394 ;};
		0BBD0E020B09156E05230C98 = {isa = PBXBuildFile; fileRef = 00CA1411059D12B01874173C ;};
		11AC084609F30523012A09BF = {isa = PBXBuildFile; fileRef = 09B2095C066E0EA6080805B6 ;};
		198307651183075E0AE10099 = {isa = PBXBuildFile; fileRef = 1231035E0886069611C60317 ;};
		175A0C45052106740D1206B5 = {isa = PBXBuildFile; fileRef = 059A0EEE15E3069919370E69 ;};
		0B3410E40D370BDD054117EC = {isa = PBXBuildFile; fileRef = 13A7193011520E2900FC0B32 ;};
		15EC152C0D5C0761182306DC = {isa = PBXBuildFile; fileRef = 0217154214090C67073104C2 ;};
		012016DE07F2047406A91393 = {isa = PBXBuildFile; fileRef = 124206161171093F17CF0F98 ;};
		0121089301720ADA076310C5 = {isa = PBXBuildFile; fileRef = 1004158B018608AF01320850 ;};
		02C1195812201635163009A0 = {isa = PBXBuildFile; fileRef = 17ED0F960F6507B603E20ABE ;};
		01BB0D5103FF120B02CA14A4 = {isa = PBXBuildFile; fileRef = 0E790BE70C28111D116C05BB ;};
		03FB0C910BB703B70B2B00B1 = {isa = PBXBuildFile; fileRef = 12280AD6087B0BDF074E04ED ;};
		0F8600230A6B132804040E94 = {isa = PBXBuildFile; fileRef = 057618990F950E3F07F4027C ;};
		1187109110BD0FC206CD0E2B = {isa = PBXBuildFile; fileRef = 0360090407E008DA0ABE0E94 ;};
		18EF07DF137217560A4D192F = {isa = PBXBuildFile; fileRef = 0AAF00970FFF0B250F3403E1 ;};
		124A0CC710D004DA080E184E = {isa = PBXBuildFile; fileRef = 004D10A909DB11B109410E05 ;};
		0BB702C8092A15CE04C90A5F = {isa = PBXBuildFile; fileRef = 0EE30123083116B40C2606A1 ;};
		1180104C0BAB0661087D1363 = {isa = PBXBuildFile; fileRef = 07F307BE1869127115070690 ;};
		04410F810F140D9114711575 = {isa = PBXBuildFile; fileRef = 0C410E380FF40AF0074E125E ;};
		096C09B011F1085D08950266 = {isa = PBXBuildFile; fileRef = 0E700D4914980C151115050D ;};
		083B165918E7006816540F9E = {isa = PBXBuildFile; fileRef = 09AD044604F2035609471696 ;};
		11F9190504F7131C105D0448 = {isa = PBXBuildFile; fileRef = 139C02A801640E86189B101C ;};
		03B906750FD20F310EA9024B = {isa = PBXBuildFile; fileRef = 0F58161B0C9F0937088D0912 ;};
		16260ED1124E03730D2A102A = {isa = PBXBuildFile; fileRef = 0C32033203FC008C03EB16C5 ;};
		17860E02009310DB0AD81727 = {isa = PBXBuildFile; fileRef = 111A050D0B82108C0F171544 ;};
		0A22036B0A0A021204A914BE = {isa = PBXBuildFile; fileRef = 0EC80F4E0A160EDD09A10021 ;};
		02C308820E7B0ED905ED0238 = {isa = PBXBuildFile; fileRef = 11EB0E2918E40243153F112E ;};
		09E6170A15AD0D85155B068F = {isa = PBXBuildFile; fileRef = 190B1412049F0A001528111F ;};
		06061097040F165016D306E7 = {isa = PBXBuildFile; fileRef = 0061091D095216DB02B10543 ;};
		07E9091110F102271920089B = {isa = PBXBuildFile; fileRef = 0F620AC5135013641709122E ;};
		06A40F3A0AC10FDA07BE0688 = {isa = PBXBuildFile; fileRef = 0BE41225052716A70F3F09CF ;};
		1852175104100B2801DB11EB = {isa = PBXBuildFile; fileRef = 16AC1394024C0C80154207D5 ;};
		184C01B514BA026A18C40B17 = {isa = PBXBuildFile; fileRef = 0F0B0BCE15220447198613D2 ;};
		13A118B8038918C21168130B = {isa = PBXBuildFile; fileRef = 12B617970A6D182501D015C4 ;};
		0180102D06940F8C04C20DE4 = {isa = PBXBuildFile; fileRef = 073F07430CC814F90EDA0C15 ;};
		13E20C7D10F80F8B171A0117 = {isa = PBXBuildFile; fileRef = 0C7018DD14450CAC070E1626 ;};
		08630FD50764172409B4117C = {isa = PBXBuildFile; fileRef = 0D10094208A708CA02740597 ;};
		01C711DB0EF315B808D9193C = {isa = PBXBuildFile; fileRef = 04AA162D0B9A095602840D9C ;};
		0E4E1931052D195F0B780C12 = {isa = PBXBuildFile; fileRef = 17ED0B1D0AB6067C07D30CC5 ;};
		14EF14D7181E151515E7034B = {isa = PBXBuildFile; fileRef = 11560CE00352060A0BAE14F3 ;};
		12B0131C08560786029C0346 = {isa = PBXBuildFile; fileRef = 144918FB04A2103814A91052 ;};
		08B6105311C70861013414A8 = {isa = PBXBuildFile; fileRef = 0AD103300D7D07BA0BA41780 ;};
		0D690CCB195117150655051E = {isa = PBXBuildFile; fileRef = 0BCB04FC0E720A2004B716F5 ;};
		0FA80C8B088316EB11D20DE0 = {isa = PBXBuildFile; fileRef = 16F10F66083D0D8216DE08BB ;};
		0FFF0A1B0ACD043F0C5902EC = {isa = PBXBuildFile; fileRef = 196E0EAA11F30A7D11FF0C42 ;};
		114E1231081B0A45067A0009 = {isa = PBXBuildFile; fileRef = 0E550127149D17CF11D10A44 ;};
		0B5D0DC50BC2055E00B81976 = {isa = PBXBuildFile; fileRef = 006B0D3A14720E2514CF1273 ;};
		133C0FF20A620D0E165E0E39 = {isa = PBXBuildFile; fileRef = 03A0183D1108069700B303D7 ;};
		101C002111DC15D203430083 = {isa = PBXBuildFile; fileRef = 06870D3F0ED7075B086305AF ;};
		13FF15BE0B9207E60FEF144B = {isa = PBXBuildFile; fileRef = 0E8418940A3E10AB0254117D ;};
		06A10471194C0CA90A0F0F7C = {isa = PBXBuildFile; fileRef = 0BFC00EE0CB8024A09450CDC ;};
		0A2216E8004513540A880DAD = {isa = PBXBuildFile; fileRef = 05E213941235000E02B504FE ;};
		1319126C08110F021542181A = {isa = PBXBuildFile; fileRef = 0C86081318A110DF0A3F09E1 ;};
		197C1622040E116506421580 = {isa = PBXBuildFile; fileRef = 11CD0E32153B172A183306C2 ;};
		06BB0FEE0936139C10700C3A = {isa = PBXBuildFile; fileRef = 0493190910AB0513005D0711 ;};
		00AF056E19681418054D000D = {isa = PBXBuildFile; fileRef = 124E14DA163A151C0D641881 ;};
		18F70F660D890DE118340C74 = {isa = PBXBuildFile; fileRef = 009C067005180B36050808D3 ;};
		0E8103C2182B105C0DEB0F2F = {isa = PBXBuildFile; fileRef = 0C3912A20F4B15D60BEC15C0 ;};
		0FD60C15178C0F4B184A0E5C = {isa = PBXBuildFile; fileRef = 06A40C9313FF19170E3B1706 ;};
		10CF09BE193A181E075917B2 = {isa = PBXBuildFile; fileRef = 13DD0465090118320AC2166D ;};
		12850BB000AE00D911281979 = {isa = PBXBuildFile; fileRef = 034B0EF71800100C14B7120D ;};
		02440F2F11CF03EE028205F7 = {isa = PBXBuildFile; fileRef = 13B805A914CE174D06F3077A ;};
		07DD0CB60FE810690BA90AEF = {isa = PBXBuildFile; fileRef = 02D20CC210630BA905500103 ;};
		19690C3A1402065E140B0983 = {isa = PBXBuildFile; fileRef = 00C11565039B16EF007A080D ;};
		178E18C5114D124F0E1A191D = {isa = PBXBuildFile; fileRef = 09A70BF00077100D125E17FF ;};
		15A107D6185E09B90980104F = {isa = PBXBuildFile; fileRef = 0ECB04E5175B0A990A5004AB ;};
		1805038E069201150B511614 = {isa = PBXBuildFile; fileRef = 0DC306B60D26169313141746 ;};
		0541157115420607165A13C1 = {isa = PBXBuildFile; fileRef = 042D03610FB405F406CB064C ;};
		11EB034D0AC8188E00D21718 = {isa = PBXBuildFile; fileRef = 153D058206D20C6F006B0B91 ;};
		13E203A9084D18A812F109DC = {isa = PBXBuildFile; fileRef = 16380DDC0E0F04A00DE5130A ;};
		0D1A0E9516D118CC05C107C9 = {isa = PBXBuildFile; fileRef = 0A5D0183065B14C80C3205E5 ;};
		09D6012E1644157E0548037E = {isa = PBXBuildFile; fileRef = 0EDD16D50DEA04EA02F80B1E ;};
		046500611936189014160786 = {isa = PBXBuildFile; fileRef = 161907A1040E042B0120166C ;};
		0BB80C82075F02351111067F = {isa = PBXBuildFile; fileRef = 07860488157F16F10012002B ;};
		000004770CE50D2B05CB0724 = {isa = PBXBuildFile; fileRef = 1719123B0F600A7D0EAE0A35 ;};
		18070439062C024115340809 = {isa = PBXBuildFile; fileRef = 12360AD816C2088914C6169B ;};
		0E8E08C1137E0CE50DF003DD = {isa = PBXBuildFile; fileRef = 08B8107B06D30DDD13360CCB ;};
		03C6137A0A0B0BC20E660B96 = {isa = PBXBuildFile; fileRef = 07E60E50148C049C04C10174 ;};
		07F50A420E97085F17580F52 = {isa = PBXBuildFile; fileRef = 057712B50A08168208C10F29 ;};
		0A3F13630055167713D90F7F = {isa = PBXBuildFile; fileRef = 12AE12F50DFE1849147403F3 ;};
		0C9212CD0EEF1767083D0B32 = {isa = PBXBuildFile; fileRef = 00360FA706D80E2F15C704C1 ;};
		0AA8053E0267175510A80FA3 = {isa = PBXBuildFile; fileRef = 0E88020F0C5A058B134211DE ;};
		0D44160107E5019E0943097A = {isa = PBXBuildFile; fileRef = 0CBB0FCD190F112C0A0B0E79 ;};
		0781169D15050A3711560E66 = {isa = PBXBuildFile; fileRef = 1040098F12750EC5187E18F8 ;};
		14040509096E0846007C1690 = {isa = PBXBuildFile; fileRef = 1451107C08680DCF0EB1036C ;};
		06CD0CCF03AF0F0F0AF6031B = {isa = PBXBuildFile; fileRef = 154F03EA0EDF15120FBC02BE ;};
		11D010060853030702C905F3 = {isa = PBXBuildFile; fileRef = 122F18E5076F133803CC080B ;};
		177C01180AC4112E12F61936 = {isa = PBXBuildFile; fileRef = 133E18730E7417360B350532 ;};
		0883078A0C2301D50FCB1583 = {isa = PBXBuildFile; fileRef = 0DE4101B0FC5196D11DA0596 ;};
		097F0936177B05F20A940824 = {isa = PBXBuildFile; fileRef = 14AA15850FF315D504391120 ;};

		17650C81022516C310930D14 = {isa = PBXBuildFile; fileRef = 1381099109891213053D0075 ; };
		06C807290EAA0F9405F40CF6 = {isa = PBXBuildFile; fileRef = 0E2C128F12EF16811445053E ; };
		09D0131A02090FF214911975 = {isa = PBXBuildFile; fileRef = 11FA048A0E6C023815E309FD ; };

		03AA174316380717175716C9 = {isa = PBXFileReference; explicitFileType = "compiled.mach-o.dylib"; includeInIndex = 0; path = libTKSTEP209.dylib; sourceTree = BUILT_PRODUCTS_DIR; };

		0F07116208E605FD116516EF = {isa = PBXFileReference; fileEncoding = 4; lastKnownFileType = sourcecode.cpp.cpp; name = RWStepElement_RWAnalysisItemWithinRepresentation.cxx; path = ../../../src/RWStepElement/RWStepElement_RWAnalysisItemWithinRepresentation.cxx; sourceTree = "<group>"; };
		033D197D066903DA0BEF05E8 = {isa = PBXFileReference; fileEncoding = 4; lastKnownFileType = sourcecode.cpp.cpp; name = RWStepElement_RWCurve3dElementDescriptor.cxx; path = ../../../src/RWStepElement/RWStepElement_RWCurve3dElementDescriptor.cxx; sourceTree = "<group>"; };
		101C017C118D0FC7002C0642 = {isa = PBXFileReference; fileEncoding = 4; lastKnownFileType = sourcecode.cpp.cpp; name = RWStepElement_RWCurveElementEndReleasePacket.cxx; path = ../../../src/RWStepElement/RWStepElement_RWCurveElementEndReleasePacket.cxx; sourceTree = "<group>"; };
		0C7C05600DED0576039D197D = {isa = PBXFileReference; fileEncoding = 4; lastKnownFileType = sourcecode.cpp.cpp; name = RWStepElement_RWCurveElementSectionDefinition.cxx; path = ../../../src/RWStepElement/RWStepElement_RWCurveElementSectionDefinition.cxx; sourceTree = "<group>"; };
		10BB021F0ED60C2400F407F6 = {isa = PBXFileReference; fileEncoding = 4; lastKnownFileType = sourcecode.cpp.cpp; name = RWStepElement_RWCurveElementSectionDerivedDefinitions.cxx; path = ../../../src/RWStepElement/RWStepElement_RWCurveElementSectionDerivedDefinitions.cxx; sourceTree = "<group>"; };
		06670035030612A102EE0EDD = {isa = PBXFileReference; fileEncoding = 4; lastKnownFileType = sourcecode.cpp.cpp; name = RWStepElement_RWElementDescriptor.cxx; path = ../../../src/RWStepElement/RWStepElement_RWElementDescriptor.cxx; sourceTree = "<group>"; };
		12180311121010CD098F08DE = {isa = PBXFileReference; fileEncoding = 4; lastKnownFileType = sourcecode.cpp.cpp; name = RWStepElement_RWElementMaterial.cxx; path = ../../../src/RWStepElement/RWStepElement_RWElementMaterial.cxx; sourceTree = "<group>"; };
		10BB145513A01886186609A7 = {isa = PBXFileReference; fileEncoding = 4; lastKnownFileType = sourcecode.cpp.cpp; name = RWStepElement_RWSurface3dElementDescriptor.cxx; path = ../../../src/RWStepElement/RWStepElement_RWSurface3dElementDescriptor.cxx; sourceTree = "<group>"; };
		051607CB0BD510430A4A0FEA = {isa = PBXFileReference; fileEncoding = 4; lastKnownFileType = sourcecode.cpp.cpp; name = RWStepElement_RWSurfaceElementProperty.cxx; path = ../../../src/RWStepElement/RWStepElement_RWSurfaceElementProperty.cxx; sourceTree = "<group>"; };
		183A073B0FBD1016027A015B = {isa = PBXFileReference; fileEncoding = 4; lastKnownFileType = sourcecode.cpp.cpp; name = RWStepElement_RWSurfaceSection.cxx; path = ../../../src/RWStepElement/RWStepElement_RWSurfaceSection.cxx; sourceTree = "<group>"; };
		1837006716970A94071A04BB = {isa = PBXFileReference; fileEncoding = 4; lastKnownFileType = sourcecode.cpp.cpp; name = RWStepElement_RWSurfaceSectionField.cxx; path = ../../../src/RWStepElement/RWStepElement_RWSurfaceSectionField.cxx; sourceTree = "<group>"; };
		08DE14160AF016DC07AE0CEE = {isa = PBXFileReference; fileEncoding = 4; lastKnownFileType = sourcecode.cpp.cpp; name = RWStepElement_RWSurfaceSectionFieldConstant.cxx; path = ../../../src/RWStepElement/RWStepElement_RWSurfaceSectionFieldConstant.cxx; sourceTree = "<group>"; };
		046E080A015805E80214024B = {isa = PBXFileReference; fileEncoding = 4; lastKnownFileType = sourcecode.cpp.cpp; name = RWStepElement_RWSurfaceSectionFieldVarying.cxx; path = ../../../src/RWStepElement/RWStepElement_RWSurfaceSectionFieldVarying.cxx; sourceTree = "<group>"; };
		1901139B0797181209D20210 = {isa = PBXFileReference; fileEncoding = 4; lastKnownFileType = sourcecode.cpp.cpp; name = RWStepElement_RWUniformSurfaceSection.cxx; path = ../../../src/RWStepElement/RWStepElement_RWUniformSurfaceSection.cxx; sourceTree = "<group>"; };
		078D18770C860EF10E82101D = {isa = PBXFileReference; fileEncoding = 4; lastKnownFileType = sourcecode.cpp.cpp; name = RWStepElement_RWVolume3dElementDescriptor.cxx; path = ../../../src/RWStepElement/RWStepElement_RWVolume3dElementDescriptor.cxx; sourceTree = "<group>"; };
		09ED02F00EF9036A06AE1048 = {isa = PBXFileReference; fileEncoding = 4; lastKnownFileType = sourcecode.cpp.cpp; name = RWStepFEA_RWAlignedCurve3dElementCoordinateSystem.cxx; path = ../../../src/RWStepFEA/RWStepFEA_RWAlignedCurve3dElementCoordinateSystem.cxx; sourceTree = "<group>"; };
		164318620A04093C144B11C7 = {isa = PBXFileReference; fileEncoding = 4; lastKnownFileType = sourcecode.cpp.cpp; name = RWStepFEA_RWAlignedSurface3dElementCoordinateSystem.cxx; path = ../../../src/RWStepFEA/RWStepFEA_RWAlignedSurface3dElementCoordinateSystem.cxx; sourceTree = "<group>"; };
		073803BB0C76079E01050816 = {isa = PBXFileReference; fileEncoding = 4; lastKnownFileType = sourcecode.cpp.cpp; name = RWStepFEA_RWArbitraryVolume3dElementCoordinateSystem.cxx; path = ../../../src/RWStepFEA/RWStepFEA_RWArbitraryVolume3dElementCoordinateSystem.cxx; sourceTree = "<group>"; };
		189610311834071B014A056D = {isa = PBXFileReference; fileEncoding = 4; lastKnownFileType = sourcecode.cpp.cpp; name = RWStepFEA_RWConstantSurface3dElementCoordinateSystem.cxx; path = ../../../src/RWStepFEA/RWStepFEA_RWConstantSurface3dElementCoordinateSystem.cxx; sourceTree = "<group>"; };
		020B089508F716E812290146 = {isa = PBXFileReference; fileEncoding = 4; lastKnownFileType = sourcecode.cpp.cpp; name = RWStepFEA_RWCurve3dElementProperty.cxx; path = ../../../src/RWStepFEA/RWStepFEA_RWCurve3dElementProperty.cxx; sourceTree = "<group>"; };
		16D516E403650AB0176703A0 = {isa = PBXFileReference; fileEncoding = 4; lastKnownFileType = sourcecode.cpp.cpp; name = RWStepFEA_RWCurve3dElementRepresentation.cxx; path = ../../../src/RWStepFEA/RWStepFEA_RWCurve3dElementRepresentation.cxx; sourceTree = "<group>"; };
		0D4D14050567108901CC153B = {isa = PBXFileReference; fileEncoding = 4; lastKnownFileType = sourcecode.cpp.cpp; name = RWStepFEA_RWCurveElementEndOffset.cxx; path = ../../../src/RWStepFEA/RWStepFEA_RWCurveElementEndOffset.cxx; sourceTree = "<group>"; };
		064608F60F25065F090C0D5B = {isa = PBXFileReference; fileEncoding = 4; lastKnownFileType = sourcecode.cpp.cpp; name = RWStepFEA_RWCurveElementEndRelease.cxx; path = ../../../src/RWStepFEA/RWStepFEA_RWCurveElementEndRelease.cxx; sourceTree = "<group>"; };
		10A519531689186B03AA0AC5 = {isa = PBXFileReference; fileEncoding = 4; lastKnownFileType = sourcecode.cpp.cpp; name = RWStepFEA_RWCurveElementInterval.cxx; path = ../../../src/RWStepFEA/RWStepFEA_RWCurveElementInterval.cxx; sourceTree = "<group>"; };
		06160E84149E07750E16164B = {isa = PBXFileReference; fileEncoding = 4; lastKnownFileType = sourcecode.cpp.cpp; name = RWStepFEA_RWCurveElementIntervalConstant.cxx; path = ../../../src/RWStepFEA/RWStepFEA_RWCurveElementIntervalConstant.cxx; sourceTree = "<group>"; };
		0813026312650FD50286022A = {isa = PBXFileReference; fileEncoding = 4; lastKnownFileType = sourcecode.cpp.cpp; name = RWStepFEA_RWCurveElementIntervalLinearlyVarying.cxx; path = ../../../src/RWStepFEA/RWStepFEA_RWCurveElementIntervalLinearlyVarying.cxx; sourceTree = "<group>"; };
		1962164C118E0CBB16C80056 = {isa = PBXFileReference; fileEncoding = 4; lastKnownFileType = sourcecode.cpp.cpp; name = RWStepFEA_RWCurveElementLocation.cxx; path = ../../../src/RWStepFEA/RWStepFEA_RWCurveElementLocation.cxx; sourceTree = "<group>"; };
		0D52142F05E600860E15013B = {isa = PBXFileReference; fileEncoding = 4; lastKnownFileType = sourcecode.cpp.cpp; name = RWStepFEA_RWDummyNode.cxx; path = ../../../src/RWStepFEA/RWStepFEA_RWDummyNode.cxx; sourceTree = "<group>"; };
		17A50108077601D40D1006AD = {isa = PBXFileReference; fileEncoding = 4; lastKnownFileType = sourcecode.cpp.cpp; name = RWStepFEA_RWElementGeometricRelationship.cxx; path = ../../../src/RWStepFEA/RWStepFEA_RWElementGeometricRelationship.cxx; sourceTree = "<group>"; };
		0B96150907230E88193E0B0E = {isa = PBXFileReference; fileEncoding = 4; lastKnownFileType = sourcecode.cpp.cpp; name = RWStepFEA_RWElementGroup.cxx; path = ../../../src/RWStepFEA/RWStepFEA_RWElementGroup.cxx; sourceTree = "<group>"; };
		036C184C06CA0CD30EDB15DD = {isa = PBXFileReference; fileEncoding = 4; lastKnownFileType = sourcecode.cpp.cpp; name = RWStepFEA_RWElementRepresentation.cxx; path = ../../../src/RWStepFEA/RWStepFEA_RWElementRepresentation.cxx; sourceTree = "<group>"; };
		0A31088102BD188C18A010DE = {isa = PBXFileReference; fileEncoding = 4; lastKnownFileType = sourcecode.cpp.cpp; name = RWStepFEA_RWFeaAreaDensity.cxx; path = ../../../src/RWStepFEA/RWStepFEA_RWFeaAreaDensity.cxx; sourceTree = "<group>"; };
		104F134305011419091A1496 = {isa = PBXFileReference; fileEncoding = 4; lastKnownFileType = sourcecode.cpp.cpp; name = RWStepFEA_RWFeaAxis2Placement3d.cxx; path = ../../../src/RWStepFEA/RWStepFEA_RWFeaAxis2Placement3d.cxx; sourceTree = "<group>"; };
		113A0C9504200FCF13E514C7 = {isa = PBXFileReference; fileEncoding = 4; lastKnownFileType = sourcecode.cpp.cpp; name = RWStepFEA_RWFeaCurveSectionGeometricRelationship.cxx; path = ../../../src/RWStepFEA/RWStepFEA_RWFeaCurveSectionGeometricRelationship.cxx; sourceTree = "<group>"; };
		00900EE7172C162605320835 = {isa = PBXFileReference; fileEncoding = 4; lastKnownFileType = sourcecode.cpp.cpp; name = RWStepFEA_RWFeaGroup.cxx; path = ../../../src/RWStepFEA/RWStepFEA_RWFeaGroup.cxx; sourceTree = "<group>"; };
		07610FB3190C0E3C1956042F = {isa = PBXFileReference; fileEncoding = 4; lastKnownFileType = sourcecode.cpp.cpp; name = RWStepFEA_RWFeaLinearElasticity.cxx; path = ../../../src/RWStepFEA/RWStepFEA_RWFeaLinearElasticity.cxx; sourceTree = "<group>"; };
		0CF40B950A5E0B4A046810E7 = {isa = PBXFileReference; fileEncoding = 4; lastKnownFileType = sourcecode.cpp.cpp; name = RWStepFEA_RWFeaMassDensity.cxx; path = ../../../src/RWStepFEA/RWStepFEA_RWFeaMassDensity.cxx; sourceTree = "<group>"; };
		15E2090810CE17F510AB1536 = {isa = PBXFileReference; fileEncoding = 4; lastKnownFileType = sourcecode.cpp.cpp; name = RWStepFEA_RWFeaMaterialPropertyRepresentation.cxx; path = ../../../src/RWStepFEA/RWStepFEA_RWFeaMaterialPropertyRepresentation.cxx; sourceTree = "<group>"; };
		17B00EE4157D0D7408AD0B11 = {isa = PBXFileReference; fileEncoding = 4; lastKnownFileType = sourcecode.cpp.cpp; name = RWStepFEA_RWFeaMaterialPropertyRepresentationItem.cxx; path = ../../../src/RWStepFEA/RWStepFEA_RWFeaMaterialPropertyRepresentationItem.cxx; sourceTree = "<group>"; };
		143E0E7E090C018E0F491080 = {isa = PBXFileReference; fileEncoding = 4; lastKnownFileType = sourcecode.cpp.cpp; name = RWStepFEA_RWFeaModel.cxx; path = ../../../src/RWStepFEA/RWStepFEA_RWFeaModel.cxx; sourceTree = "<group>"; };
		15A5192E0C24009203EE0EE1 = {isa = PBXFileReference; fileEncoding = 4; lastKnownFileType = sourcecode.cpp.cpp; name = RWStepFEA_RWFeaModel3d.cxx; path = ../../../src/RWStepFEA/RWStepFEA_RWFeaModel3d.cxx; sourceTree = "<group>"; };
		05271820003803F007D91143 = {isa = PBXFileReference; fileEncoding = 4; lastKnownFileType = sourcecode.cpp.cpp; name = RWStepFEA_RWFeaModelDefinition.cxx; path = ../../../src/RWStepFEA/RWStepFEA_RWFeaModelDefinition.cxx; sourceTree = "<group>"; };
		0EBA1052004A06F505BE0550 = {isa = PBXFileReference; fileEncoding = 4; lastKnownFileType = sourcecode.cpp.cpp; name = RWStepFEA_RWFeaMoistureAbsorption.cxx; path = ../../../src/RWStepFEA/RWStepFEA_RWFeaMoistureAbsorption.cxx; sourceTree = "<group>"; };
		149A11DD12C704CA08A9096D = {isa = PBXFileReference; fileEncoding = 4; lastKnownFileType = sourcecode.cpp.cpp; name = RWStepFEA_RWFeaParametricPoint.cxx; path = ../../../src/RWStepFEA/RWStepFEA_RWFeaParametricPoint.cxx; sourceTree = "<group>"; };
		18AC0FD210AE0FC70095055B = {isa = PBXFileReference; fileEncoding = 4; lastKnownFileType = sourcecode.cpp.cpp; name = RWStepFEA_RWFeaRepresentationItem.cxx; path = ../../../src/RWStepFEA/RWStepFEA_RWFeaRepresentationItem.cxx; sourceTree = "<group>"; };
		0C2810F80D7D166416890101 = {isa = PBXFileReference; fileEncoding = 4; lastKnownFileType = sourcecode.cpp.cpp; name = RWStepFEA_RWFeaSecantCoefficientOfLinearThermalExpansion.cxx; path = ../../../src/RWStepFEA/RWStepFEA_RWFeaSecantCoefficientOfLinearThermalExpansion.cxx; sourceTree = "<group>"; };
		104F00BF005B02DF0A240A16 = {isa = PBXFileReference; fileEncoding = 4; lastKnownFileType = sourcecode.cpp.cpp; name = RWStepFEA_RWFeaShellBendingStiffness.cxx; path = ../../../src/RWStepFEA/RWStepFEA_RWFeaShellBendingStiffness.cxx; sourceTree = "<group>"; };
		0BC70041033B163D11270E20 = {isa = PBXFileReference; fileEncoding = 4; lastKnownFileType = sourcecode.cpp.cpp; name = RWStepFEA_RWFeaShellMembraneBendingCouplingStiffness.cxx; path = ../../../src/RWStepFEA/RWStepFEA_RWFeaShellMembraneBendingCouplingStiffness.cxx; sourceTree = "<group>"; };
		096D16AB0C5F032117561275 = {isa = PBXFileReference; fileEncoding = 4; lastKnownFileType = sourcecode.cpp.cpp; name = RWStepFEA_RWFeaShellMembraneStiffness.cxx; path = ../../../src/RWStepFEA/RWStepFEA_RWFeaShellMembraneStiffness.cxx; sourceTree = "<group>"; };
		171F022F0EC7158E0CA0118D = {isa = PBXFileReference; fileEncoding = 4; lastKnownFileType = sourcecode.cpp.cpp; name = RWStepFEA_RWFeaShellShearStiffness.cxx; path = ../../../src/RWStepFEA/RWStepFEA_RWFeaShellShearStiffness.cxx; sourceTree = "<group>"; };
		02E609FF0E3303910646164D = {isa = PBXFileReference; fileEncoding = 4; lastKnownFileType = sourcecode.cpp.cpp; name = RWStepFEA_RWFeaSurfaceSectionGeometricRelationship.cxx; path = ../../../src/RWStepFEA/RWStepFEA_RWFeaSurfaceSectionGeometricRelationship.cxx; sourceTree = "<group>"; };
		0D1808BE0C22005E047C13F7 = {isa = PBXFileReference; fileEncoding = 4; lastKnownFileType = sourcecode.cpp.cpp; name = RWStepFEA_RWFeaTangentialCoefficientOfLinearThermalExpansion.cxx; path = ../../../src/RWStepFEA/RWStepFEA_RWFeaTangentialCoefficientOfLinearThermalExpansion.cxx; sourceTree = "<group>"; };
		11C000DB100401F716BC0017 = {isa = PBXFileReference; fileEncoding = 4; lastKnownFileType = sourcecode.cpp.cpp; name = RWStepFEA_RWFreedomAndCoefficient.cxx; path = ../../../src/RWStepFEA/RWStepFEA_RWFreedomAndCoefficient.cxx; sourceTree = "<group>"; };
		056C050A039F15AA12450F95 = {isa = PBXFileReference; fileEncoding = 4; lastKnownFileType = sourcecode.cpp.cpp; name = RWStepFEA_RWFreedomsList.cxx; path = ../../../src/RWStepFEA/RWStepFEA_RWFreedomsList.cxx; sourceTree = "<group>"; };
		1073142E0727152B082F0C1E = {isa = PBXFileReference; fileEncoding = 4; lastKnownFileType = sourcecode.cpp.cpp; name = RWStepFEA_RWGeometricNode.cxx; path = ../../../src/RWStepFEA/RWStepFEA_RWGeometricNode.cxx; sourceTree = "<group>"; };
		15BC0FBF105311AA15D80883 = {isa = PBXFileReference; fileEncoding = 4; lastKnownFileType = sourcecode.cpp.cpp; name = RWStepFEA_RWNode.cxx; path = ../../../src/RWStepFEA/RWStepFEA_RWNode.cxx; sourceTree = "<group>"; };
		0A34113516F80F541258180E = {isa = PBXFileReference; fileEncoding = 4; lastKnownFileType = sourcecode.cpp.cpp; name = RWStepFEA_RWNodeDefinition.cxx; path = ../../../src/RWStepFEA/RWStepFEA_RWNodeDefinition.cxx; sourceTree = "<group>"; };
		04FE0E6D0D71117D17A9070B = {isa = PBXFileReference; fileEncoding = 4; lastKnownFileType = sourcecode.cpp.cpp; name = RWStepFEA_RWNodeGroup.cxx; path = ../../../src/RWStepFEA/RWStepFEA_RWNodeGroup.cxx; sourceTree = "<group>"; };
		04180A1502390C301657099C = {isa = PBXFileReference; fileEncoding = 4; lastKnownFileType = sourcecode.cpp.cpp; name = RWStepFEA_RWNodeRepresentation.cxx; path = ../../../src/RWStepFEA/RWStepFEA_RWNodeRepresentation.cxx; sourceTree = "<group>"; };
		102B00E710A617DA19391346 = {isa = PBXFileReference; fileEncoding = 4; lastKnownFileType = sourcecode.cpp.cpp; name = RWStepFEA_RWNodeSet.cxx; path = ../../../src/RWStepFEA/RWStepFEA_RWNodeSet.cxx; sourceTree = "<group>"; };
		0E6F020B130A110401621905 = {isa = PBXFileReference; fileEncoding = 4; lastKnownFileType = sourcecode.cpp.cpp; name = RWStepFEA_RWNodeWithSolutionCoordinateSystem.cxx; path = ../../../src/RWStepFEA/RWStepFEA_RWNodeWithSolutionCoordinateSystem.cxx; sourceTree = "<group>"; };
		0318052004F903DD0C6D0B90 = {isa = PBXFileReference; fileEncoding = 4; lastKnownFileType = sourcecode.cpp.cpp; name = RWStepFEA_RWNodeWithVector.cxx; path = ../../../src/RWStepFEA/RWStepFEA_RWNodeWithVector.cxx; sourceTree = "<group>"; };
		0CDD02E608A514BE04B40102 = {isa = PBXFileReference; fileEncoding = 4; lastKnownFileType = sourcecode.cpp.cpp; name = RWStepFEA_RWParametricCurve3dElementCoordinateDirection.cxx; path = ../../../src/RWStepFEA/RWStepFEA_RWParametricCurve3dElementCoordinateDirection.cxx; sourceTree = "<group>"; };
		05E20E851008004D09051103 = {isa = PBXFileReference; fileEncoding = 4; lastKnownFileType = sourcecode.cpp.cpp; name = RWStepFEA_RWParametricCurve3dElementCoordinateSystem.cxx; path = ../../../src/RWStepFEA/RWStepFEA_RWParametricCurve3dElementCoordinateSystem.cxx; sourceTree = "<group>"; };
		048F16991585133210C218C5 = {isa = PBXFileReference; fileEncoding = 4; lastKnownFileType = sourcecode.cpp.cpp; name = RWStepFEA_RWParametricSurface3dElementCoordinateSystem.cxx; path = ../../../src/RWStepFEA/RWStepFEA_RWParametricSurface3dElementCoordinateSystem.cxx; sourceTree = "<group>"; };
		192A0CF704070FCA07711917 = {isa = PBXFileReference; fileEncoding = 4; lastKnownFileType = sourcecode.cpp.cpp; name = RWStepFEA_RWSurface3dElementRepresentation.cxx; path = ../../../src/RWStepFEA/RWStepFEA_RWSurface3dElementRepresentation.cxx; sourceTree = "<group>"; };
		0B6C045203D919390F35042D = {isa = PBXFileReference; fileEncoding = 4; lastKnownFileType = sourcecode.cpp.cpp; name = RWStepFEA_RWVolume3dElementRepresentation.cxx; path = ../../../src/RWStepFEA/RWStepFEA_RWVolume3dElementRepresentation.cxx; sourceTree = "<group>"; };
		1733180700AC137B17EB1837 = {isa = PBXFileReference; fileEncoding = 4; lastKnownFileType = sourcecode.cpp.cpp; name = StepElement_Array1OfCurveElementEndReleasePacket_0.cxx; path = ../../../drv/StepElement/StepElement_Array1OfCurveElementEndReleasePacket_0.cxx; sourceTree = "<group>"; };
		192909D90B42039601A30DAE = {isa = PBXFileReference; fileEncoding = 4; lastKnownFileType = sourcecode.cpp.cpp; name = StepElement_Array1OfCurveElementSectionDefinition_0.cxx; path = ../../../drv/StepElement/StepElement_Array1OfCurveElementSectionDefinition_0.cxx; sourceTree = "<group>"; };
		113715A50F8510B00CFD04EB = {isa = PBXFileReference; fileEncoding = 4; lastKnownFileType = sourcecode.cpp.cpp; name = StepElement_Array1OfHSequenceOfCurveElementPurposeMember_0.cxx; path = ../../../drv/StepElement/StepElement_Array1OfHSequenceOfCurveElementPurposeMember_0.cxx; sourceTree = "<group>"; };
		195B189A090602B410FC1794 = {isa = PBXFileReference; fileEncoding = 4; lastKnownFileType = sourcecode.cpp.cpp; name = StepElement_Array1OfHSequenceOfSurfaceElementPurposeMember_0.cxx; path = ../../../drv/StepElement/StepElement_Array1OfHSequenceOfSurfaceElementPurposeMember_0.cxx; sourceTree = "<group>"; };
		0A0101FE0D510C8A037710E7 = {isa = PBXFileReference; fileEncoding = 4; lastKnownFileType = sourcecode.cpp.cpp; name = StepElement_Array1OfMeasureOrUnspecifiedValue_0.cxx; path = ../../../drv/StepElement/StepElement_Array1OfMeasureOrUnspecifiedValue_0.cxx; sourceTree = "<group>"; };
		067613E814C70484071A0E2C = {isa = PBXFileReference; fileEncoding = 4; lastKnownFileType = sourcecode.cpp.cpp; name = StepElement_Array1OfSurfaceSection_0.cxx; path = ../../../drv/StepElement/StepElement_Array1OfSurfaceSection_0.cxx; sourceTree = "<group>"; };
		0FB703880642065301A712C1 = {isa = PBXFileReference; fileEncoding = 4; lastKnownFileType = sourcecode.cpp.cpp; name = StepElement_Array1OfVolumeElementPurposeMember_0.cxx; path = ../../../drv/StepElement/StepElement_Array1OfVolumeElementPurposeMember_0.cxx; sourceTree = "<group>"; };
		0F6B041E0432074F0BD8193B = {isa = PBXFileReference; fileEncoding = 4; lastKnownFileType = sourcecode.cpp.cpp; name = StepElement_Array1OfVolumeElementPurpose_0.cxx; path = ../../../drv/StepElement/StepElement_Array1OfVolumeElementPurpose_0.cxx; sourceTree = "<group>"; };
		13240B1317540B6A0C321443 = {isa = PBXFileReference; fileEncoding = 4; lastKnownFileType = sourcecode.cpp.cpp; name = StepElement_Array2OfCurveElementPurposeMember_0.cxx; path = ../../../drv/StepElement/StepElement_Array2OfCurveElementPurposeMember_0.cxx; sourceTree = "<group>"; };
		14A703F0131809F417801645 = {isa = PBXFileReference; fileEncoding = 4; lastKnownFileType = sourcecode.cpp.cpp; name = StepElement_Array2OfSurfaceElementPurposeMember_0.cxx; path = ../../../drv/StepElement/StepElement_Array2OfSurfaceElementPurposeMember_0.cxx; sourceTree = "<group>"; };
		00840D8B165B0D2E06B60329 = {isa = PBXFileReference; fileEncoding = 4; lastKnownFileType = sourcecode.cpp.cpp; name = StepElement_Array2OfSurfaceElementPurpose_0.cxx; path = ../../../drv/StepElement/StepElement_Array2OfSurfaceElementPurpose_0.cxx; sourceTree = "<group>"; };
		04C90A2B18C9090402AD0345 = {isa = PBXFileReference; fileEncoding = 4; lastKnownFileType = sourcecode.cpp.cpp; name = StepElement_HArray1OfCurveElementEndReleasePacket_0.cxx; path = ../../../drv/StepElement/StepElement_HArray1OfCurveElementEndReleasePacket_0.cxx; sourceTree = "<group>"; };
		03CD0214159209610A3D18DD = {isa = PBXFileReference; fileEncoding = 4; lastKnownFileType = sourcecode.cpp.cpp; name = StepElement_HArray1OfCurveElementSectionDefinition_0.cxx; path = ../../../drv/StepElement/StepElement_HArray1OfCurveElementSectionDefinition_0.cxx; sourceTree = "<group>"; };
		0EE104C20F7C0C6B10E70EFC = {isa = PBXFileReference; fileEncoding = 4; lastKnownFileType = sourcecode.cpp.cpp; name = StepElement_HArray1OfHSequenceOfCurveElementPurposeMember_0.cxx; path = ../../../drv/StepElement/StepElement_HArray1OfHSequenceOfCurveElementPurposeMember_0.cxx; sourceTree = "<group>"; };
		18330D541805099018970921 = {isa = PBXFileReference; fileEncoding = 4; lastKnownFileType = sourcecode.cpp.cpp; name = StepElement_HArray1OfHSequenceOfSurfaceElementPurposeMember_0.cxx; path = ../../../drv/StepElement/StepElement_HArray1OfHSequenceOfSurfaceElementPurposeMember_0.cxx; sourceTree = "<group>"; };
		13C111A201CF166915FB0F7D = {isa = PBXFileReference; fileEncoding = 4; lastKnownFileType = sourcecode.cpp.cpp; name = StepElement_HArray1OfMeasureOrUnspecifiedValue_0.cxx; path = ../../../drv/StepElement/StepElement_HArray1OfMeasureOrUnspecifiedValue_0.cxx; sourceTree = "<group>"; };
		01FD0D320FA515D306C6068B = {isa = PBXFileReference; fileEncoding = 4; lastKnownFileType = sourcecode.cpp.cpp; name = StepElement_HArray1OfSurfaceSection_0.cxx; path = ../../../drv/StepElement/StepElement_HArray1OfSurfaceSection_0.cxx; sourceTree = "<group>"; };
		0908094D1115078318C0117C = {isa = PBXFileReference; fileEncoding = 4; lastKnownFileType = sourcecode.cpp.cpp; name = StepElement_HArray1OfVolumeElementPurposeMember_0.cxx; path = ../../../drv/StepElement/StepElement_HArray1OfVolumeElementPurposeMember_0.cxx; sourceTree = "<group>"; };
		0E17190A0E040FFA003507A6 = {isa = PBXFileReference; fileEncoding = 4; lastKnownFileType = sourcecode.cpp.cpp; name = StepElement_HArray1OfVolumeElementPurpose_0.cxx; path = ../../../drv/StepElement/StepElement_HArray1OfVolumeElementPurpose_0.cxx; sourceTree = "<group>"; };
		07130851138E0527183B1930 = {isa = PBXFileReference; fileEncoding = 4; lastKnownFileType = sourcecode.cpp.cpp; name = StepElement_HArray2OfCurveElementPurposeMember_0.cxx; path = ../../../drv/StepElement/StepElement_HArray2OfCurveElementPurposeMember_0.cxx; sourceTree = "<group>"; };
		062B08D90A7F172312330A4F = {isa = PBXFileReference; fileEncoding = 4; lastKnownFileType = sourcecode.cpp.cpp; name = StepElement_HArray2OfSurfaceElementPurposeMember_0.cxx; path = ../../../drv/StepElement/StepElement_HArray2OfSurfaceElementPurposeMember_0.cxx; sourceTree = "<group>"; };
		158C0C2D162C146715F80193 = {isa = PBXFileReference; fileEncoding = 4; lastKnownFileType = sourcecode.cpp.cpp; name = StepElement_HArray2OfSurfaceElementPurpose_0.cxx; path = ../../../drv/StepElement/StepElement_HArray2OfSurfaceElementPurpose_0.cxx; sourceTree = "<group>"; };
		016D0C4615490EFC04AF01A0 = {isa = PBXFileReference; fileEncoding = 4; lastKnownFileType = sourcecode.cpp.cpp; name = StepElement_HSequenceOfCurveElementPurposeMember_0.cxx; path = ../../../drv/StepElement/StepElement_HSequenceOfCurveElementPurposeMember_0.cxx; sourceTree = "<group>"; };
		08581807084B0395130E11DA = {isa = PBXFileReference; fileEncoding = 4; lastKnownFileType = sourcecode.cpp.cpp; name = StepElement_HSequenceOfCurveElementSectionDefinition_0.cxx; path = ../../../drv/StepElement/StepElement_HSequenceOfCurveElementSectionDefinition_0.cxx; sourceTree = "<group>"; };
		075F001913FE15EF07C80AB9 = {isa = PBXFileReference; fileEncoding = 4; lastKnownFileType = sourcecode.cpp.cpp; name = StepElement_HSequenceOfElementMaterial_0.cxx; path = ../../../drv/StepElement/StepElement_HSequenceOfElementMaterial_0.cxx; sourceTree = "<group>"; };
		0F4E0AA9145E150F0AA90716 = {isa = PBXFileReference; fileEncoding = 4; lastKnownFileType = sourcecode.cpp.cpp; name = StepElement_HSequenceOfSurfaceElementPurposeMember_0.cxx; path = ../../../drv/StepElement/StepElement_HSequenceOfSurfaceElementPurposeMember_0.cxx; sourceTree = "<group>"; };
		02910351125B1005144E0A42 = {isa = PBXFileReference; fileEncoding = 4; lastKnownFileType = sourcecode.cpp.cpp; name = StepElement_SequenceNodeOfSequenceOfCurveElementPurposeMember_0.cxx; path = ../../../drv/StepElement/StepElement_SequenceNodeOfSequenceOfCurveElementPurposeMember_0.cxx; sourceTree = "<group>"; };
		0BE908DA13AC18B507FA06B3 = {isa = PBXFileReference; fileEncoding = 4; lastKnownFileType = sourcecode.cpp.cpp; name = StepElement_SequenceNodeOfSequenceOfCurveElementSectionDefinition_0.cxx; path = ../../../drv/StepElement/StepElement_SequenceNodeOfSequenceOfCurveElementSectionDefinition_0.cxx; sourceTree = "<group>"; };
		02381823170311D3125A1316 = {isa = PBXFileReference; fileEncoding = 4; lastKnownFileType = sourcecode.cpp.cpp; name = StepElement_SequenceNodeOfSequenceOfElementMaterial_0.cxx; path = ../../../drv/StepElement/StepElement_SequenceNodeOfSequenceOfElementMaterial_0.cxx; sourceTree = "<group>"; };
		0EFC15DD067716FC13210E33 = {isa = PBXFileReference; fileEncoding = 4; lastKnownFileType = sourcecode.cpp.cpp; name = StepElement_SequenceNodeOfSequenceOfSurfaceElementPurposeMember_0.cxx; path = ../../../drv/StepElement/StepElement_SequenceNodeOfSequenceOfSurfaceElementPurposeMember_0.cxx; sourceTree = "<group>"; };
		15FE0F530EE20F13004D02A5 = {isa = PBXFileReference; fileEncoding = 4; lastKnownFileType = sourcecode.cpp.cpp; name = StepElement_SequenceOfCurveElementPurposeMember_0.cxx; path = ../../../drv/StepElement/StepElement_SequenceOfCurveElementPurposeMember_0.cxx; sourceTree = "<group>"; };
		04C10E28083D00BD080F0F77 = {isa = PBXFileReference; fileEncoding = 4; lastKnownFileType = sourcecode.cpp.cpp; name = StepElement_SequenceOfCurveElementSectionDefinition_0.cxx; path = ../../../drv/StepElement/StepElement_SequenceOfCurveElementSectionDefinition_0.cxx; sourceTree = "<group>"; };
		13BC186D147E0A9C05231313 = {isa = PBXFileReference; fileEncoding = 4; lastKnownFileType = sourcecode.cpp.cpp; name = StepElement_SequenceOfElementMaterial_0.cxx; path = ../../../drv/StepElement/StepElement_SequenceOfElementMaterial_0.cxx; sourceTree = "<group>"; };
		176B0DFD0F990A61115A17A4 = {isa = PBXFileReference; fileEncoding = 4; lastKnownFileType = sourcecode.cpp.cpp; name = StepElement_SequenceOfSurfaceElementPurposeMember_0.cxx; path = ../../../drv/StepElement/StepElement_SequenceOfSurfaceElementPurposeMember_0.cxx; sourceTree = "<group>"; };
		0E470D6608F90FE90FDA0D5C = {isa = PBXFileReference; fileEncoding = 4; lastKnownFileType = sourcecode.cpp.cpp; name = StepElement_AnalysisItemWithinRepresentation.cxx; path = ../../../src/StepElement/StepElement_AnalysisItemWithinRepresentation.cxx; sourceTree = "<group>"; };
		1419047500E2094C18E10BFB = {isa = PBXFileReference; fileEncoding = 4; lastKnownFileType = sourcecode.cpp.cpp; name = StepElement_Curve3dElementDescriptor.cxx; path = ../../../src/StepElement/StepElement_Curve3dElementDescriptor.cxx; sourceTree = "<group>"; };
		011500BE175D173506E70015 = {isa = PBXFileReference; fileEncoding = 4; lastKnownFileType = sourcecode.cpp.cpp; name = StepElement_CurveElementEndReleasePacket.cxx; path = ../../../src/StepElement/StepElement_CurveElementEndReleasePacket.cxx; sourceTree = "<group>"; };
		06C513B71661091000790D82 = {isa = PBXFileReference; fileEncoding = 4; lastKnownFileType = sourcecode.cpp.cpp; name = StepElement_CurveElementFreedom.cxx; path = ../../../src/StepElement/StepElement_CurveElementFreedom.cxx; sourceTree = "<group>"; };
		096717CA082A0A9C06350A16 = {isa = PBXFileReference; fileEncoding = 4; lastKnownFileType = sourcecode.cpp.cpp; name = StepElement_CurveElementFreedomMember.cxx; path = ../../../src/StepElement/StepElement_CurveElementFreedomMember.cxx; sourceTree = "<group>"; };
		172F11D100CE177D041C0349 = {isa = PBXFileReference; fileEncoding = 4; lastKnownFileType = sourcecode.cpp.cpp; name = StepElement_CurveElementPurpose.cxx; path = ../../../src/StepElement/StepElement_CurveElementPurpose.cxx; sourceTree = "<group>"; };
		00CF0E750CBF18CD0DB5072B = {isa = PBXFileReference; fileEncoding = 4; lastKnownFileType = sourcecode.cpp.cpp; name = StepElement_CurveElementPurposeMember.cxx; path = ../../../src/StepElement/StepElement_CurveElementPurposeMember.cxx; sourceTree = "<group>"; };
		13180B4905C01240007E0E4D = {isa = PBXFileReference; fileEncoding = 4; lastKnownFileType = sourcecode.cpp.cpp; name = StepElement_CurveElementSectionDefinition.cxx; path = ../../../src/StepElement/StepElement_CurveElementSectionDefinition.cxx; sourceTree = "<group>"; };
		05CE0A660EDE0747048915EF = {isa = PBXFileReference; fileEncoding = 4; lastKnownFileType = sourcecode.cpp.cpp; name = StepElement_CurveElementSectionDerivedDefinitions.cxx; path = ../../../src/StepElement/StepElement_CurveElementSectionDerivedDefinitions.cxx; sourceTree = "<group>"; };
		0DC10D330CE0146006420697 = {isa = PBXFileReference; fileEncoding = 4; lastKnownFileType = sourcecode.cpp.cpp; name = StepElement_ElementAspect.cxx; path = ../../../src/StepElement/StepElement_ElementAspect.cxx; sourceTree = "<group>"; };
		0DD200240F8406C40E901242 = {isa = PBXFileReference; fileEncoding = 4; lastKnownFileType = sourcecode.cpp.cpp; name = StepElement_ElementAspectMember.cxx; path = ../../../src/StepElement/StepElement_ElementAspectMember.cxx; sourceTree = "<group>"; };
		0D6A072700E418E509370F23 = {isa = PBXFileReference; fileEncoding = 4; lastKnownFileType = sourcecode.cpp.cpp; name = StepElement_ElementDescriptor.cxx; path = ../../../src/StepElement/StepElement_ElementDescriptor.cxx; sourceTree = "<group>"; };
		0ABB046E026B16D7015E0677 = {isa = PBXFileReference; fileEncoding = 4; lastKnownFileType = sourcecode.cpp.cpp; name = StepElement_ElementMaterial.cxx; path = ../../../src/StepElement/StepElement_ElementMaterial.cxx; sourceTree = "<group>"; };
		05C414581232140301B61771 = {isa = PBXFileReference; fileEncoding = 4; lastKnownFileType = sourcecode.cpp.cpp; name = StepElement_MeasureOrUnspecifiedValue.cxx; path = ../../../src/StepElement/StepElement_MeasureOrUnspecifiedValue.cxx; sourceTree = "<group>"; };
		029B02FE073D191F0FA61523 = {isa = PBXFileReference; fileEncoding = 4; lastKnownFileType = sourcecode.cpp.cpp; name = StepElement_MeasureOrUnspecifiedValueMember.cxx; path = ../../../src/StepElement/StepElement_MeasureOrUnspecifiedValueMember.cxx; sourceTree = "<group>"; };
		0F460EB602E416610F1105DE = {isa = PBXFileReference; fileEncoding = 4; lastKnownFileType = sourcecode.cpp.cpp; name = StepElement_Surface3dElementDescriptor.cxx; path = ../../../src/StepElement/StepElement_Surface3dElementDescriptor.cxx; sourceTree = "<group>"; };
		133A03551689174F03780C36 = {isa = PBXFileReference; fileEncoding = 4; lastKnownFileType = sourcecode.cpp.cpp; name = StepElement_SurfaceElementProperty.cxx; path = ../../../src/StepElement/StepElement_SurfaceElementProperty.cxx; sourceTree = "<group>"; };
		112B09B0068518C40408092B = {isa = PBXFileReference; fileEncoding = 4; lastKnownFileType = sourcecode.cpp.cpp; name = StepElement_SurfaceElementPurpose.cxx; path = ../../../src/StepElement/StepElement_SurfaceElementPurpose.cxx; sourceTree = "<group>"; };
		0AE10B32157B11E812E607AA = {isa = PBXFileReference; fileEncoding = 4; lastKnownFileType = sourcecode.cpp.cpp; name = StepElement_SurfaceElementPurposeMember.cxx; path = ../../../src/StepElement/StepElement_SurfaceElementPurposeMember.cxx; sourceTree = "<group>"; };
		15CF0EC001A316150BF216BA = {isa = PBXFileReference; fileEncoding = 4; lastKnownFileType = sourcecode.cpp.cpp; name = StepElement_SurfaceSection.cxx; path = ../../../src/StepElement/StepElement_SurfaceSection.cxx; sourceTree = "<group>"; };
		00A212FB155709F2178B0CE3 = {isa = PBXFileReference; fileEncoding = 4; lastKnownFileType = sourcecode.cpp.cpp; name = StepElement_SurfaceSectionField.cxx; path = ../../../src/StepElement/StepElement_SurfaceSectionField.cxx; sourceTree = "<group>"; };
		0BF90797066D114A157D0278 = {isa = PBXFileReference; fileEncoding = 4; lastKnownFileType = sourcecode.cpp.cpp; name = StepElement_SurfaceSectionFieldConstant.cxx; path = ../../../src/StepElement/StepElement_SurfaceSectionFieldConstant.cxx; sourceTree = "<group>"; };
		010709EE0D7E0F8C0F2E09ED = {isa = PBXFileReference; fileEncoding = 4; lastKnownFileType = sourcecode.cpp.cpp; name = StepElement_SurfaceSectionFieldVarying.cxx; path = ../../../src/StepElement/StepElement_SurfaceSectionFieldVarying.cxx; sourceTree = "<group>"; };
		0C26108B004F120D04691394 = {isa = PBXFileReference; fileEncoding = 4; lastKnownFileType = sourcecode.cpp.cpp; name = StepElement_UniformSurfaceSection.cxx; path = ../../../src/StepElement/StepElement_UniformSurfaceSection.cxx; sourceTree = "<group>"; };
		00CA1411059D12B01874173C = {isa = PBXFileReference; fileEncoding = 4; lastKnownFileType = sourcecode.cpp.cpp; name = StepElement_Volume3dElementDescriptor.cxx; path = ../../../src/StepElement/StepElement_Volume3dElementDescriptor.cxx; sourceTree = "<group>"; };
		09B2095C066E0EA6080805B6 = {isa = PBXFileReference; fileEncoding = 4; lastKnownFileType = sourcecode.cpp.cpp; name = StepElement_VolumeElementPurpose.cxx; path = ../../../src/StepElement/StepElement_VolumeElementPurpose.cxx; sourceTree = "<group>"; };
		1231035E0886069611C60317 = {isa = PBXFileReference; fileEncoding = 4; lastKnownFileType = sourcecode.cpp.cpp; name = StepElement_VolumeElementPurposeMember.cxx; path = ../../../src/StepElement/StepElement_VolumeElementPurposeMember.cxx; sourceTree = "<group>"; };
		059A0EEE15E3069919370E69 = {isa = PBXFileReference; fileEncoding = 4; lastKnownFileType = sourcecode.cpp.cpp; name = StepFEA_Array1OfCurveElementEndOffset_0.cxx; path = ../../../drv/StepFEA/StepFEA_Array1OfCurveElementEndOffset_0.cxx; sourceTree = "<group>"; };
		13A7193011520E2900FC0B32 = {isa = PBXFileReference; fileEncoding = 4; lastKnownFileType = sourcecode.cpp.cpp; name = StepFEA_Array1OfCurveElementEndRelease_0.cxx; path = ../../../drv/StepFEA/StepFEA_Array1OfCurveElementEndRelease_0.cxx; sourceTree = "<group>"; };
		0217154214090C67073104C2 = {isa = PBXFileReference; fileEncoding = 4; lastKnownFileType = sourcecode.cpp.cpp; name = StepFEA_Array1OfCurveElementInterval_0.cxx; path = ../../../drv/StepFEA/StepFEA_Array1OfCurveElementInterval_0.cxx; sourceTree = "<group>"; };
		124206161171093F17CF0F98 = {isa = PBXFileReference; fileEncoding = 4; lastKnownFileType = sourcecode.cpp.cpp; name = StepFEA_Array1OfDegreeOfFreedom_0.cxx; path = ../../../drv/StepFEA/StepFEA_Array1OfDegreeOfFreedom_0.cxx; sourceTree = "<group>"; };
		1004158B018608AF01320850 = {isa = PBXFileReference; fileEncoding = 4; lastKnownFileType = sourcecode.cpp.cpp; name = StepFEA_Array1OfElementRepresentation_0.cxx; path = ../../../drv/StepFEA/StepFEA_Array1OfElementRepresentation_0.cxx; sourceTree = "<group>"; };
		17ED0F960F6507B603E20ABE = {isa = PBXFileReference; fileEncoding = 4; lastKnownFileType = sourcecode.cpp.cpp; name = StepFEA_Array1OfNodeRepresentation_0.cxx; path = ../../../drv/StepFEA/StepFEA_Array1OfNodeRepresentation_0.cxx; sourceTree = "<group>"; };
		0E790BE70C28111D116C05BB = {isa = PBXFileReference; fileEncoding = 4; lastKnownFileType = sourcecode.cpp.cpp; name = StepFEA_HArray1OfCurveElementEndOffset_0.cxx; path = ../../../drv/StepFEA/StepFEA_HArray1OfCurveElementEndOffset_0.cxx; sourceTree = "<group>"; };
		12280AD6087B0BDF074E04ED = {isa = PBXFileReference; fileEncoding = 4; lastKnownFileType = sourcecode.cpp.cpp; name = StepFEA_HArray1OfCurveElementEndRelease_0.cxx; path = ../../../drv/StepFEA/StepFEA_HArray1OfCurveElementEndRelease_0.cxx; sourceTree = "<group>"; };
		057618990F950E3F07F4027C = {isa = PBXFileReference; fileEncoding = 4; lastKnownFileType = sourcecode.cpp.cpp; name = StepFEA_HArray1OfCurveElementInterval_0.cxx; path = ../../../drv/StepFEA/StepFEA_HArray1OfCurveElementInterval_0.cxx; sourceTree = "<group>"; };
		0360090407E008DA0ABE0E94 = {isa = PBXFileReference; fileEncoding = 4; lastKnownFileType = sourcecode.cpp.cpp; name = StepFEA_HArray1OfDegreeOfFreedom_0.cxx; path = ../../../drv/StepFEA/StepFEA_HArray1OfDegreeOfFreedom_0.cxx; sourceTree = "<group>"; };
		0AAF00970FFF0B250F3403E1 = {isa = PBXFileReference; fileEncoding = 4; lastKnownFileType = sourcecode.cpp.cpp; name = StepFEA_HArray1OfElementRepresentation_0.cxx; path = ../../../drv/StepFEA/StepFEA_HArray1OfElementRepresentation_0.cxx; sourceTree = "<group>"; };
		004D10A909DB11B109410E05 = {isa = PBXFileReference; fileEncoding = 4; lastKnownFileType = sourcecode.cpp.cpp; name = StepFEA_HArray1OfNodeRepresentation_0.cxx; path = ../../../drv/StepFEA/StepFEA_HArray1OfNodeRepresentation_0.cxx; sourceTree = "<group>"; };
		0EE30123083116B40C2606A1 = {isa = PBXFileReference; fileEncoding = 4; lastKnownFileType = sourcecode.cpp.cpp; name = StepFEA_HSequenceOfCurve3dElementProperty_0.cxx; path = ../../../drv/StepFEA/StepFEA_HSequenceOfCurve3dElementProperty_0.cxx; sourceTree = "<group>"; };
		07F307BE1869127115070690 = {isa = PBXFileReference; fileEncoding = 4; lastKnownFileType = sourcecode.cpp.cpp; name = StepFEA_HSequenceOfElementGeometricRelationship_0.cxx; path = ../../../drv/StepFEA/StepFEA_HSequenceOfElementGeometricRelationship_0.cxx; sourceTree = "<group>"; };
		0C410E380FF40AF0074E125E = {isa = PBXFileReference; fileEncoding = 4; lastKnownFileType = sourcecode.cpp.cpp; name = StepFEA_HSequenceOfElementRepresentation_0.cxx; path = ../../../drv/StepFEA/StepFEA_HSequenceOfElementRepresentation_0.cxx; sourceTree = "<group>"; };
		0E700D4914980C151115050D = {isa = PBXFileReference; fileEncoding = 4; lastKnownFileType = sourcecode.cpp.cpp; name = StepFEA_HSequenceOfNodeRepresentation_0.cxx; path = ../../../drv/StepFEA/StepFEA_HSequenceOfNodeRepresentation_0.cxx; sourceTree = "<group>"; };
		09AD044604F2035609471696 = {isa = PBXFileReference; fileEncoding = 4; lastKnownFileType = sourcecode.cpp.cpp; name = StepFEA_SequenceNodeOfSequenceOfCurve3dElementProperty_0.cxx; path = ../../../drv/StepFEA/StepFEA_SequenceNodeOfSequenceOfCurve3dElementProperty_0.cxx; sourceTree = "<group>"; };
		139C02A801640E86189B101C = {isa = PBXFileReference; fileEncoding = 4; lastKnownFileType = sourcecode.cpp.cpp; name = StepFEA_SequenceNodeOfSequenceOfElementGeometricRelationship_0.cxx; path = ../../../drv/StepFEA/StepFEA_SequenceNodeOfSequenceOfElementGeometricRelationship_0.cxx; sourceTree = "<group>"; };
		0F58161B0C9F0937088D0912 = {isa = PBXFileReference; fileEncoding = 4; lastKnownFileType = sourcecode.cpp.cpp; name = StepFEA_SequenceNodeOfSequenceOfElementRepresentation_0.cxx; path = ../../../drv/StepFEA/StepFEA_SequenceNodeOfSequenceOfElementRepresentation_0.cxx; sourceTree = "<group>"; };
		0C32033203FC008C03EB16C5 = {isa = PBXFileReference; fileEncoding = 4; lastKnownFileType = sourcecode.cpp.cpp; name = StepFEA_SequenceNodeOfSequenceOfNodeRepresentation_0.cxx; path = ../../../drv/StepFEA/StepFEA_SequenceNodeOfSequenceOfNodeRepresentation_0.cxx; sourceTree = "<group>"; };
		111A050D0B82108C0F171544 = {isa = PBXFileReference; fileEncoding = 4; lastKnownFileType = sourcecode.cpp.cpp; name = StepFEA_SequenceOfCurve3dElementProperty_0.cxx; path = ../../../drv/StepFEA/StepFEA_SequenceOfCurve3dElementProperty_0.cxx; sourceTree = "<group>"; };
		0EC80F4E0A160EDD09A10021 = {isa = PBXFileReference; fileEncoding = 4; lastKnownFileType = sourcecode.cpp.cpp; name = StepFEA_SequenceOfElementGeometricRelationship_0.cxx; path = ../../../drv/StepFEA/StepFEA_SequenceOfElementGeometricRelationship_0.cxx; sourceTree = "<group>"; };
		11EB0E2918E40243153F112E = {isa = PBXFileReference; fileEncoding = 4; lastKnownFileType = sourcecode.cpp.cpp; name = StepFEA_SequenceOfElementRepresentation_0.cxx; path = ../../../drv/StepFEA/StepFEA_SequenceOfElementRepresentation_0.cxx; sourceTree = "<group>"; };
		190B1412049F0A001528111F = {isa = PBXFileReference; fileEncoding = 4; lastKnownFileType = sourcecode.cpp.cpp; name = StepFEA_SequenceOfNodeRepresentation_0.cxx; path = ../../../drv/StepFEA/StepFEA_SequenceOfNodeRepresentation_0.cxx; sourceTree = "<group>"; };
		0061091D095216DB02B10543 = {isa = PBXFileReference; fileEncoding = 4; lastKnownFileType = sourcecode.cpp.cpp; name = StepFEA_AlignedCurve3dElementCoordinateSystem.cxx; path = ../../../src/StepFEA/StepFEA_AlignedCurve3dElementCoordinateSystem.cxx; sourceTree = "<group>"; };
		0F620AC5135013641709122E = {isa = PBXFileReference; fileEncoding = 4; lastKnownFileType = sourcecode.cpp.cpp; name = StepFEA_AlignedSurface3dElementCoordinateSystem.cxx; path = ../../../src/StepFEA/StepFEA_AlignedSurface3dElementCoordinateSystem.cxx; sourceTree = "<group>"; };
		0BE41225052716A70F3F09CF = {isa = PBXFileReference; fileEncoding = 4; lastKnownFileType = sourcecode.cpp.cpp; name = StepFEA_ArbitraryVolume3dElementCoordinateSystem.cxx; path = ../../../src/StepFEA/StepFEA_ArbitraryVolume3dElementCoordinateSystem.cxx; sourceTree = "<group>"; };
		16AC1394024C0C80154207D5 = {isa = PBXFileReference; fileEncoding = 4; lastKnownFileType = sourcecode.cpp.cpp; name = StepFEA_ConstantSurface3dElementCoordinateSystem.cxx; path = ../../../src/StepFEA/StepFEA_ConstantSurface3dElementCoordinateSystem.cxx; sourceTree = "<group>"; };
		0F0B0BCE15220447198613D2 = {isa = PBXFileReference; fileEncoding = 4; lastKnownFileType = sourcecode.cpp.cpp; name = StepFEA_Curve3dElementProperty.cxx; path = ../../../src/StepFEA/StepFEA_Curve3dElementProperty.cxx; sourceTree = "<group>"; };
		12B617970A6D182501D015C4 = {isa = PBXFileReference; fileEncoding = 4; lastKnownFileType = sourcecode.cpp.cpp; name = StepFEA_Curve3dElementRepresentation.cxx; path = ../../../src/StepFEA/StepFEA_Curve3dElementRepresentation.cxx; sourceTree = "<group>"; };
		073F07430CC814F90EDA0C15 = {isa = PBXFileReference; fileEncoding = 4; lastKnownFileType = sourcecode.cpp.cpp; name = StepFEA_CurveElementEndCoordinateSystem.cxx; path = ../../../src/StepFEA/StepFEA_CurveElementEndCoordinateSystem.cxx; sourceTree = "<group>"; };
		0C7018DD14450CAC070E1626 = {isa = PBXFileReference; fileEncoding = 4; lastKnownFileType = sourcecode.cpp.cpp; name = StepFEA_CurveElementEndOffset.cxx; path = ../../../src/StepFEA/StepFEA_CurveElementEndOffset.cxx; sourceTree = "<group>"; };
		0D10094208A708CA02740597 = {isa = PBXFileReference; fileEncoding = 4; lastKnownFileType = sourcecode.cpp.cpp; name = StepFEA_CurveElementEndRelease.cxx; path = ../../../src/StepFEA/StepFEA_CurveElementEndRelease.cxx; sourceTree = "<group>"; };
		04AA162D0B9A095602840D9C = {isa = PBXFileReference; fileEncoding = 4; lastKnownFileType = sourcecode.cpp.cpp; name = StepFEA_CurveElementInterval.cxx; path = ../../../src/StepFEA/StepFEA_CurveElementInterval.cxx; sourceTree = "<group>"; };
		17ED0B1D0AB6067C07D30CC5 = {isa = PBXFileReference; fileEncoding = 4; lastKnownFileType = sourcecode.cpp.cpp; name = StepFEA_CurveElementIntervalConstant.cxx; path = ../../../src/StepFEA/StepFEA_CurveElementIntervalConstant.cxx; sourceTree = "<group>"; };
		11560CE00352060A0BAE14F3 = {isa = PBXFileReference; fileEncoding = 4; lastKnownFileType = sourcecode.cpp.cpp; name = StepFEA_CurveElementIntervalLinearlyVarying.cxx; path = ../../../src/StepFEA/StepFEA_CurveElementIntervalLinearlyVarying.cxx; sourceTree = "<group>"; };
		144918FB04A2103814A91052 = {isa = PBXFileReference; fileEncoding = 4; lastKnownFileType = sourcecode.cpp.cpp; name = StepFEA_CurveElementLocation.cxx; path = ../../../src/StepFEA/StepFEA_CurveElementLocation.cxx; sourceTree = "<group>"; };
		0AD103300D7D07BA0BA41780 = {isa = PBXFileReference; fileEncoding = 4; lastKnownFileType = sourcecode.cpp.cpp; name = StepFEA_DegreeOfFreedom.cxx; path = ../../../src/StepFEA/StepFEA_DegreeOfFreedom.cxx; sourceTree = "<group>"; };
		0BCB04FC0E720A2004B716F5 = {isa = PBXFileReference; fileEncoding = 4; lastKnownFileType = sourcecode.cpp.cpp; name = StepFEA_DegreeOfFreedomMember.cxx; path = ../../../src/StepFEA/StepFEA_DegreeOfFreedomMember.cxx; sourceTree = "<group>"; };
		16F10F66083D0D8216DE08BB = {isa = PBXFileReference; fileEncoding = 4; lastKnownFileType = sourcecode.cpp.cpp; name = StepFEA_DummyNode.cxx; path = ../../../src/StepFEA/StepFEA_DummyNode.cxx; sourceTree = "<group>"; };
		196E0EAA11F30A7D11FF0C42 = {isa = PBXFileReference; fileEncoding = 4; lastKnownFileType = sourcecode.cpp.cpp; name = StepFEA_ElementGeometricRelationship.cxx; path = ../../../src/StepFEA/StepFEA_ElementGeometricRelationship.cxx; sourceTree = "<group>"; };
		0E550127149D17CF11D10A44 = {isa = PBXFileReference; fileEncoding = 4; lastKnownFileType = sourcecode.cpp.cpp; name = StepFEA_ElementGroup.cxx; path = ../../../src/StepFEA/StepFEA_ElementGroup.cxx; sourceTree = "<group>"; };
		006B0D3A14720E2514CF1273 = {isa = PBXFileReference; fileEncoding = 4; lastKnownFileType = sourcecode.cpp.cpp; name = StepFEA_ElementOrElementGroup.cxx; path = ../../../src/StepFEA/StepFEA_ElementOrElementGroup.cxx; sourceTree = "<group>"; };
		03A0183D1108069700B303D7 = {isa = PBXFileReference; fileEncoding = 4; lastKnownFileType = sourcecode.cpp.cpp; name = StepFEA_ElementRepresentation.cxx; path = ../../../src/StepFEA/StepFEA_ElementRepresentation.cxx; sourceTree = "<group>"; };
		06870D3F0ED7075B086305AF = {isa = PBXFileReference; fileEncoding = 4; lastKnownFileType = sourcecode.cpp.cpp; name = StepFEA_FeaAreaDensity.cxx; path = ../../../src/StepFEA/StepFEA_FeaAreaDensity.cxx; sourceTree = "<group>"; };
		0E8418940A3E10AB0254117D = {isa = PBXFileReference; fileEncoding = 4; lastKnownFileType = sourcecode.cpp.cpp; name = StepFEA_FeaAxis2Placement3d.cxx; path = ../../../src/StepFEA/StepFEA_FeaAxis2Placement3d.cxx; sourceTree = "<group>"; };
		0BFC00EE0CB8024A09450CDC = {isa = PBXFileReference; fileEncoding = 4; lastKnownFileType = sourcecode.cpp.cpp; name = StepFEA_FeaCurveSectionGeometricRelationship.cxx; path = ../../../src/StepFEA/StepFEA_FeaCurveSectionGeometricRelationship.cxx; sourceTree = "<group>"; };
		05E213941235000E02B504FE = {isa = PBXFileReference; fileEncoding = 4; lastKnownFileType = sourcecode.cpp.cpp; name = StepFEA_FeaGroup.cxx; path = ../../../src/StepFEA/StepFEA_FeaGroup.cxx; sourceTree = "<group>"; };
		0C86081318A110DF0A3F09E1 = {isa = PBXFileReference; fileEncoding = 4; lastKnownFileType = sourcecode.cpp.cpp; name = StepFEA_FeaLinearElasticity.cxx; path = ../../../src/StepFEA/StepFEA_FeaLinearElasticity.cxx; sourceTree = "<group>"; };
		11CD0E32153B172A183306C2 = {isa = PBXFileReference; fileEncoding = 4; lastKnownFileType = sourcecode.cpp.cpp; name = StepFEA_FeaMassDensity.cxx; path = ../../../src/StepFEA/StepFEA_FeaMassDensity.cxx; sourceTree = "<group>"; };
		0493190910AB0513005D0711 = {isa = PBXFileReference; fileEncoding = 4; lastKnownFileType = sourcecode.cpp.cpp; name = StepFEA_FeaMaterialPropertyRepresentation.cxx; path = ../../../src/StepFEA/StepFEA_FeaMaterialPropertyRepresentation.cxx; sourceTree = "<group>"; };
		124E14DA163A151C0D641881 = {isa = PBXFileReference; fileEncoding = 4; lastKnownFileType = sourcecode.cpp.cpp; name = StepFEA_FeaMaterialPropertyRepresentationItem.cxx; path = ../../../src/StepFEA/StepFEA_FeaMaterialPropertyRepresentationItem.cxx; sourceTree = "<group>"; };
		009C067005180B36050808D3 = {isa = PBXFileReference; fileEncoding = 4; lastKnownFileType = sourcecode.cpp.cpp; name = StepFEA_FeaModel.cxx; path = ../../../src/StepFEA/StepFEA_FeaModel.cxx; sourceTree = "<group>"; };
		0C3912A20F4B15D60BEC15C0 = {isa = PBXFileReference; fileEncoding = 4; lastKnownFileType = sourcecode.cpp.cpp; name = StepFEA_FeaModel3d.cxx; path = ../../../src/StepFEA/StepFEA_FeaModel3d.cxx; sourceTree = "<group>"; };
		06A40C9313FF19170E3B1706 = {isa = PBXFileReference; fileEncoding = 4; lastKnownFileType = sourcecode.cpp.cpp; name = StepFEA_FeaModelDefinition.cxx; path = ../../../src/StepFEA/StepFEA_FeaModelDefinition.cxx; sourceTree = "<group>"; };
		13DD0465090118320AC2166D = {isa = PBXFileReference; fileEncoding = 4; lastKnownFileType = sourcecode.cpp.cpp; name = StepFEA_FeaMoistureAbsorption.cxx; path = ../../../src/StepFEA/StepFEA_FeaMoistureAbsorption.cxx; sourceTree = "<group>"; };
		034B0EF71800100C14B7120D = {isa = PBXFileReference; fileEncoding = 4; lastKnownFileType = sourcecode.cpp.cpp; name = StepFEA_FeaParametricPoint.cxx; path = ../../../src/StepFEA/StepFEA_FeaParametricPoint.cxx; sourceTree = "<group>"; };
		13B805A914CE174D06F3077A = {isa = PBXFileReference; fileEncoding = 4; lastKnownFileType = sourcecode.cpp.cpp; name = StepFEA_FeaRepresentationItem.cxx; path = ../../../src/StepFEA/StepFEA_FeaRepresentationItem.cxx; sourceTree = "<group>"; };
		02D20CC210630BA905500103 = {isa = PBXFileReference; fileEncoding = 4; lastKnownFileType = sourcecode.cpp.cpp; name = StepFEA_FeaSecantCoefficientOfLinearThermalExpansion.cxx; path = ../../../src/StepFEA/StepFEA_FeaSecantCoefficientOfLinearThermalExpansion.cxx; sourceTree = "<group>"; };
		00C11565039B16EF007A080D = {isa = PBXFileReference; fileEncoding = 4; lastKnownFileType = sourcecode.cpp.cpp; name = StepFEA_FeaShellBendingStiffness.cxx; path = ../../../src/StepFEA/StepFEA_FeaShellBendingStiffness.cxx; sourceTree = "<group>"; };
		09A70BF00077100D125E17FF = {isa = PBXFileReference; fileEncoding = 4; lastKnownFileType = sourcecode.cpp.cpp; name = StepFEA_FeaShellMembraneBendingCouplingStiffness.cxx; path = ../../../src/StepFEA/StepFEA_FeaShellMembraneBendingCouplingStiffness.cxx; sourceTree = "<group>"; };
		0ECB04E5175B0A990A5004AB = {isa = PBXFileReference; fileEncoding = 4; lastKnownFileType = sourcecode.cpp.cpp; name = StepFEA_FeaShellMembraneStiffness.cxx; path = ../../../src/StepFEA/StepFEA_FeaShellMembraneStiffness.cxx; sourceTree = "<group>"; };
		0DC306B60D26169313141746 = {isa = PBXFileReference; fileEncoding = 4; lastKnownFileType = sourcecode.cpp.cpp; name = StepFEA_FeaShellShearStiffness.cxx; path = ../../../src/StepFEA/StepFEA_FeaShellShearStiffness.cxx; sourceTree = "<group>"; };
		042D03610FB405F406CB064C = {isa = PBXFileReference; fileEncoding = 4; lastKnownFileType = sourcecode.cpp.cpp; name = StepFEA_FeaSurfaceSectionGeometricRelationship.cxx; path = ../../../src/StepFEA/StepFEA_FeaSurfaceSectionGeometricRelationship.cxx; sourceTree = "<group>"; };
		153D058206D20C6F006B0B91 = {isa = PBXFileReference; fileEncoding = 4; lastKnownFileType = sourcecode.cpp.cpp; name = StepFEA_FeaTangentialCoefficientOfLinearThermalExpansion.cxx; path = ../../../src/StepFEA/StepFEA_FeaTangentialCoefficientOfLinearThermalExpansion.cxx; sourceTree = "<group>"; };
		16380DDC0E0F04A00DE5130A = {isa = PBXFileReference; fileEncoding = 4; lastKnownFileType = sourcecode.cpp.cpp; name = StepFEA_FreedomAndCoefficient.cxx; path = ../../../src/StepFEA/StepFEA_FreedomAndCoefficient.cxx; sourceTree = "<group>"; };
		0A5D0183065B14C80C3205E5 = {isa = PBXFileReference; fileEncoding = 4; lastKnownFileType = sourcecode.cpp.cpp; name = StepFEA_FreedomsList.cxx; path = ../../../src/StepFEA/StepFEA_FreedomsList.cxx; sourceTree = "<group>"; };
		0EDD16D50DEA04EA02F80B1E = {isa = PBXFileReference; fileEncoding = 4; lastKnownFileType = sourcecode.cpp.cpp; name = StepFEA_GeometricNode.cxx; path = ../../../src/StepFEA/StepFEA_GeometricNode.cxx; sourceTree = "<group>"; };
		161907A1040E042B0120166C = {isa = PBXFileReference; fileEncoding = 4; lastKnownFileType = sourcecode.cpp.cpp; name = StepFEA_Node.cxx; path = ../../../src/StepFEA/StepFEA_Node.cxx; sourceTree = "<group>"; };
		07860488157F16F10012002B = {isa = PBXFileReference; fileEncoding = 4; lastKnownFileType = sourcecode.cpp.cpp; name = StepFEA_NodeDefinition.cxx; path = ../../../src/StepFEA/StepFEA_NodeDefinition.cxx; sourceTree = "<group>"; };
		1719123B0F600A7D0EAE0A35 = {isa = PBXFileReference; fileEncoding = 4; lastKnownFileType = sourcecode.cpp.cpp; name = StepFEA_NodeGroup.cxx; path = ../../../src/StepFEA/StepFEA_NodeGroup.cxx; sourceTree = "<group>"; };
		12360AD816C2088914C6169B = {isa = PBXFileReference; fileEncoding = 4; lastKnownFileType = sourcecode.cpp.cpp; name = StepFEA_NodeRepresentation.cxx; path = ../../../src/StepFEA/StepFEA_NodeRepresentation.cxx; sourceTree = "<group>"; };
		08B8107B06D30DDD13360CCB = {isa = PBXFileReference; fileEncoding = 4; lastKnownFileType = sourcecode.cpp.cpp; name = StepFEA_NodeSet.cxx; path = ../../../src/StepFEA/StepFEA_NodeSet.cxx; sourceTree = "<group>"; };
		07E60E50148C049C04C10174 = {isa = PBXFileReference; fileEncoding = 4; lastKnownFileType = sourcecode.cpp.cpp; name = StepFEA_NodeWithSolutionCoordinateSystem.cxx; path = ../../../src/StepFEA/StepFEA_NodeWithSolutionCoordinateSystem.cxx; sourceTree = "<group>"; };
		057712B50A08168208C10F29 = {isa = PBXFileReference; fileEncoding = 4; lastKnownFileType = sourcecode.cpp.cpp; name = StepFEA_NodeWithVector.cxx; path = ../../../src/StepFEA/StepFEA_NodeWithVector.cxx; sourceTree = "<group>"; };
		12AE12F50DFE1849147403F3 = {isa = PBXFileReference; fileEncoding = 4; lastKnownFileType = sourcecode.cpp.cpp; name = StepFEA_ParametricCurve3dElementCoordinateDirection.cxx; path = ../../../src/StepFEA/StepFEA_ParametricCurve3dElementCoordinateDirection.cxx; sourceTree = "<group>"; };
		00360FA706D80E2F15C704C1 = {isa = PBXFileReference; fileEncoding = 4; lastKnownFileType = sourcecode.cpp.cpp; name = StepFEA_ParametricCurve3dElementCoordinateSystem.cxx; path = ../../../src/StepFEA/StepFEA_ParametricCurve3dElementCoordinateSystem.cxx; sourceTree = "<group>"; };
		0E88020F0C5A058B134211DE = {isa = PBXFileReference; fileEncoding = 4; lastKnownFileType = sourcecode.cpp.cpp; name = StepFEA_ParametricSurface3dElementCoordinateSystem.cxx; path = ../../../src/StepFEA/StepFEA_ParametricSurface3dElementCoordinateSystem.cxx; sourceTree = "<group>"; };
		0CBB0FCD190F112C0A0B0E79 = {isa = PBXFileReference; fileEncoding = 4; lastKnownFileType = sourcecode.cpp.cpp; name = StepFEA_Surface3dElementRepresentation.cxx; path = ../../../src/StepFEA/StepFEA_Surface3dElementRepresentation.cxx; sourceTree = "<group>"; };
		1040098F12750EC5187E18F8 = {isa = PBXFileReference; fileEncoding = 4; lastKnownFileType = sourcecode.cpp.cpp; name = StepFEA_SymmetricTensor22d.cxx; path = ../../../src/StepFEA/StepFEA_SymmetricTensor22d.cxx; sourceTree = "<group>"; };
		1451107C08680DCF0EB1036C = {isa = PBXFileReference; fileEncoding = 4; lastKnownFileType = sourcecode.cpp.cpp; name = StepFEA_SymmetricTensor23d.cxx; path = ../../../src/StepFEA/StepFEA_SymmetricTensor23d.cxx; sourceTree = "<group>"; };
		154F03EA0EDF15120FBC02BE = {isa = PBXFileReference; fileEncoding = 4; lastKnownFileType = sourcecode.cpp.cpp; name = StepFEA_SymmetricTensor23dMember.cxx; path = ../../../src/StepFEA/StepFEA_SymmetricTensor23dMember.cxx; sourceTree = "<group>"; };
		122F18E5076F133803CC080B = {isa = PBXFileReference; fileEncoding = 4; lastKnownFileType = sourcecode.cpp.cpp; name = StepFEA_SymmetricTensor42d.cxx; path = ../../../src/StepFEA/StepFEA_SymmetricTensor42d.cxx; sourceTree = "<group>"; };
		133E18730E7417360B350532 = {isa = PBXFileReference; fileEncoding = 4; lastKnownFileType = sourcecode.cpp.cpp; name = StepFEA_SymmetricTensor43d.cxx; path = ../../../src/StepFEA/StepFEA_SymmetricTensor43d.cxx; sourceTree = "<group>"; };
		0DE4101B0FC5196D11DA0596 = {isa = PBXFileReference; fileEncoding = 4; lastKnownFileType = sourcecode.cpp.cpp; name = StepFEA_SymmetricTensor43dMember.cxx; path = ../../../src/StepFEA/StepFEA_SymmetricTensor43dMember.cxx; sourceTree = "<group>"; };
		14AA15850FF315D504391120 = {isa = PBXFileReference; fileEncoding = 4; lastKnownFileType = sourcecode.cpp.cpp; name = StepFEA_Volume3dElementRepresentation.cxx; path = ../../../src/StepFEA/StepFEA_Volume3dElementRepresentation.cxx; sourceTree = "<group>"; };

		1381099109891213053D0075 = {isa = PBXFileReference; lastKnownFileType = file; name = libTKernel.dylib; path = libTKernel.dylib; sourceTree = "<group>"; };
		0E2C128F12EF16811445053E = {isa = PBXFileReference; lastKnownFileType = file; name = libTKXSBase.dylib; path = libTKXSBase.dylib; sourceTree = "<group>"; };
		11FA048A0E6C023815E309FD = {isa = PBXFileReference; lastKnownFileType = file; name = libTKSTEPBase.dylib; path = libTKSTEPBase.dylib; sourceTree = "<group>"; };

		144F13F90452085616760495 = {
			isa = PBXFrameworksBuildPhase;
			buildActionMask = 2147483647;
			files = (
				17650C81022516C310930D14 ,
				06C807290EAA0F9405F40CF6 ,
				09D0131A02090FF214911975 ,

			);
			runOnlyForDeploymentPostprocessing = 0;
		};

		06D410D40EAF148D095F07AC = {
			isa = PBXGroup;
			children = (
				0F07116208E605FD116516EF ,
				033D197D066903DA0BEF05E8 ,
				101C017C118D0FC7002C0642 ,
				0C7C05600DED0576039D197D ,
				10BB021F0ED60C2400F407F6 ,
				06670035030612A102EE0EDD ,
				12180311121010CD098F08DE ,
				10BB145513A01886186609A7 ,
				051607CB0BD510430A4A0FEA ,
				183A073B0FBD1016027A015B ,
				1837006716970A94071A04BB ,
				08DE14160AF016DC07AE0CEE ,
				046E080A015805E80214024B ,
				1901139B0797181209D20210 ,
				078D18770C860EF10E82101D ,
			);
			name = RWStepElement;
			sourceTree = "<group>";
		};
		0FED0BCC150C0EF50DC70ED9 = {
			isa = PBXGroup;
			children = (
				09ED02F00EF9036A06AE1048 ,
				164318620A04093C144B11C7 ,
				073803BB0C76079E01050816 ,
				189610311834071B014A056D ,
				020B089508F716E812290146 ,
				16D516E403650AB0176703A0 ,
				0D4D14050567108901CC153B ,
				064608F60F25065F090C0D5B ,
				10A519531689186B03AA0AC5 ,
				06160E84149E07750E16164B ,
				0813026312650FD50286022A ,
				1962164C118E0CBB16C80056 ,
				0D52142F05E600860E15013B ,
				17A50108077601D40D1006AD ,
				0B96150907230E88193E0B0E ,
				036C184C06CA0CD30EDB15DD ,
				0A31088102BD188C18A010DE ,
				104F134305011419091A1496 ,
				113A0C9504200FCF13E514C7 ,
				00900EE7172C162605320835 ,
				07610FB3190C0E3C1956042F ,
				0CF40B950A5E0B4A046810E7 ,
				15E2090810CE17F510AB1536 ,
				17B00EE4157D0D7408AD0B11 ,
				143E0E7E090C018E0F491080 ,
				15A5192E0C24009203EE0EE1 ,
				05271820003803F007D91143 ,
				0EBA1052004A06F505BE0550 ,
				149A11DD12C704CA08A9096D ,
				18AC0FD210AE0FC70095055B ,
				0C2810F80D7D166416890101 ,
				104F00BF005B02DF0A240A16 ,
				0BC70041033B163D11270E20 ,
				096D16AB0C5F032117561275 ,
				171F022F0EC7158E0CA0118D ,
				02E609FF0E3303910646164D ,
				0D1808BE0C22005E047C13F7 ,
				11C000DB100401F716BC0017 ,
				056C050A039F15AA12450F95 ,
				1073142E0727152B082F0C1E ,
				15BC0FBF105311AA15D80883 ,
				0A34113516F80F541258180E ,
				04FE0E6D0D71117D17A9070B ,
				04180A1502390C301657099C ,
				102B00E710A617DA19391346 ,
				0E6F020B130A110401621905 ,
				0318052004F903DD0C6D0B90 ,
				0CDD02E608A514BE04B40102 ,
				05E20E851008004D09051103 ,
				048F16991585133210C218C5 ,
				192A0CF704070FCA07711917 ,
				0B6C045203D919390F35042D ,
			);
			name = RWStepFEA;
			sourceTree = "<group>";
		};
		0832013A0DF70573148508DD = {
			isa = PBXGroup;
			children = (
				1733180700AC137B17EB1837 ,
				192909D90B42039601A30DAE ,
				113715A50F8510B00CFD04EB ,
				195B189A090602B410FC1794 ,
				0A0101FE0D510C8A037710E7 ,
				067613E814C70484071A0E2C ,
				0FB703880642065301A712C1 ,
				0F6B041E0432074F0BD8193B ,
				13240B1317540B6A0C321443 ,
				14A703F0131809F417801645 ,
				00840D8B165B0D2E06B60329 ,
				04C90A2B18C9090402AD0345 ,
				03CD0214159209610A3D18DD ,
				0EE104C20F7C0C6B10E70EFC ,
				18330D541805099018970921 ,
				13C111A201CF166915FB0F7D ,
				01FD0D320FA515D306C6068B ,
				0908094D1115078318C0117C ,
				0E17190A0E040FFA003507A6 ,
				07130851138E0527183B1930 ,
				062B08D90A7F172312330A4F ,
				158C0C2D162C146715F80193 ,
				016D0C4615490EFC04AF01A0 ,
				08581807084B0395130E11DA ,
				075F001913FE15EF07C80AB9 ,
				0F4E0AA9145E150F0AA90716 ,
				02910351125B1005144E0A42 ,
				0BE908DA13AC18B507FA06B3 ,
				02381823170311D3125A1316 ,
				0EFC15DD067716FC13210E33 ,
				15FE0F530EE20F13004D02A5 ,
				04C10E28083D00BD080F0F77 ,
				13BC186D147E0A9C05231313 ,
				176B0DFD0F990A61115A17A4 ,
				0E470D6608F90FE90FDA0D5C ,
				1419047500E2094C18E10BFB ,
				011500BE175D173506E70015 ,
				06C513B71661091000790D82 ,
				096717CA082A0A9C06350A16 ,
				172F11D100CE177D041C0349 ,
				00CF0E750CBF18CD0DB5072B ,
				13180B4905C01240007E0E4D ,
				05CE0A660EDE0747048915EF ,
				0DC10D330CE0146006420697 ,
				0DD200240F8406C40E901242 ,
				0D6A072700E418E509370F23 ,
				0ABB046E026B16D7015E0677 ,
				05C414581232140301B61771 ,
				029B02FE073D191F0FA61523 ,
				0F460EB602E416610F1105DE ,
				133A03551689174F03780C36 ,
				112B09B0068518C40408092B ,
				0AE10B32157B11E812E607AA ,
				15CF0EC001A316150BF216BA ,
				00A212FB155709F2178B0CE3 ,
				0BF90797066D114A157D0278 ,
				010709EE0D7E0F8C0F2E09ED ,
				0C26108B004F120D04691394 ,
				00CA1411059D12B01874173C ,
				09B2095C066E0EA6080805B6 ,
				1231035E0886069611C60317 ,
			);
			name = StepElement;
			sourceTree = "<group>";
		};
		05DA08E815D611E4196706C9 = {
			isa = PBXGroup;
			children = (
				059A0EEE15E3069919370E69 ,
				13A7193011520E2900FC0B32 ,
				0217154214090C67073104C2 ,
				124206161171093F17CF0F98 ,
				1004158B018608AF01320850 ,
				17ED0F960F6507B603E20ABE ,
				0E790BE70C28111D116C05BB ,
				12280AD6087B0BDF074E04ED ,
				057618990F950E3F07F4027C ,
				0360090407E008DA0ABE0E94 ,
				0AAF00970FFF0B250F3403E1 ,
				004D10A909DB11B109410E05 ,
				0EE30123083116B40C2606A1 ,
				07F307BE1869127115070690 ,
				0C410E380FF40AF0074E125E ,
				0E700D4914980C151115050D ,
				09AD044604F2035609471696 ,
				139C02A801640E86189B101C ,
				0F58161B0C9F0937088D0912 ,
				0C32033203FC008C03EB16C5 ,
				111A050D0B82108C0F171544 ,
				0EC80F4E0A160EDD09A10021 ,
				11EB0E2918E40243153F112E ,
				190B1412049F0A001528111F ,
				0061091D095216DB02B10543 ,
				0F620AC5135013641709122E ,
				0BE41225052716A70F3F09CF ,
				16AC1394024C0C80154207D5 ,
				0F0B0BCE15220447198613D2 ,
				12B617970A6D182501D015C4 ,
				073F07430CC814F90EDA0C15 ,
				0C7018DD14450CAC070E1626 ,
				0D10094208A708CA02740597 ,
				04AA162D0B9A095602840D9C ,
				17ED0B1D0AB6067C07D30CC5 ,
				11560CE00352060A0BAE14F3 ,
				144918FB04A2103814A91052 ,
				0AD103300D7D07BA0BA41780 ,
				0BCB04FC0E720A2004B716F5 ,
				16F10F66083D0D8216DE08BB ,
				196E0EAA11F30A7D11FF0C42 ,
				0E550127149D17CF11D10A44 ,
				006B0D3A14720E2514CF1273 ,
				03A0183D1108069700B303D7 ,
				06870D3F0ED7075B086305AF ,
				0E8418940A3E10AB0254117D ,
				0BFC00EE0CB8024A09450CDC ,
				05E213941235000E02B504FE ,
				0C86081318A110DF0A3F09E1 ,
				11CD0E32153B172A183306C2 ,
				0493190910AB0513005D0711 ,
				124E14DA163A151C0D641881 ,
				009C067005180B36050808D3 ,
				0C3912A20F4B15D60BEC15C0 ,
				06A40C9313FF19170E3B1706 ,
				13DD0465090118320AC2166D ,
				034B0EF71800100C14B7120D ,
				13B805A914CE174D06F3077A ,
				02D20CC210630BA905500103 ,
				00C11565039B16EF007A080D ,
				09A70BF00077100D125E17FF ,
				0ECB04E5175B0A990A5004AB ,
				0DC306B60D26169313141746 ,
				042D03610FB405F406CB064C ,
				153D058206D20C6F006B0B91 ,
				16380DDC0E0F04A00DE5130A ,
				0A5D0183065B14C80C3205E5 ,
				0EDD16D50DEA04EA02F80B1E ,
				161907A1040E042B0120166C ,
				07860488157F16F10012002B ,
				1719123B0F600A7D0EAE0A35 ,
				12360AD816C2088914C6169B ,
				08B8107B06D30DDD13360CCB ,
				07E60E50148C049C04C10174 ,
				057712B50A08168208C10F29 ,
				12AE12F50DFE1849147403F3 ,
				00360FA706D80E2F15C704C1 ,
				0E88020F0C5A058B134211DE ,
				0CBB0FCD190F112C0A0B0E79 ,
				1040098F12750EC5187E18F8 ,
				1451107C08680DCF0EB1036C ,
				154F03EA0EDF15120FBC02BE ,
				122F18E5076F133803CC080B ,
				133E18730E7417360B350532 ,
				0DE4101B0FC5196D11DA0596 ,
				14AA15850FF315D504391120 ,
			);
			name = StepFEA;
			sourceTree = "<group>";
		};

		0A390A890BD110A301360864 = {
			isa = PBXGroup;
			children = (
				1381099109891213053D0075 ,
				0E2C128F12EF16811445053E ,
				11FA048A0E6C023815E309FD ,

				06D8080F017C03290E4A1519 ,
				03AA174316380717175716C9 ,
			);
			sourceTree = "<group>";
		};
		06D8080F017C03290E4A1519 = {
			isa = PBXGroup;
			children = (
				06D410D40EAF148D095F07AC ,
				0FED0BCC150C0EF50DC70ED9 ,
				0832013A0DF70573148508DD ,
				05DA08E815D611E4196706C9 ,
			);
			name = "Source files";
			sourceTree = "<group>";
		};

		18510DD11358084707C50208 = {
			isa = PBXHeadersBuildPhase;
			buildActionMask = 2147483647;
			files = (
			);
			runOnlyForDeploymentPostprocessing = 0;
		};

		0EC717590754124202BC0C6F = {
			isa = PBXNativeTarget;
			buildConfigurationList = 07E412440ADE1101017F083D ;
			buildPhases = (
				111C13470A8E05F5127E163F ,
				144F13F90452085616760495 ,
				18510DD11358084707C50208 ,
			);
			buildRules = (
			);
			dependencies = (
			);
			name = TKSTEP209;
			productName = TKSTEP209;
			productReference = 03AA174316380717175716C9 ;
			productType = "com.apple.product-type.library.dynamic";
		};

		01B41366005709D70F720709 = {
			isa = PBXProject;
			attributes = {
				LastUpgradeCheck = 0430;
			};
			buildConfigurationList = 144C0B7F030B0F9B12DC0B78 ;
			compatibilityVersion = "Xcode 3.2";
			developmentRegion = English;
			hasScannedForEncodings = 0;
			knownRegions = (
				en,
			);
			mainGroup = 0A390A890BD110A301360864;
			productRefGroup = 0A390A890BD110A301360864;
			projectDirPath = "";
			projectRoot = "";
			targets = (
				0EC717590754124202BC0C6F ,
			);
		};

		111C13470A8E05F5127E163F = {
			isa = PBXSourcesBuildPhase;
			buildActionMask = 2147483647;
			files = (
				1306109E19111334137D190A ,
				110008981183190A06BB0CA3 ,
				10CB0A3D009F095802BF102D ,
				157D17E918E613B00C1A00BF ,
				0B8A038F15190A3A0F580E4C ,
				01FF100909FA0764073903F0 ,
				04230A1A13F01075160D05C9 ,
				0CE312A60CEF0A8A151A0652 ,
				04CC0C9700CC188413AE0A8A ,
				0ED01607176A18430AF90BE9 ,
				13B0192C03CD039710DD09D9 ,
				17830326087A07D4056710FB ,
				16DE11E003680C9312CD10B6 ,
				001B152A10E011D207FA038E ,
				02E9048F11FD03A303AD0062 ,
				148E060811F60C0B05470813 ,
				180E0576043B102F01DC0CAB ,
				016103C005140B83134C0450 ,
				091E03E409DA0DA5041E16BD ,
				151215DB17860BD512A1175C ,
				053A110E022414DC0E2D191F ,
				02890851179003920E870DEF ,
				07DC023613BF18DA0BB307C0 ,
				018017EE18EC03950C450478 ,
				07630F1F08A808E20D050034 ,
				121310F908B816761108141D ,
				04AF037F094900C10A7601E0 ,
				0702080C0BA8032506BA0096 ,
				051D0F260BFA022716AD12CB ,
				0D4A12DE133F12AD08101151 ,
				17590EA80071129D155813AB ,
				09A40D9308980E86168616CE ,
				09460ABE08EF0DBC0B371547 ,
				06530E0310570EAD099E034F ,
				13B1175F000802890284184B ,
				1742106E166D184E0FBB0D3F ,
				0B0001C906B016960D9B146D ,
				04AD01D60343007D09700268 ,
				08E404B7081F153701211657 ,
				0A18067D176906F005080702 ,
				087018C7144404790F240F4E ,
				0A1B01F00DE8028313AD0103 ,
				188504CA16A615DA024C09E8 ,
				044900EA05E212EE02E80D9B ,
				038C0BB00A810B0005DD0615 ,
				014D02A5185B125B06F30789 ,
				0A35134D04C90BC80B820228 ,
				13EE0C16078C09ED04AC0AC3 ,
				022E0468028B11EB0B1F0714 ,
				0D36109311E2128C0747079D ,
				11E90E7C0F4907DC1511008C ,
				06B007B916000F14112C00B4 ,
				15970EE207FE0FF4111611F9 ,
				012201AF1673065707120B90 ,
				10BA099518FC12801183188E ,
				159B066A08C614FA15E6123D ,
				081403B806CB17D01083123A ,
				13BC093B0BB512650508083F ,
				0FA517B718620CE20B9F133E ,
				132B01D315AB04340DF40AEF ,
				1517036A030E152114C802ED ,
				05A2146914B006420A8E0195 ,
				081809AD19170F9F110D04AA ,
				0CDF0782032D0F600E89179F ,
				16EC0A18085B151204BA08E5 ,
				11190AA5020611EC0ACA173D ,
				0DC1021D141D14CE08930879 ,
				01FA115D13FC0B8011021232 ,
				13E2017301AC00E1147F1588 ,
				0BAF0C56073418270C3007D8 ,
				14DD0DDC16630B70076F093E ,
				12F70B1C070D05F204B50367 ,
				0B910B2E12A109C7107906D5 ,
				175C025102740596052D12F2 ,
				163B047F1678141A072D0039 ,
				003B0BCA167A04E708430A8F ,
				098B000A07FC0A8B1304020C ,
				0C9006C301EA0E0404F30720 ,
				080B10E6057E0B7215E70A2C ,
				155F163918CD1086147916BD ,
				1178180D0ACC0589088403F8 ,
				122D0DC60A4D05F40DD51317 ,
				10C006370C1F1005000904E1 ,
				17B802CD194109160F280D1C ,
				17710B3817020F030AC012A2 ,
				05E7122515A0157410D20F6E ,
				0042157614A31972042B046E ,
				037A07E502C30B68057F011A ,
				123B00A606A106B80055142F ,
				02E205B811620466131C16FF ,
				15B209C71032139A0E4512E0 ,
				10A700EB0DAB109A169813A4 ,
				13E80322075F0EB601970E70 ,
				11C9135303F212A3079D15A9 ,
				144615460B180613121910F1 ,
				03170C5E0D9C102D094D0BFA ,
				0A00089D174A036D1271151B ,
				0F940ECC020C0BFD0DE51824 ,
				086F0418161A0D940B781286 ,
				0793062B12EE0DE9061E072E ,
				0DBF0E2D085507DD095A0C12 ,
				0C5D008609700F79184A0FFE ,
				187C096E0FC7074717190020 ,
				144415790A4C05DE10A911B9 ,
				09E70E270A4B005B169704A3 ,
				0D7503B40327030C0FDD147F ,
				08120DE4093406F409D003DC ,
				166C0FF1124E1594173611E1 ,
				0FB30A8D033A0E600C99028C ,
				13F1188414301331181C0AC2 ,
				0CC7137D041B119D0BEE041A ,
				07BD05390E6E0900092115EE ,
				046A0ED104DA0E9C14D7037F ,
				154410C314C017A8036C1103 ,
				08DF116B0BD80504024D0A3F ,
				10900E6611C70B0A06B005CF ,
				0E890361038004F013FE0944 ,
				02DF065C114F118917650F84 ,
				170312F615390DE810071279 ,
				17A712580CCB0462119E0C37 ,
				032D02910613026713DA0D57 ,
				04350DE20E680D3915670839 ,
				0FE809AB0FA413C7070906D0 ,
				029C01EE13C0104609E30974 ,
				06FB008707A81709108918B1 ,
				0BBD0E020B09156E05230C98 ,
				11AC084609F30523012A09BF ,
				198307651183075E0AE10099 ,
				175A0C45052106740D1206B5 ,
				0B3410E40D370BDD054117EC ,
				15EC152C0D5C0761182306DC ,
				012016DE07F2047406A91393 ,
				0121089301720ADA076310C5 ,
				02C1195812201635163009A0 ,
				01BB0D5103FF120B02CA14A4 ,
				03FB0C910BB703B70B2B00B1 ,
				0F8600230A6B132804040E94 ,
				1187109110BD0FC206CD0E2B ,
				18EF07DF137217560A4D192F ,
				124A0CC710D004DA080E184E ,
				0BB702C8092A15CE04C90A5F ,
				1180104C0BAB0661087D1363 ,
				04410F810F140D9114711575 ,
				096C09B011F1085D08950266 ,
				083B165918E7006816540F9E ,
				11F9190504F7131C105D0448 ,
				03B906750FD20F310EA9024B ,
				16260ED1124E03730D2A102A ,
				17860E02009310DB0AD81727 ,
				0A22036B0A0A021204A914BE ,
				02C308820E7B0ED905ED0238 ,
				09E6170A15AD0D85155B068F ,
				06061097040F165016D306E7 ,
				07E9091110F102271920089B ,
				06A40F3A0AC10FDA07BE0688 ,
				1852175104100B2801DB11EB ,
				184C01B514BA026A18C40B17 ,
				13A118B8038918C21168130B ,
				0180102D06940F8C04C20DE4 ,
				13E20C7D10F80F8B171A0117 ,
				08630FD50764172409B4117C ,
				01C711DB0EF315B808D9193C ,
				0E4E1931052D195F0B780C12 ,
				14EF14D7181E151515E7034B ,
				12B0131C08560786029C0346 ,
				08B6105311C70861013414A8 ,
				0D690CCB195117150655051E ,
				0FA80C8B088316EB11D20DE0 ,
				0FFF0A1B0ACD043F0C5902EC ,
				114E1231081B0A45067A0009 ,
				0B5D0DC50BC2055E00B81976 ,
				133C0FF20A620D0E165E0E39 ,
				101C002111DC15D203430083 ,
				13FF15BE0B9207E60FEF144B ,
				06A10471194C0CA90A0F0F7C ,
				0A2216E8004513540A880DAD ,
				1319126C08110F021542181A ,
				197C1622040E116506421580 ,
				06BB0FEE0936139C10700C3A ,
				00AF056E19681418054D000D ,
				18F70F660D890DE118340C74 ,
				0E8103C2182B105C0DEB0F2F ,
				0FD60C15178C0F4B184A0E5C ,
				10CF09BE193A181E075917B2 ,
				12850BB000AE00D911281979 ,
				02440F2F11CF03EE028205F7 ,
				07DD0CB60FE810690BA90AEF ,
				19690C3A1402065E140B0983 ,
				178E18C5114D124F0E1A191D ,
				15A107D6185E09B90980104F ,
				1805038E069201150B511614 ,
				0541157115420607165A13C1 ,
				11EB034D0AC8188E00D21718 ,
				13E203A9084D18A812F109DC ,
				0D1A0E9516D118CC05C107C9 ,
				09D6012E1644157E0548037E ,
				046500611936189014160786 ,
				0BB80C82075F02351111067F ,
				000004770CE50D2B05CB0724 ,
				18070439062C024115340809 ,
				0E8E08C1137E0CE50DF003DD ,
				03C6137A0A0B0BC20E660B96 ,
				07F50A420E97085F17580F52 ,
				0A3F13630055167713D90F7F ,
				0C9212CD0EEF1767083D0B32 ,
				0AA8053E0267175510A80FA3 ,
				0D44160107E5019E0943097A ,
				0781169D15050A3711560E66 ,
				14040509096E0846007C1690 ,
				06CD0CCF03AF0F0F0AF6031B ,
				11D010060853030702C905F3 ,
				177C01180AC4112E12F61936 ,
				0883078A0C2301D50FCB1583 ,
				097F0936177B05F20A940824 ,

			);
			runOnlyForDeploymentPostprocessing = 0;
		};

		177009D4088218130B6E087D = {
			isa = XCBuildConfiguration;
			buildSettings = {
				ALWAYS_SEARCH_USER_PATHS = NO;
				ARCHS = "$(ARCHS_STANDARD_64_BIT)";
				COPY_PHASE_STRIP = NO;
				GCC_C_LANGUAGE_STANDARD = gnu99;
				GCC_DYNAMIC_NO_PIC = NO;
				GCC_ENABLE_OBJC_EXCEPTIONS = YES;
				GCC_OPTIMIZATION_LEVEL = 0;
				GCC_PREPROCESSOR_DEFINITIONS = (
					"DEBUG=1",
					"$(inherited)",
				);
				GCC_SYMBOLS_PRIVATE_EXTERN = NO;
				GCC_VERSION = com.apple.compilers.llvm.clang.1_0;
				GCC_WARN_64_TO_32_BIT_CONVERSION = YES;
				GCC_WARN_ABOUT_RETURN_TYPE = YES;
				GCC_WARN_UNINITIALIZED_AUTOS = YES;
				GCC_WARN_UNUSED_VARIABLE = YES;
				OTHER_LDFLAGS = "$(CSF_OPT_LNK64)"; 
				ONLY_ACTIVE_ARCH = YES;
			};
			name = Debug;
		};
		1892143508DE0C9500AA0C9D = {
			isa = XCBuildConfiguration;
			buildSettings = {
				ALWAYS_SEARCH_USER_PATHS = NO;
				ARCHS = "$(ARCHS_STANDARD_64_BIT)";
				COPY_PHASE_STRIP = YES;
				DEBUG_INFORMATION_FORMAT = "dwarf-with-dsym";
				GCC_C_LANGUAGE_STANDARD = gnu99;
				GCC_ENABLE_OBJC_EXCEPTIONS = YES;
				GCC_VERSION = com.apple.compilers.llvm.clang.1_0;
				GCC_WARN_64_TO_32_BIT_CONVERSION = YES;
				GCC_WARN_ABOUT_RETURN_TYPE = YES;
				GCC_WARN_UNINITIALIZED_AUTOS = YES;
				GCC_WARN_UNUSED_VARIABLE = YES;
				OTHER_LDFLAGS = "$(CSF_OPT_LNK64D)";
			};
			name = Release;
		};
		0A740E2F011D154706D30ACB = {
			isa = XCBuildConfiguration;
			buildSettings = {
				EXECUTABLE_EXTENSION = dylib;
				EXECUTABLE_PREFIX = lib;
				GCC_PREPROCESSOR_DEFINITIONS = (
					CSFDB ,
					HAVE_WOK_CONFIG_H ,
					HAVE_CONFIG_H ,
					OCC_CONVERT_SIGNALS ,
				);
				HEADER_SEARCH_PATHS = (
					../../../inc,
					/Users/mnt/tools/WOK680/site/../lib,
					../../../drv/RWStepElement,
					../../../src/RWStepElement,
					../../../drv/RWStepFEA,
					../../../src/RWStepFEA,
					../../../drv/StepElement,
					../../../src/StepElement,
					../../../drv/StepFEA,
					../../../src/StepFEA,
					"$(CSF_OPT_INC)",
				);
				OTHER_CFLAGS = (
					"$(CSF_OPT_CMPL)",
				);
				OTHER_CPLUSPLUSFLAGS = (
					"$(OTHER_CFLAGS)",
				);
				PRODUCT_NAME = "$(TARGET_NAME)";
				USER_HEADER_SEARCH_PATHS = " ../../../inc /Users/mnt/tools/WOK680/site/../lib ../../../drv/RWStepElement ../../../src/RWStepElement ../../../drv/RWStepFEA ../../../src/RWStepFEA ../../../drv/StepElement ../../../src/StepElement ../../../drv/StepFEA ../../../src/StepFEA";
				WRAPPER_EXTENSION = dylib;
			};
			name = Debug;
		};
		02A60D4A0935051909090CA5 = {
			isa = XCBuildConfiguration;
			buildSettings = {
				EXECUTABLE_EXTENSION = dylib;
				EXECUTABLE_PREFIX = lib;
				GCC_PREPROCESSOR_DEFINITIONS = (
					CSFDB ,
					HAVE_WOK_CONFIG_H ,
					HAVE_CONFIG_H ,
					OCC_CONVERT_SIGNALS ,
				);
				HEADER_SEARCH_PATHS = (
					../../../inc,
					/Users/mnt/tools/WOK680/site/../lib,
					../../../drv/RWStepElement,
					../../../src/RWStepElement,
					../../../drv/RWStepFEA,
					../../../src/RWStepFEA,
					../../../drv/StepElement,
					../../../src/StepElement,
					../../../drv/StepFEA,
					../../../src/StepFEA,
					"$(CSF_OPT_INC)",
				);
				OTHER_CFLAGS = (
					"$(CSF_OPT_CMPL)",
				);
				OTHER_CPLUSPLUSFLAGS = (
					"$(OTHER_CFLAGS)",
				);
				PRODUCT_NAME = "$(TARGET_NAME)";
				USER_HEADER_SEARCH_PATHS = " ../../../inc /Users/mnt/tools/WOK680/site/../lib ../../../drv/RWStepElement ../../../src/RWStepElement ../../../drv/RWStepFEA ../../../src/RWStepFEA ../../../drv/StepElement ../../../src/StepElement ../../../drv/StepFEA ../../../src/StepFEA";
				WRAPPER_EXTENSION = dylib;
			};
			name = Release;
		};

		144C0B7F030B0F9B12DC0B78 = {
			isa = XCConfigurationList;
		buildConfigurations = (
				177009D4088218130B6E087D ,
				1892143508DE0C9500AA0C9D ,
			);
			defaultConfigurationIsVisible = 0;
			defaultConfigurationName = Release;
		};
		07E412440ADE1101017F083D = {
			isa = XCConfigurationList;
			buildConfigurations = (
				0A740E2F011D154706D30ACB ,
				02A60D4A0935051909090CA5 ,
			);
			defaultConfigurationIsVisible = 0;
			defaultConfigurationName = Release;
		};

	};
	rootObject = 01B41366005709D70F720709 ;
}
