Microsoft Visual Studio Solution File, Format Version 11.00
# Visual Studio 2010
Project("{8BC9CEB8-8B4A-11D0-8D11-00A0C91BC942}") = "TKVRML", "TKVRML.vcxproj", "{D24242EF-0FD6-1843-07C4-8A4A1F08454B}"
EndProject
Project("{8BC9CEB8-8B4A-11D0-8D11-00A0C91BC942}") = "TKXCAF", "TKXCAF.vcxproj", "{FD7C7DCF-1665-117E-00FA-823D4D86AACD}"
EndProject
Project("{8BC9CEB8-8B4A-11D0-8D11-00A0C91BC942}") = "TKSTL", "TKSTL.vcxproj", "{37BA23C9-14B1-0D91-10E3-624BCD5EAC8C}"
EndProject
Project("{8BC9CEB8-8B4A-11D0-8D11-00A0C91BC942}") = "TKXSBase", "TKXSBase.vcxproj", "{92580A8D-11DE-16DB-072D-1911E1E4D202}"
EndProject
Project("{8BC9CEB8-8B4A-11D0-8D11-00A0C91BC942}") = "TKXCAFSchema", "TKXCAFSchema.vcxproj", "{978974EC-0CBE-0243-045E-20AD6457B834}"
	ProjectSection(ProjectDependencies) = postProject
		{FD7C7DCF-1665-117E-00FA-823D4D86AACD} = {FD7C7DCF-1665-117E-00FA-823D4D86AACD}
	EndProjectSection
EndProject
Project("{8BC9CEB8-8B4A-11D0-8D11-00A0C91BC942}") = "TKXmlXCAF", "TKXmlXCAF.vcxproj", "{FE9DB2C2-0636-14F8-0ABB-D6098F0DC6B2}"
	ProjectSection(ProjectDependencies) = postProject
		{FD7C7DCF-1665-117E-00FA-823D4D86AACD} = {FD7C7DCF-1665-117E-00FA-823D4D86AACD}
	EndProjectSection
EndProject
Project("{8BC9CEB8-8B4A-11D0-8D11-00A0C91BC942}") = "TKBinXCAF", "TKBinXCAF.vcxproj", "{70060009-145A-0F89-01D2-2372BC419746}"
	ProjectSection(ProjectDependencies) = postProject
		{FD7C7DCF-1665-117E-00FA-823D4D86AACD} = {FD7C7DCF-1665-117E-00FA-823D4D86AACD}
	EndProjectSection
EndProject
Project("{8BC9CEB8-8B4A-11D0-8D11-00A0C91BC942}") = "TKSTEPBase", "TKSTEPBase.vcxproj", "{32A2F516-0C10-12E5-17B6-76F91FDD7570}"
	ProjectSection(ProjectDependencies) = postProject
		{92580A8D-11DE-16DB-072D-1911E1E4D202} = {92580A8D-11DE-16DB-072D-1911E1E4D202}
	EndProjectSection
EndProject
Project("{8BC9CEB8-8B4A-11D0-8D11-00A0C91BC942}") = "TKIGES", "TKIGES.vcxproj", "{491F7BDB-079A-0A03-0081-EF984AF73CE9}"
	ProjectSection(ProjectDependencies) = postProject
		{92580A8D-11DE-16DB-072D-1911E1E4D202} = {92580A8D-11DE-16DB-072D-1911E1E4D202}
	EndProjectSection
EndProject
Project("{8BC9CEB8-8B4A-11D0-8D11-00A0C91BC942}") = "TKSTEPAttr", "TKSTEPAttr.vcxproj", "{C0013048-0F01-0958-18D9-8506E4879C72}"
	ProjectSection(ProjectDependencies) = postProject
		{92580A8D-11DE-16DB-072D-1911E1E4D202} = {92580A8D-11DE-16DB-072D-1911E1E4D202}
		{32A2F516-0C10-12E5-17B6-76F91FDD7570} = {32A2F516-0C10-12E5-17B6-76F91FDD7570}
	EndProjectSection
EndProject
Project("{8BC9CEB8-8B4A-11D0-8D11-00A0C91BC942}") = "TKSTEP209", "TKSTEP209.vcxproj", "{3017B846-1875-01AE-13D0-CF67769191A0}"
	ProjectSection(ProjectDependencies) = postProject
		{92580A8D-11DE-16DB-072D-1911E1E4D202} = {92580A8D-11DE-16DB-072D-1911E1E4D202}
		{32A2F516-0C10-12E5-17B6-76F91FDD7570} = {32A2F516-0C10-12E5-17B6-76F91FDD7570}
	EndProjectSection
EndProject
Project("{8BC9CEB8-8B4A-11D0-8D11-00A0C91BC942}") = "TKXDEIGES", "TKXDEIGES.vcxproj", "{EFD06495-14F8-1101-0E56-68FB07389829}"
	ProjectSection(ProjectDependencies) = postProject
		{92580A8D-11DE-16DB-072D-1911E1E4D202} = {92580A8D-11DE-16DB-072D-1911E1E4D202}
		{FD7C7DCF-1665-117E-00FA-823D4D86AACD} = {FD7C7DCF-1665-117E-00FA-823D4D86AACD}
		{491F7BDB-079A-0A03-0081-EF984AF73CE9} = {491F7BDB-079A-0A03-0081-EF984AF73CE9}
	EndProjectSection
EndProject
Project("{8BC9CEB8-8B4A-11D0-8D11-00A0C91BC942}") = "TKSTEP", "TKSTEP.vcxproj", "{8DEC7C6A-16A6-0795-0F6C-62EDB5E442CB}"
	ProjectSection(ProjectDependencies) = postProject
		{C0013048-0F01-0958-18D9-8506E4879C72} = {C0013048-0F01-0958-18D9-8506E4879C72}
		{3017B846-1875-01AE-13D0-CF67769191A0} = {3017B846-1875-01AE-13D0-CF67769191A0}
		{32A2F516-0C10-12E5-17B6-76F91FDD7570} = {32A2F516-0C10-12E5-17B6-76F91FDD7570}
		{92580A8D-11DE-16DB-072D-1911E1E4D202} = {92580A8D-11DE-16DB-072D-1911E1E4D202}
	EndProjectSection
EndProject
Project("{8BC9CEB8-8B4A-11D0-8D11-00A0C91BC942}") = "TKXDESTEP", "TKXDESTEP.vcxproj", "{DD4B04E6-106E-1667-1652-6DBDD7CA8487}"
	ProjectSection(ProjectDependencies) = postProject
		{C0013048-0F01-0958-18D9-8506E4879C72} = {C0013048-0F01-0958-18D9-8506E4879C72}
		{92580A8D-11DE-16DB-072D-1911E1E4D202} = {92580A8D-11DE-16DB-072D-1911E1E4D202}
		{32A2F516-0C10-12E5-17B6-76F91FDD7570} = {32A2F516-0C10-12E5-17B6-76F91FDD7570}
		{FD7C7DCF-1665-117E-00FA-823D4D86AACD} = {FD7C7DCF-1665-117E-00FA-823D4D86AACD}
		{8DEC7C6A-16A6-0795-0F6C-62EDB5E442CB} = {8DEC7C6A-16A6-0795-0F6C-62EDB5E442CB}
	EndProjectSection
EndProject
Global
	GlobalSection(SolutionConfigurationPlatforms) = preSolution
		Debug|Win32 = Debug|Win32
		Release|Win32 = Release|Win32
		Debug|x64 = Debug|x64
		Release|x64 = Release|x64
	EndGlobalSection
	GlobalSection(ProjectConfigurationPlatforms) = postSolution
		{D24242EF-0FD6-1843-07C4-8A4A1F08454B}.Debug|Win32.ActiveCfg = Debug|Win32
		{D24242EF-0FD6-1843-07C4-8A4A1F08454B}.Debug|Win32.Build.0 = Debug|Win32
		{D24242EF-0FD6-1843-07C4-8A4A1F08454B}.Release|Win32.ActiveCfg = Release|Win32
		{D24242EF-0FD6-1843-07C4-8A4A1F08454B}.Release|Win32.Build.0 = Release|Win32
		{D24242EF-0FD6-1843-07C4-8A4A1F08454B}.Debug|x64.ActiveCfg = Debug|x64
		{D24242EF-0FD6-1843-07C4-8A4A1F08454B}.Debug|x64.Build.0 = Debug|x64
		{D24242EF-0FD6-1843-07C4-8A4A1F08454B}.Release|x64.ActiveCfg = Release|x64
		{D24242EF-0FD6-1843-07C4-8A4A1F08454B}.Release|x64.Build.0 = Release|x64
		{FD7C7DCF-1665-117E-00FA-823D4D86AACD}.Debug|Win32.ActiveCfg = Debug|Win32
		{FD7C7DCF-1665-117E-00FA-823D4D86AACD}.Debug|Win32.Build.0 = Debug|Win32
		{FD7C7DCF-1665-117E-00FA-823D4D86AACD}.Release|Win32.ActiveCfg = Release|Win32
		{FD7C7DCF-1665-117E-00FA-823D4D86AACD}.Release|Win32.Build.0 = Release|Win32
		{FD7C7DCF-1665-117E-00FA-823D4D86AACD}.Debug|x64.ActiveCfg = Debug|x64
		{FD7C7DCF-1665-117E-00FA-823D4D86AACD}.Debug|x64.Build.0 = Debug|x64
		{FD7C7DCF-1665-117E-00FA-823D4D86AACD}.Release|x64.ActiveCfg = Release|x64
		{FD7C7DCF-1665-117E-00FA-823D4D86AACD}.Release|x64.Build.0 = Release|x64
		{37BA23C9-14B1-0D91-10E3-624BCD5EAC8C}.Debug|Win32.ActiveCfg = Debug|Win32
		{37BA23C9-14B1-0D91-10E3-624BCD5EAC8C}.Debug|Win32.Build.0 = Debug|Win32
		{37BA23C9-14B1-0D91-10E3-624BCD5EAC8C}.Release|Win32.ActiveCfg = Release|Win32
		{37BA23C9-14B1-0D91-10E3-624BCD5EAC8C}.Release|Win32.Build.0 = Release|Win32
		{37BA23C9-14B1-0D91-10E3-624BCD5EAC8C}.Debug|x64.ActiveCfg = Debug|x64
		{37BA23C9-14B1-0D91-10E3-624BCD5EAC8C}.Debug|x64.Build.0 = Debug|x64
		{37BA23C9-14B1-0D91-10E3-624BCD5EAC8C}.Release|x64.ActiveCfg = Release|x64
		{37BA23C9-14B1-0D91-10E3-624BCD5EAC8C}.Release|x64.Build.0 = Release|x64
		{92580A8D-11DE-16DB-072D-1911E1E4D202}.Debug|Win32.ActiveCfg = Debug|Win32
		{92580A8D-11DE-16DB-072D-1911E1E4D202}.Debug|Win32.Build.0 = Debug|Win32
		{92580A8D-11DE-16DB-072D-1911E1E4D202}.Release|Win32.ActiveCfg = Release|Win32
		{92580A8D-11DE-16DB-072D-1911E1E4D202}.Release|Win32.Build.0 = Release|Win32
		{92580A8D-11DE-16DB-072D-1911E1E4D202}.Debug|x64.ActiveCfg = Debug|x64
		{92580A8D-11DE-16DB-072D-1911E1E4D202}.Debug|x64.Build.0 = Debug|x64
		{92580A8D-11DE-16DB-072D-1911E1E4D202}.Release|x64.ActiveCfg = Release|x64
		{92580A8D-11DE-16DB-072D-1911E1E4D202}.Release|x64.Build.0 = Release|x64
		{978974EC-0CBE-0243-045E-20AD6457B834}.Debug|Win32.ActiveCfg = Debug|Win32
		{978974EC-0CBE-0243-045E-20AD6457B834}.Debug|Win32.Build.0 = Debug|Win32
		{978974EC-0CBE-0243-045E-20AD6457B834}.Release|Win32.ActiveCfg = Release|Win32
		{978974EC-0CBE-0243-045E-20AD6457B834}.Release|Win32.Build.0 = Release|Win32
		{978974EC-0CBE-0243-045E-20AD6457B834}.Debug|x64.ActiveCfg = Debug|x64
		{978974EC-0CBE-0243-045E-20AD6457B834}.Debug|x64.Build.0 = Debug|x64
		{978974EC-0CBE-0243-045E-20AD6457B834}.Release|x64.ActiveCfg = Release|x64
		{978974EC-0CBE-0243-045E-20AD6457B834}.Release|x64.Build.0 = Release|x64
		{FE9DB2C2-0636-14F8-0ABB-D6098F0DC6B2}.Debug|Win32.ActiveCfg = Debug|Win32
		{FE9DB2C2-0636-14F8-0ABB-D6098F0DC6B2}.Debug|Win32.Build.0 = Debug|Win32
		{FE9DB2C2-0636-14F8-0ABB-D6098F0DC6B2}.Release|Win32.ActiveCfg = Release|Win32
		{FE9DB2C2-0636-14F8-0ABB-D6098F0DC6B2}.Release|Win32.Build.0 = Release|Win32
		{FE9DB2C2-0636-14F8-0ABB-D6098F0DC6B2}.Debug|x64.ActiveCfg = Debug|x64
		{FE9DB2C2-0636-14F8-0ABB-D6098F0DC6B2}.Debug|x64.Build.0 = Debug|x64
		{FE9DB2C2-0636-14F8-0ABB-D6098F0DC6B2}.Release|x64.ActiveCfg = Release|x64
		{FE9DB2C2-0636-14F8-0ABB-D6098F0DC6B2}.Release|x64.Build.0 = Release|x64
		{70060009-145A-0F89-01D2-2372BC419746}.Debug|Win32.ActiveCfg = Debug|Win32
		{70060009-145A-0F89-01D2-2372BC419746}.Debug|Win32.Build.0 = Debug|Win32
		{70060009-145A-0F89-01D2-2372BC419746}.Release|Win32.ActiveCfg = Release|Win32
		{70060009-145A-0F89-01D2-2372BC419746}.Release|Win32.Build.0 = Release|Win32
		{70060009-145A-0F89-01D2-2372BC419746}.Debug|x64.ActiveCfg = Debug|x64
		{70060009-145A-0F89-01D2-2372BC419746}.Debug|x64.Build.0 = Debug|x64
		{70060009-145A-0F89-01D2-2372BC419746}.Release|x64.ActiveCfg = Release|x64
		{70060009-145A-0F89-01D2-2372BC419746}.Release|x64.Build.0 = Release|x64
		{32A2F516-0C10-12E5-17B6-76F91FDD7570}.Debug|Win32.ActiveCfg = Debug|Win32
		{32A2F516-0C10-12E5-17B6-76F91FDD7570}.Debug|Win32.Build.0 = Debug|Win32
		{32A2F516-0C10-12E5-17B6-76F91FDD7570}.Release|Win32.ActiveCfg = Release|Win32
		{32A2F516-0C10-12E5-17B6-76F91FDD7570}.Release|Win32.Build.0 = Release|Win32
		{32A2F516-0C10-12E5-17B6-76F91FDD7570}.Debug|x64.ActiveCfg = Debug|x64
		{32A2F516-0C10-12E5-17B6-76F91FDD7570}.Debug|x64.Build.0 = Debug|x64
		{32A2F516-0C10-12E5-17B6-76F91FDD7570}.Release|x64.ActiveCfg = Release|x64
		{32A2F516-0C10-12E5-17B6-76F91FDD7570}.Release|x64.Build.0 = Release|x64
		{491F7BDB-079A-0A03-0081-EF984AF73CE9}.Debug|Win32.ActiveCfg = Debug|Win32
		{491F7BDB-079A-0A03-0081-EF984AF73CE9}.Debug|Win32.Build.0 = Debug|Win32
		{491F7BDB-079A-0A03-0081-EF984AF73CE9}.Release|Win32.ActiveCfg = Release|Win32
		{491F7BDB-079A-0A03-0081-EF984AF73CE9}.Release|Win32.Build.0 = Release|Win32
		{491F7BDB-079A-0A03-0081-EF984AF73CE9}.Debug|x64.ActiveCfg = Debug|x64
		{491F7BDB-079A-0A03-0081-EF984AF73CE9}.Debug|x64.Build.0 = Debug|x64
		{491F7BDB-079A-0A03-0081-EF984AF73CE9}.Release|x64.ActiveCfg = Release|x64
		{491F7BDB-079A-0A03-0081-EF984AF73CE9}.Release|x64.Build.0 = Release|x64
		{C0013048-0F01-0958-18D9-8506E4879C72}.Debug|Win32.ActiveCfg = Debug|Win32
		{C0013048-0F01-0958-18D9-8506E4879C72}.Debug|Win32.Build.0 = Debug|Win32
		{C0013048-0F01-0958-18D9-8506E4879C72}.Release|Win32.ActiveCfg = Release|Win32
		{C0013048-0F01-0958-18D9-8506E4879C72}.Release|Win32.Build.0 = Release|Win32
		{C0013048-0F01-0958-18D9-8506E4879C72}.Debug|x64.ActiveCfg = Debug|x64
		{C0013048-0F01-0958-18D9-8506E4879C72}.Debug|x64.Build.0 = Debug|x64
		{C0013048-0F01-0958-18D9-8506E4879C72}.Release|x64.ActiveCfg = Release|x64
		{C0013048-0F01-0958-18D9-8506E4879C72}.Release|x64.Build.0 = Release|x64
		{3017B846-1875-01AE-13D0-CF67769191A0}.Debug|Win32.ActiveCfg = Debug|Win32
		{3017B846-1875-01AE-13D0-CF67769191A0}.Debug|Win32.Build.0 = Debug|Win32
		{3017B846-1875-01AE-13D0-CF67769191A0}.Release|Win32.ActiveCfg = Release|Win32
		{3017B846-1875-01AE-13D0-CF67769191A0}.Release|Win32.Build.0 = Release|Win32
		{3017B846-1875-01AE-13D0-CF67769191A0}.Debug|x64.ActiveCfg = Debug|x64
		{3017B846-1875-01AE-13D0-CF67769191A0}.Debug|x64.Build.0 = Debug|x64
		{3017B846-1875-01AE-13D0-CF67769191A0}.Release|x64.ActiveCfg = Release|x64
		{3017B846-1875-01AE-13D0-CF67769191A0}.Release|x64.Build.0 = Release|x64
		{EFD06495-14F8-1101-0E56-68FB07389829}.Debug|Win32.ActiveCfg = Debug|Win32
		{EFD06495-14F8-1101-0E56-68FB07389829}.Debug|Win32.Build.0 = Debug|Win32
		{EFD06495-14F8-1101-0E56-68FB07389829}.Release|Win32.ActiveCfg = Release|Win32
		{EFD06495-14F8-1101-0E56-68FB07389829}.Release|Win32.Build.0 = Release|Win32
		{EFD06495-14F8-1101-0E56-68FB07389829}.Debug|x64.ActiveCfg = Debug|x64
		{EFD06495-14F8-1101-0E56-68FB07389829}.Debug|x64.Build.0 = Debug|x64
		{EFD06495-14F8-1101-0E56-68FB07389829}.Release|x64.ActiveCfg = Release|x64
		{EFD06495-14F8-1101-0E56-68FB07389829}.Release|x64.Build.0 = Release|x64
		{8DEC7C6A-16A6-0795-0F6C-62EDB5E442CB}.Debug|Win32.ActiveCfg = Debug|Win32
		{8DEC7C6A-16A6-0795-0F6C-62EDB5E442CB}.Debug|Win32.Build.0 = Debug|Win32
		{8DEC7C6A-16A6-0795-0F6C-62EDB5E442CB}.Release|Win32.ActiveCfg = Release|Win32
		{8DEC7C6A-16A6-0795-0F6C-62EDB5E442CB}.Release|Win32.Build.0 = Release|Win32
		{8DEC7C6A-16A6-0795-0F6C-62EDB5E442CB}.Debug|x64.ActiveCfg = Debug|x64
		{8DEC7C6A-16A6-0795-0F6C-62EDB5E442CB}.Debug|x64.Build.0 = Debug|x64
		{8DEC7C6A-16A6-0795-0F6C-62EDB5E442CB}.Release|x64.ActiveCfg = Release|x64
		{8DEC7C6A-16A6-0795-0F6C-62EDB5E442CB}.Release|x64.Build.0 = Release|x64
		{DD4B04E6-106E-1667-1652-6DBDD7CA8487}.Debug|Win32.ActiveCfg = Debug|Win32
		{DD4B04E6-106E-1667-1652-6DBDD7CA8487}.Debug|Win32.Build.0 = Debug|Win32
		{DD4B04E6-106E-1667-1652-6DBDD7CA8487}.Release|Win32.ActiveCfg = Release|Win32
		{DD4B04E6-106E-1667-1652-6DBDD7CA8487}.Release|Win32.Build.0 = Release|Win32
		{DD4B04E6-106E-1667-1652-6DBDD7CA8487}.Debug|x64.ActiveCfg = Debug|x64
		{DD4B04E6-106E-1667-1652-6DBDD7CA8487}.Debug|x64.Build.0 = Debug|x64
		{DD4B04E6-106E-1667-1652-6DBDD7CA8487}.Release|x64.ActiveCfg = Release|x64
		{DD4B04E6-106E-1667-1652-6DBDD7CA8487}.Release|x64.Build.0 = Release|x64
	EndGlobalSection
	GlobalSection(SolutionProperties) = preSolution
		HideSolutionNode = FALSE
	EndGlobalSection
EndGlobal
