<?xml version="1.0" encoding="utf-8"?>
<Project ToolsVersion="4.0" xmlns="http://schemas.microsoft.com/developer/msbuild/2003">
  <ItemGroup>
    <Filter Include="Source files">
      <UniqueIdentifier>{C63DA12F-0D11-18B1-0A22-029ADE0590EF}</UniqueIdentifier>
    </Filter>
    <Filter Include="Source files\BinMDF">
      <UniqueIdentifier>{6E5E4FEF-0275-08CA-1841-7BAAA8011DB1}</UniqueIdentifier>
    </Filter>
    <Filter Include="Source files\BinMDataStd">
      <UniqueIdentifier>{4472DB9D-0E5B-0966-0B11-69DCC51D47C9}</UniqueIdentifier>
    </Filter>
    <Filter Include="Source files\BinMFunction">
      <UniqueIdentifier>{53E7F36A-1191-18AA-1720-56C8327159AA}</UniqueIdentifier>
    </Filter>
    <Filter Include="Source files\BinMDocStd">
      <UniqueIdentifier>{B5BEB18F-0AF8-09AA-164B-9FFDB3C931AA}</UniqueIdentifier>
    </Filter>
    <Filter Include="Source files\BinObjMgt">
      <UniqueIdentifier>{DB9F2D0A-1807-04ED-0203-FB2C0406ECDD}</UniqueIdentifier>
    </Filter>
    <Filter Include="Source files\BinLDrivers">
      <UniqueIdentifier>{A8BA5075-00FA-1900-0694-076297D9E48E}</UniqueIdentifier>
    </Filter>
  </ItemGroup>
  <ItemGroup>
    <ClCompile Include="..\..\..\drv\BinMDF\BinMDF_DataMapIteratorOfTypeADriverMap_0.cxx">
      <Filter>Source files\BinMDF</Filter>
    </ClCompile>
    <ClCompile Include="..\..\..\drv\BinMDF\BinMDF_DataMapNodeOfTypeADriverMap_0.cxx">
      <Filter>Source files\BinMDF</Filter>
    </ClCompile>
    <ClCompile Include="..\..\..\drv\BinMDF\BinMDF_DoubleMapIteratorOfTypeIdMap_0.cxx">
      <Filter>Source files\BinMDF</Filter>
    </ClCompile>
    <ClCompile Include="..\..\..\drv\BinMDF\BinMDF_DoubleMapNodeOfTypeIdMap_0.cxx">
      <Filter>Source files\BinMDF</Filter>
    </ClCompile>
    <ClCompile Include="..\..\..\drv\BinMDF\BinMDF_TypeADriverMap_0.cxx">
      <Filter>Source files\BinMDF</Filter>
    </ClCompile>
    <ClCompile Include="..\..\..\drv\BinMDF\BinMDF_TypeIdMap_0.cxx">
      <Filter>Source files\BinMDF</Filter>
    </ClCompile>
    <ClCompile Include="..\..\..\src\BinMDF\BinMDF.cxx">
      <Filter>Source files\BinMDF</Filter>
    </ClCompile>
    <ClCompile Include="..\..\..\src\BinMDF\BinMDF_ADriver.cxx">
      <Filter>Source files\BinMDF</Filter>
    </ClCompile>
    <ClCompile Include="..\..\..\src\BinMDF\BinMDF_ADriverTable.cxx">
      <Filter>Source files\BinMDF</Filter>
    </ClCompile>
    <ClCompile Include="..\..\..\src\BinMDF\BinMDF_ReferenceDriver.cxx">
      <Filter>Source files\BinMDF</Filter>
    </ClCompile>
    <ClCompile Include="..\..\..\src\BinMDF\BinMDF_TagSourceDriver.cxx">
      <Filter>Source files\BinMDF</Filter>
    </ClCompile>
    <ClCompile Include="..\..\..\src\BinMDataStd\BinMDataStd.cxx">
      <Filter>Source files\BinMDataStd</Filter>
    </ClCompile>
    <ClCompile Include="..\..\..\src\BinMDataStd\BinMDataStd_AsciiStringDriver.cxx">
      <Filter>Source files\BinMDataStd</Filter>
    </ClCompile>
    <ClCompile Include="..\..\..\src\BinMDataStd\BinMDataStd_BooleanArrayDriver.cxx">
      <Filter>Source files\BinMDataStd</Filter>
    </ClCompile>
    <ClCompile Include="..\..\..\src\BinMDataStd\BinMDataStd_BooleanListDriver.cxx">
      <Filter>Source files\BinMDataStd</Filter>
    </ClCompile>
    <ClCompile Include="..\..\..\src\BinMDataStd\BinMDataStd_ByteArrayDriver.cxx">
      <Filter>Source files\BinMDataStd</Filter>
    </ClCompile>
    <ClCompile Include="..\..\..\src\BinMDataStd\BinMDataStd_CommentDriver.cxx">
      <Filter>Source files\BinMDataStd</Filter>
    </ClCompile>
    <ClCompile Include="..\..\..\src\BinMDataStd\BinMDataStd_DirectoryDriver.cxx">
      <Filter>Source files\BinMDataStd</Filter>
    </ClCompile>
    <ClCompile Include="..\..\..\src\BinMDataStd\BinMDataStd_ExpressionDriver.cxx">
      <Filter>Source files\BinMDataStd</Filter>
    </ClCompile>
    <ClCompile Include="..\..\..\src\BinMDataStd\BinMDataStd_ExtStringArrayDriver.cxx">
      <Filter>Source files\BinMDataStd</Filter>
    </ClCompile>
    <ClCompile Include="..\..\..\src\BinMDataStd\BinMDataStd_ExtStringListDriver.cxx">
      <Filter>Source files\BinMDataStd</Filter>
    </ClCompile>
    <ClCompile Include="..\..\..\src\BinMDataStd\BinMDataStd_IntPackedMapDriver.cxx">
      <Filter>Source files\BinMDataStd</Filter>
    </ClCompile>
    <ClCompile Include="..\..\..\src\BinMDataStd\BinMDataStd_IntegerArrayDriver.cxx">
      <Filter>Source files\BinMDataStd</Filter>
    </ClCompile>
    <ClCompile Include="..\..\..\src\BinMDataStd\BinMDataStd_IntegerDriver.cxx">
      <Filter>Source files\BinMDataStd</Filter>
    </ClCompile>
    <ClCompile Include="..\..\..\src\BinMDataStd\BinMDataStd_IntegerListDriver.cxx">
      <Filter>Source files\BinMDataStd</Filter>
    </ClCompile>
    <ClCompile Include="..\..\..\src\BinMDataStd\BinMDataStd_NameDriver.cxx">
      <Filter>Source files\BinMDataStd</Filter>
    </ClCompile>
    <ClCompile Include="..\..\..\src\BinMDataStd\BinMDataStd_NamedDataDriver.cxx">
      <Filter>Source files\BinMDataStd</Filter>
    </ClCompile>
    <ClCompile Include="..\..\..\src\BinMDataStd\BinMDataStd_NoteBookDriver.cxx">
      <Filter>Source files\BinMDataStd</Filter>
    </ClCompile>
    <ClCompile Include="..\..\..\src\BinMDataStd\BinMDataStd_RealArrayDriver.cxx">
      <Filter>Source files\BinMDataStd</Filter>
    </ClCompile>
    <ClCompile Include="..\..\..\src\BinMDataStd\BinMDataStd_RealDriver.cxx">
      <Filter>Source files\BinMDataStd</Filter>
    </ClCompile>
    <ClCompile Include="..\..\..\src\BinMDataStd\BinMDataStd_RealListDriver.cxx">
      <Filter>Source files\BinMDataStd</Filter>
    </ClCompile>
    <ClCompile Include="..\..\..\src\BinMDataStd\BinMDataStd_ReferenceArrayDriver.cxx">
      <Filter>Source files\BinMDataStd</Filter>
    </ClCompile>
    <ClCompile Include="..\..\..\src\BinMDataStd\BinMDataStd_ReferenceListDriver.cxx">
      <Filter>Source files\BinMDataStd</Filter>
    </ClCompile>
    <ClCompile Include="..\..\..\src\BinMDataStd\BinMDataStd_RelationDriver.cxx">
      <Filter>Source files\BinMDataStd</Filter>
    </ClCompile>
    <ClCompile Include="..\..\..\src\BinMDataStd\BinMDataStd_TickDriver.cxx">
      <Filter>Source files\BinMDataStd</Filter>
    </ClCompile>
    <ClCompile Include="..\..\..\src\BinMDataStd\BinMDataStd_TreeNodeDriver.cxx">
      <Filter>Source files\BinMDataStd</Filter>
    </ClCompile>
    <ClCompile Include="..\..\..\src\BinMDataStd\BinMDataStd_UAttributeDriver.cxx">
      <Filter>Source files\BinMDataStd</Filter>
    </ClCompile>
    <ClCompile Include="..\..\..\src\BinMDataStd\BinMDataStd_VariableDriver.cxx">
      <Filter>Source files\BinMDataStd</Filter>
    </ClCompile>
    <ClCompile Include="..\..\..\src\BinMFunction\BinMFunction.cxx">
      <Filter>Source files\BinMFunction</Filter>
    </ClCompile>
    <ClCompile Include="..\..\..\src\BinMFunction\BinMFunction_FunctionDriver.cxx">
      <Filter>Source files\BinMFunction</Filter>
    </ClCompile>
    <ClCompile Include="..\..\..\src\BinMFunction\BinMFunction_GraphNodeDriver.cxx">
      <Filter>Source files\BinMFunction</Filter>
    </ClCompile>
    <ClCompile Include="..\..\..\src\BinMFunction\BinMFunction_ScopeDriver.cxx">
      <Filter>Source files\BinMFunction</Filter>
    </ClCompile>
    <ClCompile Include="..\..\..\src\BinMDocStd\BinMDocStd.cxx">
      <Filter>Source files\BinMDocStd</Filter>
    </ClCompile>
    <ClCompile Include="..\..\..\src\BinMDocStd\BinMDocStd_XLinkDriver.cxx">
      <Filter>Source files\BinMDocStd</Filter>
    </ClCompile>
    <ClCompile Include="..\..\..\src\BinObjMgt\BinObjMgt_Persistent.cxx">
      <Filter>Source files\BinObjMgt</Filter>
    </ClCompile>
    <ClCompile Include="..\..\..\src\BinLDrivers\BinLDrivers.cxx">
      <Filter>Source files\BinLDrivers</Filter>
    </ClCompile>
    <ClCompile Include="..\..\..\src\BinLDrivers\BinLDrivers_DocumentRetrievalDriver.cxx">
      <Filter>Source files\BinLDrivers</Filter>
    </ClCompile>
    <ClCompile Include="..\..\..\src\BinLDrivers\BinLDrivers_DocumentSection.cxx">
      <Filter>Source files\BinLDrivers</Filter>
    </ClCompile>
    <ClCompile Include="..\..\..\src\BinLDrivers\BinLDrivers_DocumentStorageDriver.cxx">
      <Filter>Source files\BinLDrivers</Filter>
    </ClCompile>
  </ItemGroup>
</Project>
