// !$*UTF8*$!
{
	archiveVersion = 1;
	classes = {
	};
	objectVersion = 46;
	objects = {

		0BA80C85004D0A3604261852 = {isa = PBXBuildFile; fileRef = 003600B60C66022D0CAA0157 ;};
		16AF0CF603C7001D008F1104 = {isa = PBXBuildFile; fileRef = 192E0D3503080D8A04CC0127 ;};
		034707770B6C0ABC185306D7 = {isa = PBXBuildFile; fileRef = 0B1601600AD0069618F904C4 ;};
		05970C930331076916A314FE = {isa = PBXBuildFile; fileRef = 161B0211147F0A280F390B58 ;};
		09BF06240690193B0D3E0326 = {isa = PBXBuildFile; fileRef = 04CD11D915D70E830FF115DC ;};
		0B8204E214DF150710B20ECB = {isa = PBXBuildFile; fileRef = 02C6050A11A30B3B0D4709EC ;};
		091D155A052A0A7614810E2E = {isa = PBXBuildFile; fileRef = 0C1008681920125B0C62052A ;};
		10A312D501BB00DF04430A68 = {isa = PBXBuildFile; fileRef = 0CF115F41363184716C20534 ;};
		0AC004410EC90B780FCE00EC = {isa = PBXBuildFile; fileRef = 0C2C1691089E131C19830500 ;};
		06B400B90A2308DB00AB001E = {isa = PBXBuildFile; fileRef = 18C11658098F099313D108E0 ;};
		10910DD905700FA405931297 = {isa = PBXBuildFile; fileRef = 06B1050412FA0E7C023A102C ;};
		050F012909AD09DB19330D37 = {isa = PBXBuildFile; fileRef = 0E850DA711BC05F701720D16 ;};
		105D15CF080C15A50D1B046B = {isa = PBXBuildFile; fileRef = 14D0136E0F0E0E8009240BE1 ;};
		17D700740DDE183500D7185C = {isa = PBXBuildFile; fileRef = 1166106E1483142A1752166B ;};
		15A90423169B008A040E14C2 = {isa = PBXBuildFile; fileRef = 05280D3800CB00A3194210A4 ;};
		13530097014017A11682165A = {isa = PBXBuildFile; fileRef = 137809D2145D0E2E1908035D ;};
		13A502DF020210AF15A20179 = {isa = PBXBuildFile; fileRef = 0A540F660B890D8904080F0F ;};
		0AB60C990C6B14D6027905D1 = {isa = PBXBuildFile; fileRef = 0AB1197C0530094F12130E56 ;};
		15ED024609200BE202281164 = {isa = PBXBuildFile; fileRef = 0F3A144412E70A5D056E1761 ;};
		11E315D30F5115FD07E20894 = {isa = PBXBuildFile; fileRef = 139F17A707F405A3038C0793 ;};
		067F092A108B023B0CA50943 = {isa = PBXBuildFile; fileRef = 091E071F0F2303A30E2801CD ;};
		01190C0903500F4E0AB50AB3 = {isa = PBXBuildFile; fileRef = 057D04280A4F197E0AD30D19 ;};
		04FE029B186F17620558077A = {isa = PBXBuildFile; fileRef = 169E041C159E11F4177F004A ;};
		13C500BA12A2057B05010B76 = {isa = PBXBuildFile; fileRef = 13CA0C5E0AFC006B063B0E40 ;};
		126F037500710C7C15710C8A = {isa = PBXBuildFile; fileRef = 0C23083E005701A30E3A1301 ;};
		1226131B0C0E19620C780C57 = {isa = PBXBuildFile; fileRef = 194C05CA0D621418114B098C ;};
		033704290AF51681185D11FD = {isa = PBXBuildFile; fileRef = 101B035F1431155C04310962 ;};
		0EBE12DE17010B9306E9183D = {isa = PBXBuildFile; fileRef = 0A5F0CB818BC1251027B1335 ;};
		158A086E05860D05073317BB = {isa = PBXBuildFile; fileRef = 198202A40FA4171609E60783 ;};
		092F10CE01C3126612FF07CD = {isa = PBXBuildFile; fileRef = 050911CF04870D79065C0F31 ;};
		129A126E0FE8135101BF18E1 = {isa = PBXBuildFile; fileRef = 0E1C050A01891601087A0B54 ;};
		172B11080675036712E60361 = {isa = PBXBuildFile; fileRef = 02C2125C036F152B0B391702 ;};
		02590A46110D133907F816B2 = {isa = PBXBuildFile; fileRef = 0F170AE217F918EC048202B5 ;};
		0937151802B4002C10220666 = {isa = PBXBuildFile; fileRef = 0D7002E50170115405BC0C21 ;};
		0993041D18F00AE709191536 = {isa = PBXBuildFile; fileRef = 0ED40A5915F30C0802661392 ;};
		07E61984178D034D11391426 = {isa = PBXBuildFile; fileRef = 0B9C1479193802A406560832 ;};
		0F680AA0178C183306571119 = {isa = PBXBuildFile; fileRef = 0F0E0F1E16B21971184F0DC3 ;};
		0F2C193118D705BE08AC1908 = {isa = PBXBuildFile; fileRef = 043010C00CBF11E11757080F ;};
		0FCE025605F5178C0D55087E = {isa = PBXBuildFile; fileRef = 0E7813570D0A049514250E05 ;};
		14EC0B5A12D8007602711283 = {isa = PBXBuildFile; fileRef = 12FD190619600CC402C612B9 ;};
		072E0FB60B51119A0CA417D2 = {isa = PBXBuildFile; fileRef = 001907880FAF11B306CE0E18 ;};
		009E0AFB0B32041C16CD0237 = {isa = PBXBuildFile; fileRef = 17900A7803E207650B2B1726 ;};
		0758193F14C8104C18A20C19 = {isa = PBXBuildFile; fileRef = 014B10920D11033D0EFD16E0 ;};
		00390F9115B00CAF06E5159C = {isa = PBXBuildFile; fileRef = 14EA00AE008B01F611DC118E ;};
		02F700B2169B0DDB13EA116A = {isa = PBXBuildFile; fileRef = 13400F0017CA099811FD1903 ;};
		125B01EB053408A010001903 = {isa = PBXBuildFile; fileRef = 07E0120F061516BB04A41692 ;};
		02920854058E15DB14650F9F = {isa = PBXBuildFile; fileRef = 185B05C80C24069E010916AD ;};
		02A51334157903DB132201F5 = {isa = PBXBuildFile; fileRef = 12910CBF154D00A30205155F ;};
		15FF140D1323145200051786 = {isa = PBXBuildFile; fileRef = 13850F29140A18E3077E0162 ;};
		0E5C0F540DE900ED15820C16 = {isa = PBXBuildFile; fileRef = 0E520B400C9416410000069E ;};
		06DA037F0EAE04BB0C84009A = {isa = PBXBuildFile; fileRef = 106217F5041114FB00CD173D ;};
		187D0DD90F9903321837187F = {isa = PBXBuildFile; fileRef = 116407AC0DC0129904FF0910 ;};
		151E11B30C7601B300C40022 = {isa = PBXBuildFile; fileRef = 0C1E177117BC0E4B0BC5127C ;};
		147C047F074D0B13029001B6 = {isa = PBXBuildFile; fileRef = 104D195405630C3812A70F8A ;};
		01DC13C30D4A0FAB094F0383 = {isa = PBXBuildFile; fileRef = 09D70C520ED403ED13A407B0 ;};
		14260E3A12B60FA90D45046F = {isa = PBXBuildFile; fileRef = 16C601700AC50AA900800A16 ;};
		149404720D32098D1165152C = {isa = PBXBuildFile; fileRef = 103010AE15B60CEE06B40F89 ;};
		0596073C04F7012C12C11834 = {isa = PBXBuildFile; fileRef = 139117900F470CC1058C076D ;};
		03D0065E00FE0B0E0C7116F5 = {isa = PBXBuildFile; fileRef = 15E016EE01A201DC1136173A ;};
		10F71047186812120B55135F = {isa = PBXBuildFile; fileRef = 110D049D171813860C830AAB ;};
		14AF08B30E680245148F0738 = {isa = PBXBuildFile; fileRef = 095817400701091B16741455 ;};
		15090A80118E0AD0197A0B66 = {isa = PBXBuildFile; fileRef = 13C7058905DC0B6E0C570281 ;};
		0DAB14190807178C0FF3137B = {isa = PBXBuildFile; fileRef = 0E0316AD0E45174003780B92 ;};

		0C290638050D0DC913560E45 = {isa = PBXBuildFile; fileRef = 1836089816E106CD074907FE ; };
		0B3A10DC038A1843097B1252 = {isa = PBXBuildFile; fileRef = 14E217E313F8189105940630 ; };
		164C0DC4153F143B01210216 = {isa = PBXBuildFile; fileRef = 00101672009518D6026A089A ; };
		01310DE5197A0CF109A60645 = {isa = PBXBuildFile; fileRef = 171114DD064113630EB3080D ; };
		01EF058101ED13D201780D80 = {isa = PBXBuildFile; fileRef = 047400D0197A096D0688178C ; };
		02290EE60A9A00CC17581102 = {isa = PBXBuildFile; fileRef = 0AAB08761323176407F707C7 ; };

		02AE063D05640EB30EA80E8B = {isa = PBXFileReference; explicitFileType = "compiled.mach-o.dylib"; includeInIndex = 0; path = libTKMeshVS.dylib; sourceTree = BUILT_PRODUCTS_DIR; };

		003600B60C66022D0CAA0157 = {isa = PBXFileReference; fileEncoding = 4; lastKnownFileType = sourcecode.cpp.cpp; name = MeshVS_Array1OfSequenceOfInteger_0.cxx; path = ../../../drv/MeshVS/MeshVS_Array1OfSequenceOfInteger_0.cxx; sourceTree = "<group>"; };
		192E0D3503080D8A04CC0127 = {isa = PBXFileReference; fileEncoding = 4; lastKnownFileType = sourcecode.cpp.cpp; name = MeshVS_DataMapIteratorOfDataMapOfColorMapOfInteger_0.cxx; path = ../../../drv/MeshVS/MeshVS_DataMapIteratorOfDataMapOfColorMapOfInteger_0.cxx; sourceTree = "<group>"; };
		0B1601600AD0069618F904C4 = {isa = PBXFileReference; fileEncoding = 4; lastKnownFileType = sourcecode.cpp.cpp; name = MeshVS_DataMapIteratorOfDataMapOfHArray1OfSequenceOfInteger_0.cxx; path = ../../../drv/MeshVS/MeshVS_DataMapIteratorOfDataMapOfHArray1OfSequenceOfInteger_0.cxx; sourceTree = "<group>"; };
		161B0211147F0A280F390B58 = {isa = PBXFileReference; fileEncoding = 4; lastKnownFileType = sourcecode.cpp.cpp; name = MeshVS_DataMapIteratorOfDataMapOfIntegerAsciiString_0.cxx; path = ../../../drv/MeshVS/MeshVS_DataMapIteratorOfDataMapOfIntegerAsciiString_0.cxx; sourceTree = "<group>"; };
		04CD11D915D70E830FF115DC = {isa = PBXFileReference; fileEncoding = 4; lastKnownFileType = sourcecode.cpp.cpp; name = MeshVS_DataMapIteratorOfDataMapOfIntegerBoolean_0.cxx; path = ../../../drv/MeshVS/MeshVS_DataMapIteratorOfDataMapOfIntegerBoolean_0.cxx; sourceTree = "<group>"; };
		02C6050A11A30B3B0D4709EC = {isa = PBXFileReference; fileEncoding = 4; lastKnownFileType = sourcecode.cpp.cpp; name = MeshVS_DataMapIteratorOfDataMapOfIntegerColor_0.cxx; path = ../../../drv/MeshVS/MeshVS_DataMapIteratorOfDataMapOfIntegerColor_0.cxx; sourceTree = "<group>"; };
		0C1008681920125B0C62052A = {isa = PBXFileReference; fileEncoding = 4; lastKnownFileType = sourcecode.cpp.cpp; name = MeshVS_DataMapIteratorOfDataMapOfIntegerMaterial_0.cxx; path = ../../../drv/MeshVS/MeshVS_DataMapIteratorOfDataMapOfIntegerMaterial_0.cxx; sourceTree = "<group>"; };
		0CF115F41363184716C20534 = {isa = PBXFileReference; fileEncoding = 4; lastKnownFileType = sourcecode.cpp.cpp; name = MeshVS_DataMapIteratorOfDataMapOfIntegerMeshEntityOwner_0.cxx; path = ../../../drv/MeshVS/MeshVS_DataMapIteratorOfDataMapOfIntegerMeshEntityOwner_0.cxx; sourceTree = "<group>"; };
		0C2C1691089E131C19830500 = {isa = PBXFileReference; fileEncoding = 4; lastKnownFileType = sourcecode.cpp.cpp; name = MeshVS_DataMapIteratorOfDataMapOfIntegerOwner_0.cxx; path = ../../../drv/MeshVS/MeshVS_DataMapIteratorOfDataMapOfIntegerOwner_0.cxx; sourceTree = "<group>"; };
		18C11658098F099313D108E0 = {isa = PBXFileReference; fileEncoding = 4; lastKnownFileType = sourcecode.cpp.cpp; name = MeshVS_DataMapIteratorOfDataMapOfIntegerTwoColors_0.cxx; path = ../../../drv/MeshVS/MeshVS_DataMapIteratorOfDataMapOfIntegerTwoColors_0.cxx; sourceTree = "<group>"; };
		06B1050412FA0E7C023A102C = {isa = PBXFileReference; fileEncoding = 4; lastKnownFileType = sourcecode.cpp.cpp; name = MeshVS_DataMapIteratorOfDataMapOfIntegerVector_0.cxx; path = ../../../drv/MeshVS/MeshVS_DataMapIteratorOfDataMapOfIntegerVector_0.cxx; sourceTree = "<group>"; };
		0E850DA711BC05F701720D16 = {isa = PBXFileReference; fileEncoding = 4; lastKnownFileType = sourcecode.cpp.cpp; name = MeshVS_DataMapIteratorOfDataMapOfTwoColorsMapOfInteger_0.cxx; path = ../../../drv/MeshVS/MeshVS_DataMapIteratorOfDataMapOfTwoColorsMapOfInteger_0.cxx; sourceTree = "<group>"; };
		14D0136E0F0E0E8009240BE1 = {isa = PBXFileReference; fileEncoding = 4; lastKnownFileType = sourcecode.cpp.cpp; name = MeshVS_DataMapNodeOfDataMapOfColorMapOfInteger_0.cxx; path = ../../../drv/MeshVS/MeshVS_DataMapNodeOfDataMapOfColorMapOfInteger_0.cxx; sourceTree = "<group>"; };
		1166106E1483142A1752166B = {isa = PBXFileReference; fileEncoding = 4; lastKnownFileType = sourcecode.cpp.cpp; name = MeshVS_DataMapNodeOfDataMapOfHArray1OfSequenceOfInteger_0.cxx; path = ../../../drv/MeshVS/MeshVS_DataMapNodeOfDataMapOfHArray1OfSequenceOfInteger_0.cxx; sourceTree = "<group>"; };
		05280D3800CB00A3194210A4 = {isa = PBXFileReference; fileEncoding = 4; lastKnownFileType = sourcecode.cpp.cpp; name = MeshVS_DataMapNodeOfDataMapOfIntegerAsciiString_0.cxx; path = ../../../drv/MeshVS/MeshVS_DataMapNodeOfDataMapOfIntegerAsciiString_0.cxx; sourceTree = "<group>"; };
		137809D2145D0E2E1908035D = {isa = PBXFileReference; fileEncoding = 4; lastKnownFileType = sourcecode.cpp.cpp; name = MeshVS_DataMapNodeOfDataMapOfIntegerBoolean_0.cxx; path = ../../../drv/MeshVS/MeshVS_DataMapNodeOfDataMapOfIntegerBoolean_0.cxx; sourceTree = "<group>"; };
		0A540F660B890D8904080F0F = {isa = PBXFileReference; fileEncoding = 4; lastKnownFileType = sourcecode.cpp.cpp; name = MeshVS_DataMapNodeOfDataMapOfIntegerColor_0.cxx; path = ../../../drv/MeshVS/MeshVS_DataMapNodeOfDataMapOfIntegerColor_0.cxx; sourceTree = "<group>"; };
		0AB1197C0530094F12130E56 = {isa = PBXFileReference; fileEncoding = 4; lastKnownFileType = sourcecode.cpp.cpp; name = MeshVS_DataMapNodeOfDataMapOfIntegerMaterial_0.cxx; path = ../../../drv/MeshVS/MeshVS_DataMapNodeOfDataMapOfIntegerMaterial_0.cxx; sourceTree = "<group>"; };
		0F3A144412E70A5D056E1761 = {isa = PBXFileReference; fileEncoding = 4; lastKnownFileType = sourcecode.cpp.cpp; name = MeshVS_DataMapNodeOfDataMapOfIntegerMeshEntityOwner_0.cxx; path = ../../../drv/MeshVS/MeshVS_DataMapNodeOfDataMapOfIntegerMeshEntityOwner_0.cxx; sourceTree = "<group>"; };
		139F17A707F405A3038C0793 = {isa = PBXFileReference; fileEncoding = 4; lastKnownFileType = sourcecode.cpp.cpp; name = MeshVS_DataMapNodeOfDataMapOfIntegerOwner_0.cxx; path = ../../../drv/MeshVS/MeshVS_DataMapNodeOfDataMapOfIntegerOwner_0.cxx; sourceTree = "<group>"; };
		091E071F0F2303A30E2801CD = {isa = PBXFileReference; fileEncoding = 4; lastKnownFileType = sourcecode.cpp.cpp; name = MeshVS_DataMapNodeOfDataMapOfIntegerTwoColors_0.cxx; path = ../../../drv/MeshVS/MeshVS_DataMapNodeOfDataMapOfIntegerTwoColors_0.cxx; sourceTree = "<group>"; };
		057D04280A4F197E0AD30D19 = {isa = PBXFileReference; fileEncoding = 4; lastKnownFileType = sourcecode.cpp.cpp; name = MeshVS_DataMapNodeOfDataMapOfIntegerVector_0.cxx; path = ../../../drv/MeshVS/MeshVS_DataMapNodeOfDataMapOfIntegerVector_0.cxx; sourceTree = "<group>"; };
		169E041C159E11F4177F004A = {isa = PBXFileReference; fileEncoding = 4; lastKnownFileType = sourcecode.cpp.cpp; name = MeshVS_DataMapNodeOfDataMapOfTwoColorsMapOfInteger_0.cxx; path = ../../../drv/MeshVS/MeshVS_DataMapNodeOfDataMapOfTwoColorsMapOfInteger_0.cxx; sourceTree = "<group>"; };
		13CA0C5E0AFC006B063B0E40 = {isa = PBXFileReference; fileEncoding = 4; lastKnownFileType = sourcecode.cpp.cpp; name = MeshVS_DataMapOfColorMapOfInteger_0.cxx; path = ../../../drv/MeshVS/MeshVS_DataMapOfColorMapOfInteger_0.cxx; sourceTree = "<group>"; };
		0C23083E005701A30E3A1301 = {isa = PBXFileReference; fileEncoding = 4; lastKnownFileType = sourcecode.cpp.cpp; name = MeshVS_DataMapOfHArray1OfSequenceOfInteger_0.cxx; path = ../../../drv/MeshVS/MeshVS_DataMapOfHArray1OfSequenceOfInteger_0.cxx; sourceTree = "<group>"; };
		194C05CA0D621418114B098C = {isa = PBXFileReference; fileEncoding = 4; lastKnownFileType = sourcecode.cpp.cpp; name = MeshVS_DataMapOfIntegerAsciiString_0.cxx; path = ../../../drv/MeshVS/MeshVS_DataMapOfIntegerAsciiString_0.cxx; sourceTree = "<group>"; };
		101B035F1431155C04310962 = {isa = PBXFileReference; fileEncoding = 4; lastKnownFileType = sourcecode.cpp.cpp; name = MeshVS_DataMapOfIntegerBoolean_0.cxx; path = ../../../drv/MeshVS/MeshVS_DataMapOfIntegerBoolean_0.cxx; sourceTree = "<group>"; };
		0A5F0CB818BC1251027B1335 = {isa = PBXFileReference; fileEncoding = 4; lastKnownFileType = sourcecode.cpp.cpp; name = MeshVS_DataMapOfIntegerColor_0.cxx; path = ../../../drv/MeshVS/MeshVS_DataMapOfIntegerColor_0.cxx; sourceTree = "<group>"; };
		198202A40FA4171609E60783 = {isa = PBXFileReference; fileEncoding = 4; lastKnownFileType = sourcecode.cpp.cpp; name = MeshVS_DataMapOfIntegerMaterial_0.cxx; path = ../../../drv/MeshVS/MeshVS_DataMapOfIntegerMaterial_0.cxx; sourceTree = "<group>"; };
		050911CF04870D79065C0F31 = {isa = PBXFileReference; fileEncoding = 4; lastKnownFileType = sourcecode.cpp.cpp; name = MeshVS_DataMapOfIntegerMeshEntityOwner_0.cxx; path = ../../../drv/MeshVS/MeshVS_DataMapOfIntegerMeshEntityOwner_0.cxx; sourceTree = "<group>"; };
		0E1C050A01891601087A0B54 = {isa = PBXFileReference; fileEncoding = 4; lastKnownFileType = sourcecode.cpp.cpp; name = MeshVS_DataMapOfIntegerOwner_0.cxx; path = ../../../drv/MeshVS/MeshVS_DataMapOfIntegerOwner_0.cxx; sourceTree = "<group>"; };
		02C2125C036F152B0B391702 = {isa = PBXFileReference; fileEncoding = 4; lastKnownFileType = sourcecode.cpp.cpp; name = MeshVS_DataMapOfIntegerTwoColors_0.cxx; path = ../../../drv/MeshVS/MeshVS_DataMapOfIntegerTwoColors_0.cxx; sourceTree = "<group>"; };
		0F170AE217F918EC048202B5 = {isa = PBXFileReference; fileEncoding = 4; lastKnownFileType = sourcecode.cpp.cpp; name = MeshVS_DataMapOfIntegerVector_0.cxx; path = ../../../drv/MeshVS/MeshVS_DataMapOfIntegerVector_0.cxx; sourceTree = "<group>"; };
		0D7002E50170115405BC0C21 = {isa = PBXFileReference; fileEncoding = 4; lastKnownFileType = sourcecode.cpp.cpp; name = MeshVS_DataMapOfTwoColorsMapOfInteger_0.cxx; path = ../../../drv/MeshVS/MeshVS_DataMapOfTwoColorsMapOfInteger_0.cxx; sourceTree = "<group>"; };
		0ED40A5915F30C0802661392 = {isa = PBXFileReference; fileEncoding = 4; lastKnownFileType = sourcecode.cpp.cpp; name = MeshVS_HArray1OfSequenceOfInteger_0.cxx; path = ../../../drv/MeshVS/MeshVS_HArray1OfSequenceOfInteger_0.cxx; sourceTree = "<group>"; };
		0B9C1479193802A406560832 = {isa = PBXFileReference; fileEncoding = 4; lastKnownFileType = sourcecode.cpp.cpp; name = MeshVS_MapIteratorOfMapOfTwoNodes_0.cxx; path = ../../../drv/MeshVS/MeshVS_MapIteratorOfMapOfTwoNodes_0.cxx; sourceTree = "<group>"; };
		0F0E0F1E16B21971184F0DC3 = {isa = PBXFileReference; fileEncoding = 4; lastKnownFileType = sourcecode.cpp.cpp; name = MeshVS_MapOfTwoNodes_0.cxx; path = ../../../drv/MeshVS/MeshVS_MapOfTwoNodes_0.cxx; sourceTree = "<group>"; };
		043010C00CBF11E11757080F = {isa = PBXFileReference; fileEncoding = 4; lastKnownFileType = sourcecode.cpp.cpp; name = MeshVS_SequenceNodeOfSequenceOfPrsBuilder_0.cxx; path = ../../../drv/MeshVS/MeshVS_SequenceNodeOfSequenceOfPrsBuilder_0.cxx; sourceTree = "<group>"; };
		0E7813570D0A049514250E05 = {isa = PBXFileReference; fileEncoding = 4; lastKnownFileType = sourcecode.cpp.cpp; name = MeshVS_SequenceOfPrsBuilder_0.cxx; path = ../../../drv/MeshVS/MeshVS_SequenceOfPrsBuilder_0.cxx; sourceTree = "<group>"; };
		12FD190619600CC402C612B9 = {isa = PBXFileReference; fileEncoding = 4; lastKnownFileType = sourcecode.cpp.cpp; name = MeshVS_StdMapNodeOfMapOfTwoNodes_0.cxx; path = ../../../drv/MeshVS/MeshVS_StdMapNodeOfMapOfTwoNodes_0.cxx; sourceTree = "<group>"; };
		001907880FAF11B306CE0E18 = {isa = PBXFileReference; fileEncoding = 4; lastKnownFileType = sourcecode.cpp.cpp; name = MeshVS_TwoColorsHasher_0.cxx; path = ../../../drv/MeshVS/MeshVS_TwoColorsHasher_0.cxx; sourceTree = "<group>"; };
		17900A7803E207650B2B1726 = {isa = PBXFileReference; fileEncoding = 4; lastKnownFileType = sourcecode.cpp.cpp; name = MeshVS_TwoNodesHasher_0.cxx; path = ../../../drv/MeshVS/MeshVS_TwoNodesHasher_0.cxx; sourceTree = "<group>"; };
		014B10920D11033D0EFD16E0 = {isa = PBXFileReference; fileEncoding = 4; lastKnownFileType = sourcecode.cpp.cpp; name = MeshVS_ColorHasher.cxx; path = ../../../src/MeshVS/MeshVS_ColorHasher.cxx; sourceTree = "<group>"; };
		14EA00AE008B01F611DC118E = {isa = PBXFileReference; fileEncoding = 4; lastKnownFileType = sourcecode.cpp.cpp; name = MeshVS_DataSource.cxx; path = ../../../src/MeshVS/MeshVS_DataSource.cxx; sourceTree = "<group>"; };
		13400F0017CA099811FD1903 = {isa = PBXFileReference; fileEncoding = 4; lastKnownFileType = sourcecode.cpp.cpp; name = MeshVS_DataSource3D.cxx; path = ../../../src/MeshVS/MeshVS_DataSource3D.cxx; sourceTree = "<group>"; };
		07E0120F061516BB04A41692 = {isa = PBXFileReference; fileEncoding = 4; lastKnownFileType = sourcecode.cpp.cpp; name = MeshVS_DeformedDataSource.cxx; path = ../../../src/MeshVS/MeshVS_DeformedDataSource.cxx; sourceTree = "<group>"; };
		185B05C80C24069E010916AD = {isa = PBXFileReference; fileEncoding = 4; lastKnownFileType = sourcecode.cpp.cpp; name = MeshVS_Drawer.cxx; path = ../../../src/MeshVS/MeshVS_Drawer.cxx; sourceTree = "<group>"; };
		12910CBF154D00A30205155F = {isa = PBXFileReference; fileEncoding = 4; lastKnownFileType = sourcecode.cpp.cpp; name = MeshVS_DummySensitiveEntity.cxx; path = ../../../src/MeshVS/MeshVS_DummySensitiveEntity.cxx; sourceTree = "<group>"; };
		13850F29140A18E3077E0162 = {isa = PBXFileReference; fileEncoding = 4; lastKnownFileType = sourcecode.cpp.cpp; name = MeshVS_ElementalColorPrsBuilder.cxx; path = ../../../src/MeshVS/MeshVS_ElementalColorPrsBuilder.cxx; sourceTree = "<group>"; };
		0E520B400C9416410000069E = {isa = PBXFileReference; fileEncoding = 4; lastKnownFileType = sourcecode.cpp.cpp; name = MeshVS_Mesh.cxx; path = ../../../src/MeshVS/MeshVS_Mesh.cxx; sourceTree = "<group>"; };
		106217F5041114FB00CD173D = {isa = PBXFileReference; fileEncoding = 4; lastKnownFileType = sourcecode.cpp.cpp; name = MeshVS_MeshEntityOwner.cxx; path = ../../../src/MeshVS/MeshVS_MeshEntityOwner.cxx; sourceTree = "<group>"; };
		116407AC0DC0129904FF0910 = {isa = PBXFileReference; fileEncoding = 4; lastKnownFileType = sourcecode.cpp.cpp; name = MeshVS_MeshOwner.cxx; path = ../../../src/MeshVS/MeshVS_MeshOwner.cxx; sourceTree = "<group>"; };
		0C1E177117BC0E4B0BC5127C = {isa = PBXFileReference; fileEncoding = 4; lastKnownFileType = sourcecode.cpp.cpp; name = MeshVS_MeshPrsBuilder.cxx; path = ../../../src/MeshVS/MeshVS_MeshPrsBuilder.cxx; sourceTree = "<group>"; };
		104D195405630C3812A70F8A = {isa = PBXFileReference; fileEncoding = 4; lastKnownFileType = sourcecode.cpp.cpp; name = MeshVS_NodalColorPrsBuilder.cxx; path = ../../../src/MeshVS/MeshVS_NodalColorPrsBuilder.cxx; sourceTree = "<group>"; };
		09D70C520ED403ED13A407B0 = {isa = PBXFileReference; fileEncoding = 4; lastKnownFileType = sourcecode.cpp.cpp; name = MeshVS_PrsBuilder.cxx; path = ../../../src/MeshVS/MeshVS_PrsBuilder.cxx; sourceTree = "<group>"; };
		16C601700AC50AA900800A16 = {isa = PBXFileReference; fileEncoding = 4; lastKnownFileType = sourcecode.cpp.cpp; name = MeshVS_SensitiveFace.cxx; path = ../../../src/MeshVS/MeshVS_SensitiveFace.cxx; sourceTree = "<group>"; };
		103010AE15B60CEE06B40F89 = {isa = PBXFileReference; fileEncoding = 4; lastKnownFileType = sourcecode.cpp.cpp; name = MeshVS_SensitiveMesh.cxx; path = ../../../src/MeshVS/MeshVS_SensitiveMesh.cxx; sourceTree = "<group>"; };
		139117900F470CC1058C076D = {isa = PBXFileReference; fileEncoding = 4; lastKnownFileType = sourcecode.cpp.cpp; name = MeshVS_SensitivePolyhedron.cxx; path = ../../../src/MeshVS/MeshVS_SensitivePolyhedron.cxx; sourceTree = "<group>"; };
		15E016EE01A201DC1136173A = {isa = PBXFileReference; fileEncoding = 4; lastKnownFileType = sourcecode.cpp.cpp; name = MeshVS_SensitiveSegment.cxx; path = ../../../src/MeshVS/MeshVS_SensitiveSegment.cxx; sourceTree = "<group>"; };
		110D049D171813860C830AAB = {isa = PBXFileReference; fileEncoding = 4; lastKnownFileType = sourcecode.cpp.cpp; name = MeshVS_TextPrsBuilder.cxx; path = ../../../src/MeshVS/MeshVS_TextPrsBuilder.cxx; sourceTree = "<group>"; };
		095817400701091B16741455 = {isa = PBXFileReference; fileEncoding = 4; lastKnownFileType = sourcecode.cpp.cpp; name = MeshVS_Tool.cxx; path = ../../../src/MeshVS/MeshVS_Tool.cxx; sourceTree = "<group>"; };
		13C7058905DC0B6E0C570281 = {isa = PBXFileReference; fileEncoding = 4; lastKnownFileType = sourcecode.cpp.cpp; name = MeshVS_TwoColors.cxx; path = ../../../src/MeshVS/MeshVS_TwoColors.cxx; sourceTree = "<group>"; };
		0E0316AD0E45174003780B92 = {isa = PBXFileReference; fileEncoding = 4; lastKnownFileType = sourcecode.cpp.cpp; name = MeshVS_VectorPrsBuilder.cxx; path = ../../../src/MeshVS/MeshVS_VectorPrsBuilder.cxx; sourceTree = "<group>"; };

		1836089816E106CD074907FE = {isa = PBXFileReference; lastKnownFileType = file; name = libTKV3d.dylib; path = libTKV3d.dylib; sourceTree = "<group>"; };
		14E217E313F8189105940630 = {isa = PBXFileReference; lastKnownFileType = file; name = libTKMath.dylib; path = libTKMath.dylib; sourceTree = "<group>"; };
		00101672009518D6026A089A = {isa = PBXFileReference; lastKnownFileType = file; name = libTKService.dylib; path = libTKService.dylib; sourceTree = "<group>"; };
		171114DD064113630EB3080D = {isa = PBXFileReference; lastKnownFileType = file; name = libTKernel.dylib; path = libTKernel.dylib; sourceTree = "<group>"; };
		047400D0197A096D0688178C = {isa = PBXFileReference; lastKnownFileType = file; name = libTKG3d.dylib; path = libTKG3d.dylib; sourceTree = "<group>"; };
		0AAB08761323176407F707C7 = {isa = PBXFileReference; lastKnownFileType = file; name = libTKG2d.dylib; path = libTKG2d.dylib; sourceTree = "<group>"; };

		01AC08F716E212670DAD03A1 = {
			isa = PBXFrameworksBuildPhase;
			buildActionMask = 2147483647;
			files = (
				0C290638050D0DC913560E45 ,
				0B3A10DC038A1843097B1252 ,
				164C0DC4153F143B01210216 ,
				01310DE5197A0CF109A60645 ,
				01EF058101ED13D201780D80 ,
				02290EE60A9A00CC17581102 ,

			);
			runOnlyForDeploymentPostprocessing = 0;
		};

		06A10C4D157A1494012917D9 = {
			isa = PBXGroup;
			children = (
				003600B60C66022D0CAA0157 ,
				192E0D3503080D8A04CC0127 ,
				0B1601600AD0069618F904C4 ,
				161B0211147F0A280F390B58 ,
				04CD11D915D70E830FF115DC ,
				02C6050A11A30B3B0D4709EC ,
				0C1008681920125B0C62052A ,
				0CF115F41363184716C20534 ,
				0C2C1691089E131C19830500 ,
				18C11658098F099313D108E0 ,
				06B1050412FA0E7C023A102C ,
				0E850DA711BC05F701720D16 ,
				14D0136E0F0E0E8009240BE1 ,
				1166106E1483142A1752166B ,
				05280D3800CB00A3194210A4 ,
				137809D2145D0E2E1908035D ,
				0A540F660B890D8904080F0F ,
				0AB1197C0530094F12130E56 ,
				0F3A144412E70A5D056E1761 ,
				139F17A707F405A3038C0793 ,
				091E071F0F2303A30E2801CD ,
				057D04280A4F197E0AD30D19 ,
				169E041C159E11F4177F004A ,
				13CA0C5E0AFC006B063B0E40 ,
				0C23083E005701A30E3A1301 ,
				194C05CA0D621418114B098C ,
				101B035F1431155C04310962 ,
				0A5F0CB818BC1251027B1335 ,
				198202A40FA4171609E60783 ,
				050911CF04870D79065C0F31 ,
				0E1C050A01891601087A0B54 ,
				02C2125C036F152B0B391702 ,
				0F170AE217F918EC048202B5 ,
				0D7002E50170115405BC0C21 ,
				0ED40A5915F30C0802661392 ,
				0B9C1479193802A406560832 ,
				0F0E0F1E16B21971184F0DC3 ,
				043010C00CBF11E11757080F ,
				0E7813570D0A049514250E05 ,
				12FD190619600CC402C612B9 ,
				001907880FAF11B306CE0E18 ,
				17900A7803E207650B2B1726 ,
				014B10920D11033D0EFD16E0 ,
				14EA00AE008B01F611DC118E ,
				13400F0017CA099811FD1903 ,
				07E0120F061516BB04A41692 ,
				185B05C80C24069E010916AD ,
				12910CBF154D00A30205155F ,
				13850F29140A18E3077E0162 ,
				0E520B400C9416410000069E ,
				106217F5041114FB00CD173D ,
				116407AC0DC0129904FF0910 ,
				0C1E177117BC0E4B0BC5127C ,
				104D195405630C3812A70F8A ,
				09D70C520ED403ED13A407B0 ,
				16C601700AC50AA900800A16 ,
				103010AE15B60CEE06B40F89 ,
				139117900F470CC1058C076D ,
				15E016EE01A201DC1136173A ,
				110D049D171813860C830AAB ,
				095817400701091B16741455 ,
				13C7058905DC0B6E0C570281 ,
				0E0316AD0E45174003780B92 ,
			);
			name = MeshVS;
			sourceTree = "<group>";
		};

		0557173D13EA0E610269154D = {
			isa = PBXGroup;
			children = (
				1836089816E106CD074907FE ,
				14E217E313F8189105940630 ,
				00101672009518D6026A089A ,
				171114DD064113630EB3080D ,
				047400D0197A096D0688178C ,
				0AAB08761323176407F707C7 ,

				103B0D2F0410156C051403DA ,
				02AE063D05640EB30EA80E8B ,
			);
			sourceTree = "<group>";
		};
		103B0D2F0410156C051403DA = {
			isa = PBXGroup;
			children = (
				06A10C4D157A1494012917D9 ,
			);
			name = "Source files";
			sourceTree = "<group>";
		};

		0D380E0C15A10ECC033417ED = {
			isa = PBXHeadersBuildPhase;
			buildActionMask = 2147483647;
			files = (
			);
			runOnlyForDeploymentPostprocessing = 0;
		};

		175509A314870C990C6F0B73 = {
			isa = PBXNativeTarget;
			buildConfigurationList = 030815A413C509600F450392 ;
			buildPhases = (
				17320DEF18A60BDE15CA1495 ,
				01AC08F716E212670DAD03A1 ,
				0D380E0C15A10ECC033417ED ,
			);
			buildRules = (
			);
			dependencies = (
			);
			name = TKMeshVS;
			productName = TKMeshVS;
			productReference = 02AE063D05640EB30EA80E8B ;
			productType = "com.apple.product-type.library.dynamic";
		};

		1418127413940FAF0CBE08E3 = {
			isa = PBXProject;
			attributes = {
				LastUpgradeCheck = 0430;
			};
			buildConfigurationList = 18BC0FF40A5415430FA00E86 ;
			compatibilityVersion = "Xcode 3.2";
			developmentRegion = English;
			hasScannedForEncodings = 0;
			knownRegions = (
				en,
			);
			mainGroup = 0557173D13EA0E610269154D;
			productRefGroup = 0557173D13EA0E610269154D;
			projectDirPath = "";
			projectRoot = "";
			targets = (
				175509A314870C990C6F0B73 ,
			);
		};

		17320DEF18A60BDE15CA1495 = {
			isa = PBXSourcesBuildPhase;
			buildActionMask = 2147483647;
			files = (
				0BA80C85004D0A3604261852 ,
				16AF0CF603C7001D008F1104 ,
				034707770B6C0ABC185306D7 ,
				05970C930331076916A314FE ,
				09BF06240690193B0D3E0326 ,
				0B8204E214DF150710B20ECB ,
				091D155A052A0A7614810E2E ,
				10A312D501BB00DF04430A68 ,
				0AC004410EC90B780FCE00EC ,
				06B400B90A2308DB00AB001E ,
				10910DD905700FA405931297 ,
				050F012909AD09DB19330D37 ,
				105D15CF080C15A50D1B046B ,
				17D700740DDE183500D7185C ,
				15A90423169B008A040E14C2 ,
				13530097014017A11682165A ,
				13A502DF020210AF15A20179 ,
				0AB60C990C6B14D6027905D1 ,
				15ED024609200BE202281164 ,
				11E315D30F5115FD07E20894 ,
				067F092A108B023B0CA50943 ,
				01190C0903500F4E0AB50AB3 ,
				04FE029B186F17620558077A ,
				13C500BA12A2057B05010B76 ,
				126F037500710C7C15710C8A ,
				1226131B0C0E19620C780C57 ,
				033704290AF51681185D11FD ,
				0EBE12DE17010B9306E9183D ,
				158A086E05860D05073317BB ,
				092F10CE01C3126612FF07CD ,
				129A126E0FE8135101BF18E1 ,
				172B11080675036712E60361 ,
				02590A46110D133907F816B2 ,
				0937151802B4002C10220666 ,
				0993041D18F00AE709191536 ,
				07E61984178D034D11391426 ,
				0F680AA0178C183306571119 ,
				0F2C193118D705BE08AC1908 ,
				0FCE025605F5178C0D55087E ,
				14EC0B5A12D8007602711283 ,
				072E0FB60B51119A0CA417D2 ,
				009E0AFB0B32041C16CD0237 ,
				0758193F14C8104C18A20C19 ,
				00390F9115B00CAF06E5159C ,
				02F700B2169B0DDB13EA116A ,
				125B01EB053408A010001903 ,
				02920854058E15DB14650F9F ,
				02A51334157903DB132201F5 ,
				15FF140D1323145200051786 ,
				0E5C0F540DE900ED15820C16 ,
				06DA037F0EAE04BB0C84009A ,
				187D0DD90F9903321837187F ,
				151E11B30C7601B300C40022 ,
				147C047F074D0B13029001B6 ,
				01DC13C30D4A0FAB094F0383 ,
				14260E3A12B60FA90D45046F ,
				149404720D32098D1165152C ,
				0596073C04F7012C12C11834 ,
				03D0065E00FE0B0E0C7116F5 ,
				10F71047186812120B55135F ,
				14AF08B30E680245148F0738 ,
				15090A80118E0AD0197A0B66 ,
				0DAB14190807178C0FF3137B ,

			);
			runOnlyForDeploymentPostprocessing = 0;
		};

		098B0B3713150B431680168A = {
			isa = XCBuildConfiguration;
			buildSettings = {
				ALWAYS_SEARCH_USER_PATHS = NO;
				ARCHS = "$(ARCHS_STANDARD_64_BIT)";
				COPY_PHASE_STRIP = NO;
				GCC_C_LANGUAGE_STANDARD = gnu99;
				GCC_DYNAMIC_NO_PIC = NO;
				GCC_ENABLE_OBJC_EXCEPTIONS = YES;
				GCC_OPTIMIZATION_LEVEL = 0;
				GCC_PREPROCESSOR_DEFINITIONS = (
					"DEBUG=1",
					"$(inherited)",
				);
				GCC_SYMBOLS_PRIVATE_EXTERN = NO;
				GCC_VERSION = com.apple.compilers.llvm.clang.1_0;
				GCC_WARN_64_TO_32_BIT_CONVERSION = YES;
				GCC_WARN_ABOUT_RETURN_TYPE = YES;
				GCC_WARN_UNINITIALIZED_AUTOS = YES;
				GCC_WARN_UNUSED_VARIABLE = YES;
				OTHER_LDFLAGS = "$(CSF_OPT_LNK64)"; 
				ONLY_ACTIVE_ARCH = YES;
			};
			name = Debug;
		};
		01D70DFD095F03F500D7114C = {
			isa = XCBuildConfiguration;
			buildSettings = {
				ALWAYS_SEARCH_USER_PATHS = NO;
				ARCHS = "$(ARCHS_STANDARD_64_BIT)";
				COPY_PHASE_STRIP = YES;
				DEBUG_INFORMATION_FORMAT = "dwarf-with-dsym";
				GCC_C_LANGUAGE_STANDARD = gnu99;
				GCC_ENABLE_OBJC_EXCEPTIONS = YES;
				GCC_VERSION = com.apple.compilers.llvm.clang.1_0;
				GCC_WARN_64_TO_32_BIT_CONVERSION = YES;
				GCC_WARN_ABOUT_RETURN_TYPE = YES;
				GCC_WARN_UNINITIALIZED_AUTOS = YES;
				GCC_WARN_UNUSED_VARIABLE = YES;
				OTHER_LDFLAGS = "$(CSF_OPT_LNK64D)";
			};
			name = Release;
		};
		14180C260DC2146D156E12DA = {
			isa = XCBuildConfiguration;
			buildSettings = {
				EXECUTABLE_EXTENSION = dylib;
				EXECUTABLE_PREFIX = lib;
				GCC_PREPROCESSOR_DEFINITIONS = (
					CSFDB ,
					HAVE_WOK_CONFIG_H ,
					HAVE_CONFIG_H ,
					OCC_CONVERT_SIGNALS ,
				);
				HEADER_SEARCH_PATHS = (
					../../../inc,
					/Users/mnt/tools/WOK671/site/../lib,
					../../../drv/MeshVS,
					../../../src/MeshVS,
					"$(CSF_OPT_INC)",
				);
				OTHER_CFLAGS = (
					"$(CSF_OPT_CMPL)",
				);
				OTHER_CPLUSPLUSFLAGS = (
					"$(OTHER_CFLAGS)",
				);
				PRODUCT_NAME = "$(TARGET_NAME)";
				USER_HEADER_SEARCH_PATHS = " ../../../inc /Users/mnt/tools/WOK671/site/../lib ../../../drv/MeshVS ../../../src/MeshVS";
				WRAPPER_EXTENSION = dylib;
			};
			name = Debug;
		};
		0D770C44153A16440B5908E7 = {
			isa = XCBuildConfiguration;
			buildSettings = {
				EXECUTABLE_EXTENSION = dylib;
				EXECUTABLE_PREFIX = lib;
				GCC_PREPROCESSOR_DEFINITIONS = (
					CSFDB ,
					HAVE_WOK_CONFIG_H ,
					HAVE_CONFIG_H ,
					OCC_CONVERT_SIGNALS ,
				);
				HEADER_SEARCH_PATHS = (
					../../../inc,
					/Users/mnt/tools/WOK671/site/../lib,
					../../../drv/MeshVS,
					../../../src/MeshVS,
					"$(CSF_OPT_INC)",
				);
				OTHER_CFLAGS = (
					"$(CSF_OPT_CMPL)",
				);
				OTHER_CPLUSPLUSFLAGS = (
					"$(OTHER_CFLAGS)",
				);
				PRODUCT_NAME = "$(TARGET_NAME)";
				USER_HEADER_SEARCH_PATHS = " ../../../inc /Users/mnt/tools/WOK671/site/../lib ../../../drv/MeshVS ../../../src/MeshVS";
				WRAPPER_EXTENSION = dylib;
			};
			name = Release;
		};

		18BC0FF40A5415430FA00E86 = {
			isa = XCConfigurationList;
		buildConfigurations = (
				098B0B3713150B431680168A ,
				01D70DFD095F03F500D7114C ,
			);
			defaultConfigurationIsVisible = 0;
			defaultConfigurationName = Release;
		};
		030815A413C509600F450392 = {
			isa = XCConfigurationList;
			buildConfigurations = (
				14180C260DC2146D156E12DA ,
				0D770C44153A16440B5908E7 ,
			);
			defaultConfigurationIsVisible = 0;
			defaultConfigurationName = Release;
		};

	};
	rootObject = 1418127413940FAF0CBE08E3 ;
}
